
Microsoft Visual Studio Solution File, Format Version 12.00
# Visual Studio Version 17
VisualStudioVersion = 17.7.34031.279
MinimumVisualStudioVersion = 10.0.40219.1
Project("{8BC9CEB8-8B4A-11D0-8D11-00A0C91BC942}") = "Bai8", "So2\So2.vcxproj", "{59849949-CA45-491E-A15B-B19D32817329}"
EndProject
Project("{8BC9CEB8-8B4A-11D0-8D11-00A0C91BC942}") = "Bai2", "Bai2\Bai2.vcxproj", "{4FF90CB1-158A-4625-AF85-C8B9BFAD602B}"
EndProject
Project("{8BC9CEB8-8B4A-11D0-8D11-00A0C91BC942}") = "bai14", "bai14\bai14.vcxproj", "{2879702B-8B89-4C9D-9D15-2AE1CEECA4B3}"
EndProject
Project("{8BC9CEB8-8B4A-11D0-8D11-00A0C91BC942}") = "bai20", "bai20\bai20.vcxproj", "{DEA5CBDA-1F55-4B93-A9FD-D99CA842EBD0}"
EndProject
Project("{8BC9CEB8-8B4A-11D0-8D11-00A0C91BC942}") = "bai26", "bai26\bai26.vcxproj", "{032F2F9F-FC02-4673-AF24-09522A451015}"
EndProject
Project("{8BC9CEB8-8B4A-11D0-8D11-00A0C91BC942}") = "bai32", "bai32\bai32.vcxproj", "{20A215A9-DCEE-46E7-9E42-BCB361E65C75}"
EndProject
Project("{8BC9CEB8-8B4A-11D0-8D11-00A0C91BC942}") = "bai38", "bai38\bai38.vcxproj", "{E7734902-0CCC-483D-8989-DC4DE1FFC15C}"
EndProject
Project("{8BC9CEB8-8B4A-11D0-8D11-00A0C91BC942}") = "bai44", "bai44\bai44.vcxproj", "{B01309E1-3139-4740-B29B-E404F3E2BF58}"
EndProject
Project("{8BC9CEB8-8B4A-11D0-8D11-00A0C91BC942}") = "bai50", "bai50\bai50.vcxproj", "{7C0D9BBA-D477-4FAE-A696-28998F9C61D2}"
EndProject
Project("{8BC9CEB8-8B4A-11D0-8D11-00A0C91BC942}") = "bai56", "bai56\bai56.vcxproj", "{59B7B9C6-E915-409B-A61B-B5776113A3FF}"
EndProject
Project("{8BC9CEB8-8B4A-11D0-8D11-00A0C91BC942}") = "bai62", "bai62\bai62.vcxproj", "{88991E81-4951-4BD5-A8DA-46D4E5B38BD3}"
EndProject
Project("{8BC9CEB8-8B4A-11D0-8D11-00A0C91BC942}") = "bai68", "bai68\bai68.vcxproj", "{80C0E112-5E89-47C9-8BBF-BF60666178E6}"
EndProject
Project("{8BC9CEB8-8B4A-11D0-8D11-00A0C91BC942}") = "bai74", "bai74\bai74.vcxproj", "{0509E640-6BB9-4457-B082-E3041095F71A}"
EndProject
Project("{8BC9CEB8-8B4A-11D0-8D11-00A0C91BC942}") = "bai80", "bai80\bai80.vcxproj", "{FB1C0696-D899-497A-BCCB-912781522C0A}"
EndProject
Project("{8BC9CEB8-8B4A-11D0-8D11-00A0C91BC942}") = "bai86", "bai86\bai86.vcxproj", "{8DEE0C19-0152-46BB-8FFB-99E58F343EFF}"
EndProject
Project("{8BC9CEB8-8B4A-11D0-8D11-00A0C91BC942}") = "bai92", "bai92\bai92.vcxproj", "{B1F88617-08F4-475D-AFB8-32FC607BC7C4}"
EndProject
Project("{8BC9CEB8-8B4A-11D0-8D11-00A0C91BC942}") = "bai98", "bai98\bai98.vcxproj", "{58E56D7B-85B2-450E-BB05-FC7AF41E7DB2}"
EndProject
Project("{8BC9CEB8-8B4A-11D0-8D11-00A0C91BC942}") = "bai104", "bai104\bai104.vcxproj", "{FD3D7302-7BD5-4E1A-939D-6843FD1BEFEF}"
EndProject
Project("{8BC9CEB8-8B4A-11D0-8D11-00A0C91BC942}") = "bai110", "bai110\bai110.vcxproj", "{F12E8FEB-17DB-4174-8AE9-D34399FBE545}"
EndProject
Project("{8BC9CEB8-8B4A-11D0-8D11-00A0C91BC942}") = "bai116", "bai116\bai116.vcxproj", "{7D8DA64D-926C-4183-8431-9F4B8098D6B0}"
EndProject
Project("{8BC9CEB8-8B4A-11D0-8D11-00A0C91BC942}") = "bai122", "bai122\bai122.vcxproj", "{6786BE72-D340-441D-81DC-393E3E6E6FDA}"
EndProject
Project("{8BC9CEB8-8B4A-11D0-8D11-00A0C91BC942}") = "bai128", "bai128\bai128.vcxproj", "{3568299F-C74B-4D63-B5F6-7A41CEC75A29}"
EndProject
Project("{8BC9CEB8-8B4A-11D0-8D11-00A0C91BC942}") = "bai134", "bai134\bai134.vcxproj", "{FAA14AC2-B5D4-4A3F-919E-F3941E108F40}"
EndProject
Project("{8BC9CEB8-8B4A-11D0-8D11-00A0C91BC942}") = "bai140", "bai140\bai140.vcxproj", "{7555B132-AC50-4C44-A1F9-29E33F458768}"
EndProject
Project("{8BC9CEB8-8B4A-11D0-8D11-00A0C91BC942}") = "bai146", "bai146\bai146.vcxproj", "{E60E5582-402C-436F-972F-89499BAC00D4}"
EndProject
Project("{8BC9CEB8-8B4A-11D0-8D11-00A0C91BC942}") = "bai152", "bai152\bai152.vcxproj", "{1D669672-7A50-4A9D-AD74-7B9F77CF70E0}"
EndProject
Project("{8BC9CEB8-8B4A-11D0-8D11-00A0C91BC942}") = "bai158", "bai158\bai158.vcxproj", "{1E0C6379-BA7B-4694-B95D-97BAA700B64B}"
EndProject
Project("{8BC9CEB8-8B4A-11D0-8D11-00A0C91BC942}") = "bai164", "bai164\bai164.vcxproj", "{2CBCDAF2-E421-4489-AAE2-62F3A88C80E5}"
EndProject
Project("{8BC9CEB8-8B4A-11D0-8D11-00A0C91BC942}") = "bai170", "bai170\bai170.vcxproj", "{91E74D25-D9B8-4BF8-8847-CA7893347EBF}"
EndProject
Project("{8BC9CEB8-8B4A-11D0-8D11-00A0C91BC942}") = "bai176", "bai176\bai176.vcxproj", "{9BE761B8-F400-4693-8D6B-FC21B2E4759F}"
EndProject
Project("{8BC9CEB8-8B4A-11D0-8D11-00A0C91BC942}") = "bai182", "bai182\bai182.vcxproj", "{AEF3C84E-FF7F-4924-B74A-24B286289E8B}"
EndProject
Project("{8BC9CEB8-8B4A-11D0-8D11-00A0C91BC942}") = "bai188", "bai188\bai188.vcxproj", "{57857D39-B60A-4BBA-92A0-877B76AD8BC5}"
EndProject
Project("{8BC9CEB8-8B4A-11D0-8D11-00A0C91BC942}") = "bai194", "bai194\bai194.vcxproj", "{5E344886-9DBC-4989-9E46-A3FF60434A85}"
EndProject
Global
	GlobalSection(SolutionConfigurationPlatforms) = preSolution
		Debug|x64 = Debug|x64
		Debug|x86 = Debug|x86
		Release|x64 = Release|x64
		Release|x86 = Release|x86
	EndGlobalSection
	GlobalSection(ProjectConfigurationPlatforms) = postSolution
		{59849949-CA45-491E-A15B-B19D32817329}.Debug|x64.ActiveCfg = Debug|x64
		{59849949-CA45-491E-A15B-B19D32817329}.Debug|x64.Build.0 = Debug|x64
		{59849949-CA45-491E-A15B-B19D32817329}.Debug|x86.ActiveCfg = Debug|Win32
		{59849949-CA45-491E-A15B-B19D32817329}.Debug|x86.Build.0 = Debug|Win32
		{59849949-CA45-491E-A15B-B19D32817329}.Release|x64.ActiveCfg = Release|x64
		{59849949-CA45-491E-A15B-B19D32817329}.Release|x64.Build.0 = Release|x64
		{59849949-CA45-491E-A15B-B19D32817329}.Release|x86.ActiveCfg = Release|Win32
		{59849949-CA45-491E-A15B-B19D32817329}.Release|x86.Build.0 = Release|Win32
		{4FF90CB1-158A-4625-AF85-C8B9BFAD602B}.Debug|x64.ActiveCfg = Debug|x64
		{4FF90CB1-158A-4625-AF85-C8B9BFAD602B}.Debug|x64.Build.0 = Debug|x64
		{4FF90CB1-158A-4625-AF85-C8B9BFAD602B}.Debug|x86.ActiveCfg = Debug|Win32
		{4FF90CB1-158A-4625-AF85-C8B9BFAD602B}.Debug|x86.Build.0 = Debug|Win32
		{4FF90CB1-158A-4625-AF85-C8B9BFAD602B}.Release|x64.ActiveCfg = Release|x64
		{4FF90CB1-158A-4625-AF85-C8B9BFAD602B}.Release|x64.Build.0 = Release|x64
		{4FF90CB1-158A-4625-AF85-C8B9BFAD602B}.Release|x86.ActiveCfg = Release|Win32
		{4FF90CB1-158A-4625-AF85-C8B9BFAD602B}.Release|x86.Build.0 = Release|Win32
		{2879702B-8B89-4C9D-9D15-2AE1CEECA4B3}.Debug|x64.ActiveCfg = Debug|x64
		{2879702B-8B89-4C9D-9D15-2AE1CEECA4B3}.Debug|x64.Build.0 = Debug|x64
		{2879702B-8B89-4C9D-9D15-2AE1CEECA4B3}.Debug|x86.ActiveCfg = Debug|Win32
		{2879702B-8B89-4C9D-9D15-2AE1CEECA4B3}.Debug|x86.Build.0 = Debug|Win32
		{2879702B-8B89-4C9D-9D15-2AE1CEECA4B3}.Release|x64.ActiveCfg = Release|x64
		{2879702B-8B89-4C9D-9D15-2AE1CEECA4B3}.Release|x64.Build.0 = Release|x64
		{2879702B-8B89-4C9D-9D15-2AE1CEECA4B3}.Release|x86.ActiveCfg = Release|Win32
		{2879702B-8B89-4C9D-9D15-2AE1CEECA4B3}.Release|x86.Build.0 = Release|Win32
		{DEA5CBDA-1F55-4B93-A9FD-D99CA842EBD0}.Debug|x64.ActiveCfg = Debug|x64
		{DEA5CBDA-1F55-4B93-A9FD-D99CA842EBD0}.Debug|x64.Build.0 = Debug|x64
		{DEA5CBDA-1F55-4B93-A9FD-D99CA842EBD0}.Debug|x86.ActiveCfg = Debug|Win32
		{DEA5CBDA-1F55-4B93-A9FD-D99CA842EBD0}.Debug|x86.Build.0 = Debug|Win32
		{DEA5CBDA-1F55-4B93-A9FD-D99CA842EBD0}.Release|x64.ActiveCfg = Release|x64
		{DEA5CBDA-1F55-4B93-A9FD-D99CA842EBD0}.Release|x64.Build.0 = Release|x64
		{DEA5CBDA-1F55-4B93-A9FD-D99CA842EBD0}.Release|x86.ActiveCfg = Release|Win32
		{DEA5CBDA-1F55-4B93-A9FD-D99CA842EBD0}.Release|x86.Build.0 = Release|Win32
		{032F2F9F-FC02-4673-AF24-09522A451015}.Debug|x64.ActiveCfg = Debug|x64
		{032F2F9F-FC02-4673-AF24-09522A451015}.Debug|x64.Build.0 = Debug|x64
		{032F2F9F-FC02-4673-AF24-09522A451015}.Debug|x86.ActiveCfg = Debug|Win32
		{032F2F9F-FC02-4673-AF24-09522A451015}.Debug|x86.Build.0 = Debug|Win32
		{032F2F9F-FC02-4673-AF24-09522A451015}.Release|x64.ActiveCfg = Release|x64
		{032F2F9F-FC02-4673-AF24-09522A451015}.Release|x64.Build.0 = Release|x64
		{032F2F9F-FC02-4673-AF24-09522A451015}.Release|x86.ActiveCfg = Release|Win32
		{032F2F9F-FC02-4673-AF24-09522A451015}.Release|x86.Build.0 = Release|Win32
		{20A215A9-DCEE-46E7-9E42-BCB361E65C75}.Debug|x64.ActiveCfg = Debug|x64
		{20A215A9-DCEE-46E7-9E42-BCB361E65C75}.Debug|x64.Build.0 = Debug|x64
		{20A215A9-DCEE-46E7-9E42-BCB361E65C75}.Debug|x86.ActiveCfg = Debug|Win32
		{20A215A9-DCEE-46E7-9E42-BCB361E65C75}.Debug|x86.Build.0 = Debug|Win32
		{20A215A9-DCEE-46E7-9E42-BCB361E65C75}.Release|x64.ActiveCfg = Release|x64
		{20A215A9-DCEE-46E7-9E42-BCB361E65C75}.Release|x64.Build.0 = Release|x64
		{20A215A9-DCEE-46E7-9E42-BCB361E65C75}.Release|x86.ActiveCfg = Release|Win32
		{20A215A9-DCEE-46E7-9E42-BCB361E65C75}.Release|x86.Build.0 = Release|Win32
		{E7734902-0CCC-483D-8989-DC4DE1FFC15C}.Debug|x64.ActiveCfg = Debug|x64
		{E7734902-0CCC-483D-8989-DC4DE1FFC15C}.Debug|x64.Build.0 = Debug|x64
		{E7734902-0CCC-483D-8989-DC4DE1FFC15C}.Debug|x86.ActiveCfg = Debug|Win32
		{E7734902-0CCC-483D-8989-DC4DE1FFC15C}.Debug|x86.Build.0 = Debug|Win32
		{E7734902-0CCC-483D-8989-DC4DE1FFC15C}.Release|x64.ActiveCfg = Release|x64
		{E7734902-0CCC-483D-8989-DC4DE1FFC15C}.Release|x64.Build.0 = Release|x64
		{E7734902-0CCC-483D-8989-DC4DE1FFC15C}.Release|x86.ActiveCfg = Release|Win32
		{E7734902-0CCC-483D-8989-DC4DE1FFC15C}.Release|x86.Build.0 = Release|Win32
		{B01309E1-3139-4740-B29B-E404F3E2BF58}.Debug|x64.ActiveCfg = Debug|x64
		{B01309E1-3139-4740-B29B-E404F3E2BF58}.Debug|x64.Build.0 = Debug|x64
		{B01309E1-3139-4740-B29B-E404F3E2BF58}.Debug|x86.ActiveCfg = Debug|Win32
		{B01309E1-3139-4740-B29B-E404F3E2BF58}.Debug|x86.Build.0 = Debug|Win32
		{B01309E1-3139-4740-B29B-E404F3E2BF58}.Release|x64.ActiveCfg = Release|x64
		{B01309E1-3139-4740-B29B-E404F3E2BF58}.Release|x64.Build.0 = Release|x64
		{B01309E1-3139-4740-B29B-E404F3E2BF58}.Release|x86.ActiveCfg = Release|Win32
		{B01309E1-3139-4740-B29B-E404F3E2BF58}.Release|x86.Build.0 = Release|Win32
		{7C0D9BBA-D477-4FAE-A696-28998F9C61D2}.Debug|x64.ActiveCfg = Debug|x64
		{7C0D9BBA-D477-4FAE-A696-28998F9C61D2}.Debug|x64.Build.0 = Debug|x64
		{7C0D9BBA-D477-4FAE-A696-28998F9C61D2}.Debug|x86.ActiveCfg = Debug|Win32
		{7C0D9BBA-D477-4FAE-A696-28998F9C61D2}.Debug|x86.Build.0 = Debug|Win32
		{7C0D9BBA-D477-4FAE-A696-28998F9C61D2}.Release|x64.ActiveCfg = Release|x64
		{7C0D9BBA-D477-4FAE-A696-28998F9C61D2}.Release|x64.Build.0 = Release|x64
		{7C0D9BBA-D477-4FAE-A696-28998F9C61D2}.Release|x86.ActiveCfg = Release|Win32
		{7C0D9BBA-D477-4FAE-A696-28998F9C61D2}.Release|x86.Build.0 = Release|Win32
		{59B7B9C6-E915-409B-A61B-B5776113A3FF}.Debug|x64.ActiveCfg = Debug|x64
		{59B7B9C6-E915-409B-A61B-B5776113A3FF}.Debug|x64.Build.0 = Debug|x64
		{59B7B9C6-E915-409B-A61B-B5776113A3FF}.Debug|x86.ActiveCfg = Debug|Win32
		{59B7B9C6-E915-409B-A61B-B5776113A3FF}.Debug|x86.Build.0 = Debug|Win32
		{59B7B9C6-E915-409B-A61B-B5776113A3FF}.Release|x64.ActiveCfg = Release|x64
		{59B7B9C6-E915-409B-A61B-B5776113A3FF}.Release|x64.Build.0 = Release|x64
		{59B7B9C6-E915-409B-A61B-B5776113A3FF}.Release|x86.ActiveCfg = Release|Win32
		{59B7B9C6-E915-409B-A61B-B5776113A3FF}.Release|x86.Build.0 = Release|Win32
		{88991E81-4951-4BD5-A8DA-46D4E5B38BD3}.Debug|x64.ActiveCfg = Debug|x64
		{88991E81-4951-4BD5-A8DA-46D4E5B38BD3}.Debug|x64.Build.0 = Debug|x64
		{88991E81-4951-4BD5-A8DA-46D4E5B38BD3}.Debug|x86.ActiveCfg = Debug|Win32
		{88991E81-4951-4BD5-A8DA-46D4E5B38BD3}.Debug|x86.Build.0 = Debug|Win32
		{88991E81-4951-4BD5-A8DA-46D4E5B38BD3}.Release|x64.ActiveCfg = Release|x64
		{88991E81-4951-4BD5-A8DA-46D4E5B38BD3}.Release|x64.Build.0 = Release|x64
		{88991E81-4951-4BD5-A8DA-46D4E5B38BD3}.Release|x86.ActiveCfg = Release|Win32
		{88991E81-4951-4BD5-A8DA-46D4E5B38BD3}.Release|x86.Build.0 = Release|Win32
		{80C0E112-5E89-47C9-8BBF-BF60666178E6}.Debug|x64.ActiveCfg = Debug|x64
		{80C0E112-5E89-47C9-8BBF-BF60666178E6}.Debug|x64.Build.0 = Debug|x64
		{80C0E112-5E89-47C9-8BBF-BF60666178E6}.Debug|x86.ActiveCfg = Debug|Win32
		{80C0E112-5E89-47C9-8BBF-BF60666178E6}.Debug|x86.Build.0 = Debug|Win32
		{80C0E112-5E89-47C9-8BBF-BF60666178E6}.Release|x64.ActiveCfg = Release|x64
		{80C0E112-5E89-47C9-8BBF-BF60666178E6}.Release|x64.Build.0 = Release|x64
		{80C0E112-5E89-47C9-8BBF-BF60666178E6}.Release|x86.ActiveCfg = Release|Win32
		{80C0E112-5E89-47C9-8BBF-BF60666178E6}.Release|x86.Build.0 = Release|Win32
		{0509E640-6BB9-4457-B082-E3041095F71A}.Debug|x64.ActiveCfg = Debug|x64
		{0509E640-6BB9-4457-B082-E3041095F71A}.Debug|x64.Build.0 = Debug|x64
		{0509E640-6BB9-4457-B082-E3041095F71A}.Debug|x86.ActiveCfg = Debug|Win32
		{0509E640-6BB9-4457-B082-E3041095F71A}.Debug|x86.Build.0 = Debug|Win32
		{0509E640-6BB9-4457-B082-E3041095F71A}.Release|x64.ActiveCfg = Release|x64
		{0509E640-6BB9-4457-B082-E3041095F71A}.Release|x64.Build.0 = Release|x64
		{0509E640-6BB9-4457-B082-E3041095F71A}.Release|x86.ActiveCfg = Release|Win32
		{0509E640-6BB9-4457-B082-E3041095F71A}.Release|x86.Build.0 = Release|Win32
		{FB1C0696-D899-497A-BCCB-912781522C0A}.Debug|x64.ActiveCfg = Debug|x64
		{FB1C0696-D899-497A-BCCB-912781522C0A}.Debug|x64.Build.0 = Debug|x64
		{FB1C0696-D899-497A-BCCB-912781522C0A}.Debug|x86.ActiveCfg = Debug|Win32
		{FB1C0696-D899-497A-BCCB-912781522C0A}.Debug|x86.Build.0 = Debug|Win32
		{FB1C0696-D899-497A-BCCB-912781522C0A}.Release|x64.ActiveCfg = Release|x64
		{FB1C0696-D899-497A-BCCB-912781522C0A}.Release|x64.Build.0 = Release|x64
		{FB1C0696-D899-497A-BCCB-912781522C0A}.Release|x86.ActiveCfg = Release|Win32
		{FB1C0696-D899-497A-BCCB-912781522C0A}.Release|x86.Build.0 = Release|Win32
		{8DEE0C19-0152-46BB-8FFB-99E58F343EFF}.Debug|x64.ActiveCfg = Debug|x64
		{8DEE0C19-0152-46BB-8FFB-99E58F343EFF}.Debug|x64.Build.0 = Debug|x64
		{8DEE0C19-0152-46BB-8FFB-99E58F343EFF}.Debug|x86.ActiveCfg = Debug|Win32
		{8DEE0C19-0152-46BB-8FFB-99E58F343EFF}.Debug|x86.Build.0 = Debug|Win32
		{8DEE0C19-0152-46BB-8FFB-99E58F343EFF}.Release|x64.ActiveCfg = Release|x64
		{8DEE0C19-0152-46BB-8FFB-99E58F343EFF}.Release|x64.Build.0 = Release|x64
		{8DEE0C19-0152-46BB-8FFB-99E58F343EFF}.Release|x86.ActiveCfg = Release|Win32
		{8DEE0C19-0152-46BB-8FFB-99E58F343EFF}.Release|x86.Build.0 = Release|Win32
		{B1F88617-08F4-475D-AFB8-32FC607BC7C4}.Debug|x64.ActiveCfg = Debug|x64
		{B1F88617-08F4-475D-AFB8-32FC607BC7C4}.Debug|x64.Build.0 = Debug|x64
		{B1F88617-08F4-475D-AFB8-32FC607BC7C4}.Debug|x86.ActiveCfg = Debug|Win32
		{B1F88617-08F4-475D-AFB8-32FC607BC7C4}.Debug|x86.Build.0 = Debug|Win32
		{B1F88617-08F4-475D-AFB8-32FC607BC7C4}.Release|x64.ActiveCfg = Release|x64
		{B1F88617-08F4-475D-AFB8-32FC607BC7C4}.Release|x64.Build.0 = Release|x64
		{B1F88617-08F4-475D-AFB8-32FC607BC7C4}.Release|x86.ActiveCfg = Release|Win32
		{B1F88617-08F4-475D-AFB8-32FC607BC7C4}.Release|x86.Build.0 = Release|Win32
		{58E56D7B-85B2-450E-BB05-FC7AF41E7DB2}.Debug|x64.ActiveCfg = Debug|x64
		{58E56D7B-85B2-450E-BB05-FC7AF41E7DB2}.Debug|x64.Build.0 = Debug|x64
		{58E56D7B-85B2-450E-BB05-FC7AF41E7DB2}.Debug|x86.ActiveCfg = Debug|Win32
		{58E56D7B-85B2-450E-BB05-FC7AF41E7DB2}.Debug|x86.Build.0 = Debug|Win32
		{58E56D7B-85B2-450E-BB05-FC7AF41E7DB2}.Release|x64.ActiveCfg = Release|x64
		{58E56D7B-85B2-450E-BB05-FC7AF41E7DB2}.Release|x64.Build.0 = Release|x64
		{58E56D7B-85B2-450E-BB05-FC7AF41E7DB2}.Release|x86.ActiveCfg = Release|Win32
		{58E56D7B-85B2-450E-BB05-FC7AF41E7DB2}.Release|x86.Build.0 = Release|Win32
		{FD3D7302-7BD5-4E1A-939D-6843FD1BEFEF}.Debug|x64.ActiveCfg = Debug|x64
		{FD3D7302-7BD5-4E1A-939D-6843FD1BEFEF}.Debug|x64.Build.0 = Debug|x64
		{FD3D7302-7BD5-4E1A-939D-6843FD1BEFEF}.Debug|x86.ActiveCfg = Debug|Win32
		{FD3D7302-7BD5-4E1A-939D-6843FD1BEFEF}.Debug|x86.Build.0 = Debug|Win32
		{FD3D7302-7BD5-4E1A-939D-6843FD1BEFEF}.Release|x64.ActiveCfg = Release|x64
		{FD3D7302-7BD5-4E1A-939D-6843FD1BEFEF}.Release|x64.Build.0 = Release|x64
		{FD3D7302-7BD5-4E1A-939D-6843FD1BEFEF}.Release|x86.ActiveCfg = Release|Win32
		{FD3D7302-7BD5-4E1A-939D-6843FD1BEFEF}.Release|x86.Build.0 = Release|Win32
		{F12E8FEB-17DB-4174-8AE9-D34399FBE545}.Debug|x64.ActiveCfg = Debug|x64
		{F12E8FEB-17DB-4174-8AE9-D34399FBE545}.Debug|x64.Build.0 = Debug|x64
		{F12E8FEB-17DB-4174-8AE9-D34399FBE545}.Debug|x86.ActiveCfg = Debug|Win32
		{F12E8FEB-17DB-4174-8AE9-D34399FBE545}.Debug|x86.Build.0 = Debug|Win32
		{F12E8FEB-17DB-4174-8AE9-D34399FBE545}.Release|x64.ActiveCfg = Release|x64
		{F12E8FEB-17DB-4174-8AE9-D34399FBE545}.Release|x64.Build.0 = Release|x64
		{F12E8FEB-17DB-4174-8AE9-D34399FBE545}.Release|x86.ActiveCfg = Release|Win32
		{F12E8FEB-17DB-4174-8AE9-D34399FBE545}.Release|x86.Build.0 = Release|Win32
		{7D8DA64D-926C-4183-8431-9F4B8098D6B0}.Debug|x64.ActiveCfg = Debug|x64
		{7D8DA64D-926C-4183-8431-9F4B8098D6B0}.Debug|x64.Build.0 = Debug|x64
		{7D8DA64D-926C-4183-8431-9F4B8098D6B0}.Debug|x86.ActiveCfg = Debug|Win32
		{7D8DA64D-926C-4183-8431-9F4B8098D6B0}.Debug|x86.Build.0 = Debug|Win32
		{7D8DA64D-926C-4183-8431-9F4B8098D6B0}.Release|x64.ActiveCfg = Release|x64
		{7D8DA64D-926C-4183-8431-9F4B8098D6B0}.Release|x64.Build.0 = Release|x64
		{7D8DA64D-926C-4183-8431-9F4B8098D6B0}.Release|x86.ActiveCfg = Release|Win32
		{7D8DA64D-926C-4183-8431-9F4B8098D6B0}.Release|x86.Build.0 = Release|Win32
		{6786BE72-D340-441D-81DC-393E3E6E6FDA}.Debug|x64.ActiveCfg = Debug|x64
		{6786BE72-D340-441D-81DC-393E3E6E6FDA}.Debug|x64.Build.0 = Debug|x64
		{6786BE72-D340-441D-81DC-393E3E6E6FDA}.Debug|x86.ActiveCfg = Debug|Win32
		{6786BE72-D340-441D-81DC-393E3E6E6FDA}.Debug|x86.Build.0 = Debug|Win32
		{6786BE72-D340-441D-81DC-393E3E6E6FDA}.Release|x64.ActiveCfg = Release|x64
		{6786BE72-D340-441D-81DC-393E3E6E6FDA}.Release|x64.Build.0 = Release|x64
		{6786BE72-D340-441D-81DC-393E3E6E6FDA}.Release|x86.ActiveCfg = Release|Win32
		{6786BE72-D340-441D-81DC-393E3E6E6FDA}.Release|x86.Build.0 = Release|Win32
		{3568299F-C74B-4D63-B5F6-7A41CEC75A29}.Debug|x64.ActiveCfg = Debug|x64
		{3568299F-C74B-4D63-B5F6-7A41CEC75A29}.Debug|x64.Build.0 = Debug|x64
		{3568299F-C74B-4D63-B5F6-7A41CEC75A29}.Debug|x86.ActiveCfg = Debug|Win32
		{3568299F-C74B-4D63-B5F6-7A41CEC75A29}.Debug|x86.Build.0 = Debug|Win32
		{3568299F-C74B-4D63-B5F6-7A41CEC75A29}.Release|x64.ActiveCfg = Release|x64
		{3568299F-C74B-4D63-B5F6-7A41CEC75A29}.Release|x64.Build.0 = Release|x64
		{3568299F-C74B-4D63-B5F6-7A41CEC75A29}.Release|x86.ActiveCfg = Release|Win32
		{3568299F-C74B-4D63-B5F6-7A41CEC75A29}.Release|x86.Build.0 = Release|Win32
		{FAA14AC2-B5D4-4A3F-919E-F3941E108F40}.Debug|x64.ActiveCfg = Debug|x64
		{FAA14AC2-B5D4-4A3F-919E-F3941E108F40}.Debug|x64.Build.0 = Debug|x64
		{FAA14AC2-B5D4-4A3F-919E-F3941E108F40}.Debug|x86.ActiveCfg = Debug|Win32
		{FAA14AC2-B5D4-4A3F-919E-F3941E108F40}.Debug|x86.Build.0 = Debug|Win32
		{FAA14AC2-B5D4-4A3F-919E-F3941E108F40}.Release|x64.ActiveCfg = Release|x64
		{FAA14AC2-B5D4-4A3F-919E-F3941E108F40}.Release|x64.Build.0 = Release|x64
		{FAA14AC2-B5D4-4A3F-919E-F3941E108F40}.Release|x86.ActiveCfg = Release|Win32
		{FAA14AC2-B5D4-4A3F-919E-F3941E108F40}.Release|x86.Build.0 = Release|Win32
		{7555B132-AC50-4C44-A1F9-29E33F458768}.Debug|x64.ActiveCfg = Debug|x64
		{7555B132-AC50-4C44-A1F9-29E33F458768}.Debug|x64.Build.0 = Debug|x64
		{7555B132-AC50-4C44-A1F9-29E33F458768}.Debug|x86.ActiveCfg = Debug|Win32
		{7555B132-AC50-4C44-A1F9-29E33F458768}.Debug|x86.Build.0 = Debug|Win32
		{7555B132-AC50-4C44-A1F9-29E33F458768}.Release|x64.ActiveCfg = Release|x64
		{7555B132-AC50-4C44-A1F9-29E33F458768}.Release|x64.Build.0 = Release|x64
		{7555B132-AC50-4C44-A1F9-29E33F458768}.Release|x86.ActiveCfg = Release|Win32
		{7555B132-AC50-4C44-A1F9-29E33F458768}.Release|x86.Build.0 = Release|Win32
		{E60E5582-402C-436F-972F-89499BAC00D4}.Debug|x64.ActiveCfg = Debug|x64
		{E60E5582-402C-436F-972F-89499BAC00D4}.Debug|x64.Build.0 = Debug|x64
		{E60E5582-402C-436F-972F-89499BAC00D4}.Debug|x86.ActiveCfg = Debug|Win32
		{E60E5582-402C-436F-972F-89499BAC00D4}.Debug|x86.Build.0 = Debug|Win32
		{E60E5582-402C-436F-972F-89499BAC00D4}.Release|x64.ActiveCfg = Release|x64
		{E60E5582-402C-436F-972F-89499BAC00D4}.Release|x64.Build.0 = Release|x64
		{E60E5582-402C-436F-972F-89499BAC00D4}.Release|x86.ActiveCfg = Release|Win32
		{E60E5582-402C-436F-972F-89499BAC00D4}.Release|x86.Build.0 = Release|Win32
		{1D669672-7A50-4A9D-AD74-7B9F77CF70E0}.Debug|x64.ActiveCfg = Debug|x64
		{1D669672-7A50-4A9D-AD74-7B9F77CF70E0}.Debug|x64.Build.0 = Debug|x64
		{1D669672-7A50-4A9D-AD74-7B9F77CF70E0}.Debug|x86.ActiveCfg = Debug|Win32
		{1D669672-7A50-4A9D-AD74-7B9F77CF70E0}.Debug|x86.Build.0 = Debug|Win32
		{1D669672-7A50-4A9D-AD74-7B9F77CF70E0}.Release|x64.ActiveCfg = Release|x64
		{1D669672-7A50-4A9D-AD74-7B9F77CF70E0}.Release|x64.Build.0 = Release|x64
		{1D669672-7A50-4A9D-AD74-7B9F77CF70E0}.Release|x86.ActiveCfg = Release|Win32
		{1D669672-7A50-4A9D-AD74-7B9F77CF70E0}.Release|x86.Build.0 = Release|Win32
		{1E0C6379-BA7B-4694-B95D-97BAA700B64B}.Debug|x64.ActiveCfg = Debug|x64
		{1E0C6379-BA7B-4694-B95D-97BAA700B64B}.Debug|x64.Build.0 = Debug|x64
		{1E0C6379-BA7B-4694-B95D-97BAA700B64B}.Debug|x86.ActiveCfg = Debug|Win32
		{1E0C6379-BA7B-4694-B95D-97BAA700B64B}.Debug|x86.Build.0 = Debug|Win32
		{1E0C6379-BA7B-4694-B95D-97BAA700B64B}.Release|x64.ActiveCfg = Release|x64
		{1E0C6379-BA7B-4694-B95D-97BAA700B64B}.Release|x64.Build.0 = Release|x64
		{1E0C6379-BA7B-4694-B95D-97BAA700B64B}.Release|x86.ActiveCfg = Release|Win32
		{1E0C6379-BA7B-4694-B95D-97BAA700B64B}.Release|x86.Build.0 = Release|Win32
		{2CBCDAF2-E421-4489-AAE2-62F3A88C80E5}.Debug|x64.ActiveCfg = Debug|x64
		{2CBCDAF2-E421-4489-AAE2-62F3A88C80E5}.Debug|x64.Build.0 = Debug|x64
		{2CBCDAF2-E421-4489-AAE2-62F3A88C80E5}.Debug|x86.ActiveCfg = Debug|Win32
		{2CBCDAF2-E421-4489-AAE2-62F3A88C80E5}.Debug|x86.Build.0 = Debug|Win32
		{2CBCDAF2-E421-4489-AAE2-62F3A88C80E5}.Release|x64.ActiveCfg = Release|x64
		{2CBCDAF2-E421-4489-AAE2-62F3A88C80E5}.Release|x64.Build.0 = Release|x64
		{2CBCDAF2-E421-4489-AAE2-62F3A88C80E5}.Release|x86.ActiveCfg = Release|Win32
		{2CBCDAF2-E421-4489-AAE2-62F3A88C80E5}.Release|x86.Build.0 = Release|Win32
		{91E74D25-D9B8-4BF8-8847-CA7893347EBF}.Debug|x64.ActiveCfg = Debug|x64
		{91E74D25-D9B8-4BF8-8847-CA7893347EBF}.Debug|x64.Build.0 = Debug|x64
		{91E74D25-D9B8-4BF8-8847-CA7893347EBF}.Debug|x86.ActiveCfg = Debug|Win32
		{91E74D25-D9B8-4BF8-8847-CA7893347EBF}.Debug|x86.Build.0 = Debug|Win32
		{91E74D25-D9B8-4BF8-8847-CA7893347EBF}.Release|x64.ActiveCfg = Release|x64
		{91E74D25-D9B8-4BF8-8847-CA7893347EBF}.Release|x64.Build.0 = Release|x64
		{91E74D25-D9B8-4BF8-8847-CA7893347EBF}.Release|x86.ActiveCfg = Release|Win32
		{91E74D25-D9B8-4BF8-8847-CA7893347EBF}.Release|x86.Build.0 = Release|Win32
		{9BE761B8-F400-4693-8D6B-FC21B2E4759F}.Debug|x64.ActiveCfg = Debug|x64
		{9BE761B8-F400-4693-8D6B-FC21B2E4759F}.Debug|x64.Build.0 = Debug|x64
		{9BE761B8-F400-4693-8D6B-FC21B2E4759F}.Debug|x86.ActiveCfg = Debug|Win32
		{9BE761B8-F400-4693-8D6B-FC21B2E4759F}.Debug|x86.Build.0 = Debug|Win32
		{9BE761B8-F400-4693-8D6B-FC21B2E4759F}.Release|x64.ActiveCfg = Release|x64
		{9BE761B8-F400-4693-8D6B-FC21B2E4759F}.Release|x64.Build.0 = Release|x64
		{9BE761B8-F400-4693-8D6B-FC21B2E4759F}.Release|x86.ActiveCfg = Release|Win32
		{9BE761B8-F400-4693-8D6B-FC21B2E4759F}.Release|x86.Build.0 = Release|Win32
		{AEF3C84E-FF7F-4924-B74A-24B286289E8B}.Debug|x64.ActiveCfg = Debug|x64
		{AEF3C84E-FF7F-4924-B74A-24B286289E8B}.Debug|x64.Build.0 = Debug|x64
		{AEF3C84E-FF7F-4924-B74A-24B286289E8B}.Debug|x86.ActiveCfg = Debug|Win32
		{AEF3C84E-FF7F-4924-B74A-24B286289E8B}.Debug|x86.Build.0 = Debug|Win32
		{AEF3C84E-FF7F-4924-B74A-24B286289E8B}.Release|x64.ActiveCfg = Release|x64
		{AEF3C84E-FF7F-4924-B74A-24B286289E8B}.Release|x64.Build.0 = Release|x64
		{AEF3C84E-FF7F-4924-B74A-24B286289E8B}.Release|x86.ActiveCfg = Release|Win32
		{AEF3C84E-FF7F-4924-B74A-24B286289E8B}.Release|x86.Build.0 = Release|Win32
		{57857D39-B60A-4BBA-92A0-877B76AD8BC5}.Debug|x64.ActiveCfg = Debug|x64
		{57857D39-B60A-4BBA-92A0-877B76AD8BC5}.Debug|x64.Build.0 = Debug|x64
		{57857D39-B60A-4BBA-92A0-877B76AD8BC5}.Debug|x86.ActiveCfg = Debug|Win32
		{57857D39-B60A-4BBA-92A0-877B76AD8BC5}.Debug|x86.Build.0 = Debug|Win32
		{57857D39-B60A-4BBA-92A0-877B76AD8BC5}.Release|x64.ActiveCfg = Release|x64
		{57857D39-B60A-4BBA-92A0-877B76AD8BC5}.Release|x64.Build.0 = Release|x64
		{57857D39-B60A-4BBA-92A0-877B76AD8BC5}.Release|x86.ActiveCfg = Release|Win32
		{57857D39-B60A-4BBA-92A0-877B76AD8BC5}.Release|x86.Build.0 = Release|Win32
		{5E344886-9DBC-4989-9E46-A3FF60434A85}.Debug|x64.ActiveCfg = Debug|x64
		{5E344886-9DBC-4989-9E46-A3FF60434A85}.Debug|x64.Build.0 = Debug|x64
		{5E344886-9DBC-4989-9E46-A3FF60434A85}.Debug|x86.ActiveCfg = Debug|Win32
		{5E344886-9DBC-4989-9E46-A3FF60434A85}.Debug|x86.Build.0 = Debug|Win32
		{5E344886-9DBC-4989-9E46-A3FF60434A85}.Release|x64.ActiveCfg = Release|x64
		{5E344886-9DBC-4989-9E46-A3FF60434A85}.Release|x64.Build.0 = Release|x64
		{5E344886-9DBC-4989-9E46-A3FF60434A85}.Release|x86.ActiveCfg = Release|Win32
		{5E344886-9DBC-4989-9E46-A3FF60434A85}.Release|x86.Build.0 = Release|Win32
	EndGlobalSection
	GlobalSection(SolutionProperties) = preSolution
		HideSolutionNode = FALSE
	EndGlobalSection
	GlobalSection(ExtensibilityGlobals) = postSolution
		SolutionGuid = {B744E32E-7B95-4617-9A9F-356AFD1C3C2C}
	EndGlobalSection
EndGlobal
