
Microsoft Visual Studio Solution File, Format Version 12.00
# Visual Studio Version 17
VisualStudioVersion = 17.7.34031.279
MinimumVisualStudioVersion = 10.0.40219.1
Project("{8BC9CEB8-8B4A-11D0-8D11-00A0C91BC942}") = "Bai006", "Bai006\Bai006.vcxproj", "{35EDEAF3-77DF-40D3-BA52-E6B46B203148}"
EndProject
Project("{8BC9CEB8-8B4A-11D0-8D11-00A0C91BC942}") = "Bai012", "Bai012\Bai012.vcxproj", "{EA36A5FA-3BFB-448C-8EDF-3984DA91D295}"
EndProject
Project("{8BC9CEB8-8B4A-11D0-8D11-00A0C91BC942}") = "Bai018", "Bai018\Bai018.vcxproj", "{A855703E-EF1C-4775-89F6-24BC9F117028}"
EndProject
Project("{8BC9CEB8-8B4A-11D0-8D11-00A0C91BC942}") = "Bai024", "Bai024\Bai024.vcxproj", "{386A1A4C-6E7B-430F-997B-9DF8C33CF7E7}"
EndProject
Project("{8BC9CEB8-8B4A-11D0-8D11-00A0C91BC942}") = "Bai030", "Bai030\Bai030.vcxproj", "{8D1B9A83-A272-43A3-A1A9-1159146EBC2F}"
EndProject
Project("{8BC9CEB8-8B4A-11D0-8D11-00A0C91BC942}") = "Bai036", "Bai036\Bai036.vcxproj", "{C0AFE6BB-B9EF-4820-A7F0-C006444FBD91}"
EndProject
Project("{8BC9CEB8-8B4A-11D0-8D11-00A0C91BC942}") = "Bai042", "Bai042\Bai042.vcxproj", "{CB891741-8476-4E70-8D17-319EAFF304DB}"
EndProject
Project("{8BC9CEB8-8B4A-11D0-8D11-00A0C91BC942}") = "Bai048", "Bai048\Bai048.vcxproj", "{4AA914D4-A587-4334-A6A1-D0AA737720EC}"
EndProject
Project("{8BC9CEB8-8B4A-11D0-8D11-00A0C91BC942}") = "Bai054", "Bai054\Bai054.vcxproj", "{1681E22A-5DA6-4879-8203-123CA3D97F46}"
EndProject
Project("{8BC9CEB8-8B4A-11D0-8D11-00A0C91BC942}") = "Bai060", "Bai060\Bai060.vcxproj", "{65C23360-7046-4878-9CA5-DB37F8FBBAF3}"
EndProject
Project("{8BC9CEB8-8B4A-11D0-8D11-00A0C91BC942}") = "Bai066", "Bai066\Bai066.vcxproj", "{61F76730-2F79-4158-84AB-87D1E4869B5B}"
EndProject
Project("{8BC9CEB8-8B4A-11D0-8D11-00A0C91BC942}") = "Bai072", "Bai072\Bai072.vcxproj", "{82472FFE-7F98-4ECA-8835-62F59DF8BF4D}"
EndProject
Project("{8BC9CEB8-8B4A-11D0-8D11-00A0C91BC942}") = "Bai078", "Bai078\Bai078.vcxproj", "{A483D286-B31D-4275-A0F7-D676F416FC5F}"
EndProject
Project("{8BC9CEB8-8B4A-11D0-8D11-00A0C91BC942}") = "Bai084", "Bai084\Bai084.vcxproj", "{55BA67E6-16CC-4945-8EFC-848720C413D0}"
EndProject
Project("{8BC9CEB8-8B4A-11D0-8D11-00A0C91BC942}") = "Bai090", "Bai090\Bai090.vcxproj", "{B9A7E61F-2B6D-4C10-9663-16A4ECB91609}"
EndProject
Project("{8BC9CEB8-8B4A-11D0-8D11-00A0C91BC942}") = "Bai096", "Bai096\Bai096.vcxproj", "{1CD28713-F97C-422F-91D3-49A97252783E}"
EndProject
Project("{8BC9CEB8-8B4A-11D0-8D11-00A0C91BC942}") = "Bai102", "Bai102\Bai102.vcxproj", "{E5D78683-711D-4A4D-9309-327C42A86146}"
EndProject
Project("{8BC9CEB8-8B4A-11D0-8D11-00A0C91BC942}") = "Bai108", "Bai108\Bai108.vcxproj", "{8CC3C1EB-95FE-4C17-A1F5-DA93DD5F3BE6}"
EndProject
Project("{8BC9CEB8-8B4A-11D0-8D11-00A0C91BC942}") = "Bai114", "Bai114\Bai114.vcxproj", "{1CCFF618-9A18-46F5-8AEF-3FCE2A31F997}"
EndProject
Project("{8BC9CEB8-8B4A-11D0-8D11-00A0C91BC942}") = "Bai120", "Bai120\Bai120.vcxproj", "{01578303-CED9-49B6-89D9-C43C2907F943}"
EndProject
Project("{8BC9CEB8-8B4A-11D0-8D11-00A0C91BC942}") = "Bai126", "Bai126\Bai126.vcxproj", "{D08DF5FD-DFCF-4167-9A54-85571A99938A}"
EndProject
Project("{8BC9CEB8-8B4A-11D0-8D11-00A0C91BC942}") = "Bai132", "Bai132\Bai132.vcxproj", "{220AC881-DEF5-4142-BB32-8547DE8235CA}"
EndProject
Project("{8BC9CEB8-8B4A-11D0-8D11-00A0C91BC942}") = "Bai138", "Bai138\Bai138.vcxproj", "{067CA76F-5F74-45E8-ABD4-516CC9ED3887}"
EndProject
Project("{8BC9CEB8-8B4A-11D0-8D11-00A0C91BC942}") = "Bai144", "Bai144\Bai144.vcxproj", "{E9389986-DAC5-4949-87F6-1E358FF397A0}"
EndProject
Project("{8BC9CEB8-8B4A-11D0-8D11-00A0C91BC942}") = "Bai150", "Bai150\Bai150.vcxproj", "{F5342045-DB1A-44E9-8516-DED21F2987BF}"
EndProject
Project("{8BC9CEB8-8B4A-11D0-8D11-00A0C91BC942}") = "Bai156", "Bai156\Bai156.vcxproj", "{31C21EAA-7913-4C65-9CC8-5DD91F7AC300}"
EndProject
Project("{8BC9CEB8-8B4A-11D0-8D11-00A0C91BC942}") = "Bai162", "Bai162\Bai162.vcxproj", "{FEB1555A-B5EC-44C4-A5EF-17169607284A}"
EndProject
Project("{8BC9CEB8-8B4A-11D0-8D11-00A0C91BC942}") = "Bai168", "Bai168\Bai168.vcxproj", "{1EFD7242-DECC-4675-92BC-B7DE023BB312}"
EndProject
Project("{8BC9CEB8-8B4A-11D0-8D11-00A0C91BC942}") = "Bai174", "Bai174\Bai174.vcxproj", "{7F9FBDFD-8E84-4587-A838-E2022C049A6E}"
EndProject
Project("{8BC9CEB8-8B4A-11D0-8D11-00A0C91BC942}") = "Bai180", "Bai180\Bai180.vcxproj", "{A4A34C3C-E835-487B-840C-8DE3E796AFE9}"
EndProject
Project("{8BC9CEB8-8B4A-11D0-8D11-00A0C91BC942}") = "Bai186", "Bai186\Bai186.vcxproj", "{28800143-6AC9-42E2-B92B-615CADE1B205}"
EndProject
Project("{8BC9CEB8-8B4A-11D0-8D11-00A0C91BC942}") = "Bai192", "Bai192\Bai192.vcxproj", "{6D5CCE28-0745-4EBC-810B-7B6C380ECF5B}"
EndProject
Global
	GlobalSection(SolutionConfigurationPlatforms) = preSolution
		Debug|x64 = Debug|x64
		Debug|x86 = Debug|x86
		Release|x64 = Release|x64
		Release|x86 = Release|x86
	EndGlobalSection
	GlobalSection(ProjectConfigurationPlatforms) = postSolution
		{35EDEAF3-77DF-40D3-BA52-E6B46B203148}.Debug|x64.ActiveCfg = Debug|x64
		{35EDEAF3-77DF-40D3-BA52-E6B46B203148}.Debug|x64.Build.0 = Debug|x64
		{35EDEAF3-77DF-40D3-BA52-E6B46B203148}.Debug|x86.ActiveCfg = Debug|Win32
		{35EDEAF3-77DF-40D3-BA52-E6B46B203148}.Debug|x86.Build.0 = Debug|Win32
		{35EDEAF3-77DF-40D3-BA52-E6B46B203148}.Release|x64.ActiveCfg = Release|x64
		{35EDEAF3-77DF-40D3-BA52-E6B46B203148}.Release|x64.Build.0 = Release|x64
		{35EDEAF3-77DF-40D3-BA52-E6B46B203148}.Release|x86.ActiveCfg = Release|Win32
		{35EDEAF3-77DF-40D3-BA52-E6B46B203148}.Release|x86.Build.0 = Release|Win32
		{EA36A5FA-3BFB-448C-8EDF-3984DA91D295}.Debug|x64.ActiveCfg = Debug|x64
		{EA36A5FA-3BFB-448C-8EDF-3984DA91D295}.Debug|x64.Build.0 = Debug|x64
		{EA36A5FA-3BFB-448C-8EDF-3984DA91D295}.Debug|x86.ActiveCfg = Debug|Win32
		{EA36A5FA-3BFB-448C-8EDF-3984DA91D295}.Debug|x86.Build.0 = Debug|Win32
		{EA36A5FA-3BFB-448C-8EDF-3984DA91D295}.Release|x64.ActiveCfg = Release|x64
		{EA36A5FA-3BFB-448C-8EDF-3984DA91D295}.Release|x64.Build.0 = Release|x64
		{EA36A5FA-3BFB-448C-8EDF-3984DA91D295}.Release|x86.ActiveCfg = Release|Win32
		{EA36A5FA-3BFB-448C-8EDF-3984DA91D295}.Release|x86.Build.0 = Release|Win32
		{A855703E-EF1C-4775-89F6-24BC9F117028}.Debug|x64.ActiveCfg = Debug|x64
		{A855703E-EF1C-4775-89F6-24BC9F117028}.Debug|x64.Build.0 = Debug|x64
		{A855703E-EF1C-4775-89F6-24BC9F117028}.Debug|x86.ActiveCfg = Debug|Win32
		{A855703E-EF1C-4775-89F6-24BC9F117028}.Debug|x86.Build.0 = Debug|Win32
		{A855703E-EF1C-4775-89F6-24BC9F117028}.Release|x64.ActiveCfg = Release|x64
		{A855703E-EF1C-4775-89F6-24BC9F117028}.Release|x64.Build.0 = Release|x64
		{A855703E-EF1C-4775-89F6-24BC9F117028}.Release|x86.ActiveCfg = Release|Win32
		{A855703E-EF1C-4775-89F6-24BC9F117028}.Release|x86.Build.0 = Release|Win32
		{386A1A4C-6E7B-430F-997B-9DF8C33CF7E7}.Debug|x64.ActiveCfg = Debug|x64
		{386A1A4C-6E7B-430F-997B-9DF8C33CF7E7}.Debug|x64.Build.0 = Debug|x64
		{386A1A4C-6E7B-430F-997B-9DF8C33CF7E7}.Debug|x86.ActiveCfg = Debug|Win32
		{386A1A4C-6E7B-430F-997B-9DF8C33CF7E7}.Debug|x86.Build.0 = Debug|Win32
		{386A1A4C-6E7B-430F-997B-9DF8C33CF7E7}.Release|x64.ActiveCfg = Release|x64
		{386A1A4C-6E7B-430F-997B-9DF8C33CF7E7}.Release|x64.Build.0 = Release|x64
		{386A1A4C-6E7B-430F-997B-9DF8C33CF7E7}.Release|x86.ActiveCfg = Release|Win32
		{386A1A4C-6E7B-430F-997B-9DF8C33CF7E7}.Release|x86.Build.0 = Release|Win32
		{8D1B9A83-A272-43A3-A1A9-1159146EBC2F}.Debug|x64.ActiveCfg = Debug|x64
		{8D1B9A83-A272-43A3-A1A9-1159146EBC2F}.Debug|x64.Build.0 = Debug|x64
		{8D1B9A83-A272-43A3-A1A9-1159146EBC2F}.Debug|x86.ActiveCfg = Debug|Win32
		{8D1B9A83-A272-43A3-A1A9-1159146EBC2F}.Debug|x86.Build.0 = Debug|Win32
		{8D1B9A83-A272-43A3-A1A9-1159146EBC2F}.Release|x64.ActiveCfg = Release|x64
		{8D1B9A83-A272-43A3-A1A9-1159146EBC2F}.Release|x64.Build.0 = Release|x64
		{8D1B9A83-A272-43A3-A1A9-1159146EBC2F}.Release|x86.ActiveCfg = Release|Win32
		{8D1B9A83-A272-43A3-A1A9-1159146EBC2F}.Release|x86.Build.0 = Release|Win32
		{C0AFE6BB-B9EF-4820-A7F0-C006444FBD91}.Debug|x64.ActiveCfg = Debug|x64
		{C0AFE6BB-B9EF-4820-A7F0-C006444FBD91}.Debug|x64.Build.0 = Debug|x64
		{C0AFE6BB-B9EF-4820-A7F0-C006444FBD91}.Debug|x86.ActiveCfg = Debug|Win32
		{C0AFE6BB-B9EF-4820-A7F0-C006444FBD91}.Debug|x86.Build.0 = Debug|Win32
		{C0AFE6BB-B9EF-4820-A7F0-C006444FBD91}.Release|x64.ActiveCfg = Release|x64
		{C0AFE6BB-B9EF-4820-A7F0-C006444FBD91}.Release|x64.Build.0 = Release|x64
		{C0AFE6BB-B9EF-4820-A7F0-C006444FBD91}.Release|x86.ActiveCfg = Release|Win32
		{C0AFE6BB-B9EF-4820-A7F0-C006444FBD91}.Release|x86.Build.0 = Release|Win32
		{CB891741-8476-4E70-8D17-319EAFF304DB}.Debug|x64.ActiveCfg = Debug|x64
		{CB891741-8476-4E70-8D17-319EAFF304DB}.Debug|x64.Build.0 = Debug|x64
		{CB891741-8476-4E70-8D17-319EAFF304DB}.Debug|x86.ActiveCfg = Debug|Win32
		{CB891741-8476-4E70-8D17-319EAFF304DB}.Debug|x86.Build.0 = Debug|Win32
		{CB891741-8476-4E70-8D17-319EAFF304DB}.Release|x64.ActiveCfg = Release|x64
		{CB891741-8476-4E70-8D17-319EAFF304DB}.Release|x64.Build.0 = Release|x64
		{CB891741-8476-4E70-8D17-319EAFF304DB}.Release|x86.ActiveCfg = Release|Win32
		{CB891741-8476-4E70-8D17-319EAFF304DB}.Release|x86.Build.0 = Release|Win32
		{4AA914D4-A587-4334-A6A1-D0AA737720EC}.Debug|x64.ActiveCfg = Debug|x64
		{4AA914D4-A587-4334-A6A1-D0AA737720EC}.Debug|x64.Build.0 = Debug|x64
		{4AA914D4-A587-4334-A6A1-D0AA737720EC}.Debug|x86.ActiveCfg = Debug|Win32
		{4AA914D4-A587-4334-A6A1-D0AA737720EC}.Debug|x86.Build.0 = Debug|Win32
		{4AA914D4-A587-4334-A6A1-D0AA737720EC}.Release|x64.ActiveCfg = Release|x64
		{4AA914D4-A587-4334-A6A1-D0AA737720EC}.Release|x64.Build.0 = Release|x64
		{4AA914D4-A587-4334-A6A1-D0AA737720EC}.Release|x86.ActiveCfg = Release|Win32
		{4AA914D4-A587-4334-A6A1-D0AA737720EC}.Release|x86.Build.0 = Release|Win32
		{1681E22A-5DA6-4879-8203-123CA3D97F46}.Debug|x64.ActiveCfg = Debug|x64
		{1681E22A-5DA6-4879-8203-123CA3D97F46}.Debug|x64.Build.0 = Debug|x64
		{1681E22A-5DA6-4879-8203-123CA3D97F46}.Debug|x86.ActiveCfg = Debug|Win32
		{1681E22A-5DA6-4879-8203-123CA3D97F46}.Debug|x86.Build.0 = Debug|Win32
		{1681E22A-5DA6-4879-8203-123CA3D97F46}.Release|x64.ActiveCfg = Release|x64
		{1681E22A-5DA6-4879-8203-123CA3D97F46}.Release|x64.Build.0 = Release|x64
		{1681E22A-5DA6-4879-8203-123CA3D97F46}.Release|x86.ActiveCfg = Release|Win32
		{1681E22A-5DA6-4879-8203-123CA3D97F46}.Release|x86.Build.0 = Release|Win32
		{65C23360-7046-4878-9CA5-DB37F8FBBAF3}.Debug|x64.ActiveCfg = Debug|x64
		{65C23360-7046-4878-9CA5-DB37F8FBBAF3}.Debug|x64.Build.0 = Debug|x64
		{65C23360-7046-4878-9CA5-DB37F8FBBAF3}.Debug|x86.ActiveCfg = Debug|Win32
		{65C23360-7046-4878-9CA5-DB37F8FBBAF3}.Debug|x86.Build.0 = Debug|Win32
		{65C23360-7046-4878-9CA5-DB37F8FBBAF3}.Release|x64.ActiveCfg = Release|x64
		{65C23360-7046-4878-9CA5-DB37F8FBBAF3}.Release|x64.Build.0 = Release|x64
		{65C23360-7046-4878-9CA5-DB37F8FBBAF3}.Release|x86.ActiveCfg = Release|Win32
		{65C23360-7046-4878-9CA5-DB37F8FBBAF3}.Release|x86.Build.0 = Release|Win32
		{61F76730-2F79-4158-84AB-87D1E4869B5B}.Debug|x64.ActiveCfg = Debug|x64
		{61F76730-2F79-4158-84AB-87D1E4869B5B}.Debug|x64.Build.0 = Debug|x64
		{61F76730-2F79-4158-84AB-87D1E4869B5B}.Debug|x86.ActiveCfg = Debug|Win32
		{61F76730-2F79-4158-84AB-87D1E4869B5B}.Debug|x86.Build.0 = Debug|Win32
		{61F76730-2F79-4158-84AB-87D1E4869B5B}.Release|x64.ActiveCfg = Release|x64
		{61F76730-2F79-4158-84AB-87D1E4869B5B}.Release|x64.Build.0 = Release|x64
		{61F76730-2F79-4158-84AB-87D1E4869B5B}.Release|x86.ActiveCfg = Release|Win32
		{61F76730-2F79-4158-84AB-87D1E4869B5B}.Release|x86.Build.0 = Release|Win32
		{82472FFE-7F98-4ECA-8835-62F59DF8BF4D}.Debug|x64.ActiveCfg = Debug|x64
		{82472FFE-7F98-4ECA-8835-62F59DF8BF4D}.Debug|x64.Build.0 = Debug|x64
		{82472FFE-7F98-4ECA-8835-62F59DF8BF4D}.Debug|x86.ActiveCfg = Debug|Win32
		{82472FFE-7F98-4ECA-8835-62F59DF8BF4D}.Debug|x86.Build.0 = Debug|Win32
		{82472FFE-7F98-4ECA-8835-62F59DF8BF4D}.Release|x64.ActiveCfg = Release|x64
		{82472FFE-7F98-4ECA-8835-62F59DF8BF4D}.Release|x64.Build.0 = Release|x64
		{82472FFE-7F98-4ECA-8835-62F59DF8BF4D}.Release|x86.ActiveCfg = Release|Win32
		{82472FFE-7F98-4ECA-8835-62F59DF8BF4D}.Release|x86.Build.0 = Release|Win32
		{A483D286-B31D-4275-A0F7-D676F416FC5F}.Debug|x64.ActiveCfg = Debug|x64
		{A483D286-B31D-4275-A0F7-D676F416FC5F}.Debug|x64.Build.0 = Debug|x64
		{A483D286-B31D-4275-A0F7-D676F416FC5F}.Debug|x86.ActiveCfg = Debug|Win32
		{A483D286-B31D-4275-A0F7-D676F416FC5F}.Debug|x86.Build.0 = Debug|Win32
		{A483D286-B31D-4275-A0F7-D676F416FC5F}.Release|x64.ActiveCfg = Release|x64
		{A483D286-B31D-4275-A0F7-D676F416FC5F}.Release|x64.Build.0 = Release|x64
		{A483D286-B31D-4275-A0F7-D676F416FC5F}.Release|x86.ActiveCfg = Release|Win32
		{A483D286-B31D-4275-A0F7-D676F416FC5F}.Release|x86.Build.0 = Release|Win32
		{55BA67E6-16CC-4945-8EFC-848720C413D0}.Debug|x64.ActiveCfg = Debug|x64
		{55BA67E6-16CC-4945-8EFC-848720C413D0}.Debug|x64.Build.0 = Debug|x64
		{55BA67E6-16CC-4945-8EFC-848720C413D0}.Debug|x86.ActiveCfg = Debug|Win32
		{55BA67E6-16CC-4945-8EFC-848720C413D0}.Debug|x86.Build.0 = Debug|Win32
		{55BA67E6-16CC-4945-8EFC-848720C413D0}.Release|x64.ActiveCfg = Release|x64
		{55BA67E6-16CC-4945-8EFC-848720C413D0}.Release|x64.Build.0 = Release|x64
		{55BA67E6-16CC-4945-8EFC-848720C413D0}.Release|x86.ActiveCfg = Release|Win32
		{55BA67E6-16CC-4945-8EFC-848720C413D0}.Release|x86.Build.0 = Release|Win32
		{B9A7E61F-2B6D-4C10-9663-16A4ECB91609}.Debug|x64.ActiveCfg = Debug|x64
		{B9A7E61F-2B6D-4C10-9663-16A4ECB91609}.Debug|x64.Build.0 = Debug|x64
		{B9A7E61F-2B6D-4C10-9663-16A4ECB91609}.Debug|x86.ActiveCfg = Debug|Win32
		{B9A7E61F-2B6D-4C10-9663-16A4ECB91609}.Debug|x86.Build.0 = Debug|Win32
		{B9A7E61F-2B6D-4C10-9663-16A4ECB91609}.Release|x64.ActiveCfg = Release|x64
		{B9A7E61F-2B6D-4C10-9663-16A4ECB91609}.Release|x64.Build.0 = Release|x64
		{B9A7E61F-2B6D-4C10-9663-16A4ECB91609}.Release|x86.ActiveCfg = Release|Win32
		{B9A7E61F-2B6D-4C10-9663-16A4ECB91609}.Release|x86.Build.0 = Release|Win32
		{1CD28713-F97C-422F-91D3-49A97252783E}.Debug|x64.ActiveCfg = Debug|x64
		{1CD28713-F97C-422F-91D3-49A97252783E}.Debug|x64.Build.0 = Debug|x64
		{1CD28713-F97C-422F-91D3-49A97252783E}.Debug|x86.ActiveCfg = Debug|Win32
		{1CD28713-F97C-422F-91D3-49A97252783E}.Debug|x86.Build.0 = Debug|Win32
		{1CD28713-F97C-422F-91D3-49A97252783E}.Release|x64.ActiveCfg = Release|x64
		{1CD28713-F97C-422F-91D3-49A97252783E}.Release|x64.Build.0 = Release|x64
		{1CD28713-F97C-422F-91D3-49A97252783E}.Release|x86.ActiveCfg = Release|Win32
		{1CD28713-F97C-422F-91D3-49A97252783E}.Release|x86.Build.0 = Release|Win32
		{E5D78683-711D-4A4D-9309-327C42A86146}.Debug|x64.ActiveCfg = Debug|x64
		{E5D78683-711D-4A4D-9309-327C42A86146}.Debug|x64.Build.0 = Debug|x64
		{E5D78683-711D-4A4D-9309-327C42A86146}.Debug|x86.ActiveCfg = Debug|Win32
		{E5D78683-711D-4A4D-9309-327C42A86146}.Debug|x86.Build.0 = Debug|Win32
		{E5D78683-711D-4A4D-9309-327C42A86146}.Release|x64.ActiveCfg = Release|x64
		{E5D78683-711D-4A4D-9309-327C42A86146}.Release|x64.Build.0 = Release|x64
		{E5D78683-711D-4A4D-9309-327C42A86146}.Release|x86.ActiveCfg = Release|Win32
		{E5D78683-711D-4A4D-9309-327C42A86146}.Release|x86.Build.0 = Release|Win32
		{8CC3C1EB-95FE-4C17-A1F5-DA93DD5F3BE6}.Debug|x64.ActiveCfg = Debug|x64
		{8CC3C1EB-95FE-4C17-A1F5-DA93DD5F3BE6}.Debug|x64.Build.0 = Debug|x64
		{8CC3C1EB-95FE-4C17-A1F5-DA93DD5F3BE6}.Debug|x86.ActiveCfg = Debug|Win32
		{8CC3C1EB-95FE-4C17-A1F5-DA93DD5F3BE6}.Debug|x86.Build.0 = Debug|Win32
		{8CC3C1EB-95FE-4C17-A1F5-DA93DD5F3BE6}.Release|x64.ActiveCfg = Release|x64
		{8CC3C1EB-95FE-4C17-A1F5-DA93DD5F3BE6}.Release|x64.Build.0 = Release|x64
		{8CC3C1EB-95FE-4C17-A1F5-DA93DD5F3BE6}.Release|x86.ActiveCfg = Release|Win32
		{8CC3C1EB-95FE-4C17-A1F5-DA93DD5F3BE6}.Release|x86.Build.0 = Release|Win32
		{1CCFF618-9A18-46F5-8AEF-3FCE2A31F997}.Debug|x64.ActiveCfg = Debug|x64
		{1CCFF618-9A18-46F5-8AEF-3FCE2A31F997}.Debug|x64.Build.0 = Debug|x64
		{1CCFF618-9A18-46F5-8AEF-3FCE2A31F997}.Debug|x86.ActiveCfg = Debug|Win32
		{1CCFF618-9A18-46F5-8AEF-3FCE2A31F997}.Debug|x86.Build.0 = Debug|Win32
		{1CCFF618-9A18-46F5-8AEF-3FCE2A31F997}.Release|x64.ActiveCfg = Release|x64
		{1CCFF618-9A18-46F5-8AEF-3FCE2A31F997}.Release|x64.Build.0 = Release|x64
		{1CCFF618-9A18-46F5-8AEF-3FCE2A31F997}.Release|x86.ActiveCfg = Release|Win32
		{1CCFF618-9A18-46F5-8AEF-3FCE2A31F997}.Release|x86.Build.0 = Release|Win32
		{01578303-CED9-49B6-89D9-C43C2907F943}.Debug|x64.ActiveCfg = Debug|x64
		{01578303-CED9-49B6-89D9-C43C2907F943}.Debug|x64.Build.0 = Debug|x64
		{01578303-CED9-49B6-89D9-C43C2907F943}.Debug|x86.ActiveCfg = Debug|Win32
		{01578303-CED9-49B6-89D9-C43C2907F943}.Debug|x86.Build.0 = Debug|Win32
		{01578303-CED9-49B6-89D9-C43C2907F943}.Release|x64.ActiveCfg = Release|x64
		{01578303-CED9-49B6-89D9-C43C2907F943}.Release|x64.Build.0 = Release|x64
		{01578303-CED9-49B6-89D9-C43C2907F943}.Release|x86.ActiveCfg = Release|Win32
		{01578303-CED9-49B6-89D9-C43C2907F943}.Release|x86.Build.0 = Release|Win32
		{D08DF5FD-DFCF-4167-9A54-85571A99938A}.Debug|x64.ActiveCfg = Debug|x64
		{D08DF5FD-DFCF-4167-9A54-85571A99938A}.Debug|x64.Build.0 = Debug|x64
		{D08DF5FD-DFCF-4167-9A54-85571A99938A}.Debug|x86.ActiveCfg = Debug|Win32
		{D08DF5FD-DFCF-4167-9A54-85571A99938A}.Debug|x86.Build.0 = Debug|Win32
		{D08DF5FD-DFCF-4167-9A54-85571A99938A}.Release|x64.ActiveCfg = Release|x64
		{D08DF5FD-DFCF-4167-9A54-85571A99938A}.Release|x64.Build.0 = Release|x64
		{D08DF5FD-DFCF-4167-9A54-85571A99938A}.Release|x86.ActiveCfg = Release|Win32
		{D08DF5FD-DFCF-4167-9A54-85571A99938A}.Release|x86.Build.0 = Release|Win32
		{220AC881-DEF5-4142-BB32-8547DE8235CA}.Debug|x64.ActiveCfg = Debug|x64
		{220AC881-DEF5-4142-BB32-8547DE8235CA}.Debug|x64.Build.0 = Debug|x64
		{220AC881-DEF5-4142-BB32-8547DE8235CA}.Debug|x86.ActiveCfg = Debug|Win32
		{220AC881-DEF5-4142-BB32-8547DE8235CA}.Debug|x86.Build.0 = Debug|Win32
		{220AC881-DEF5-4142-BB32-8547DE8235CA}.Release|x64.ActiveCfg = Release|x64
		{220AC881-DEF5-4142-BB32-8547DE8235CA}.Release|x64.Build.0 = Release|x64
		{220AC881-DEF5-4142-BB32-8547DE8235CA}.Release|x86.ActiveCfg = Release|Win32
		{220AC881-DEF5-4142-BB32-8547DE8235CA}.Release|x86.Build.0 = Release|Win32
		{067CA76F-5F74-45E8-ABD4-516CC9ED3887}.Debug|x64.ActiveCfg = Debug|x64
		{067CA76F-5F74-45E8-ABD4-516CC9ED3887}.Debug|x64.Build.0 = Debug|x64
		{067CA76F-5F74-45E8-ABD4-516CC9ED3887}.Debug|x86.ActiveCfg = Debug|Win32
		{067CA76F-5F74-45E8-ABD4-516CC9ED3887}.Debug|x86.Build.0 = Debug|Win32
		{067CA76F-5F74-45E8-ABD4-516CC9ED3887}.Release|x64.ActiveCfg = Release|x64
		{067CA76F-5F74-45E8-ABD4-516CC9ED3887}.Release|x64.Build.0 = Release|x64
		{067CA76F-5F74-45E8-ABD4-516CC9ED3887}.Release|x86.ActiveCfg = Release|Win32
		{067CA76F-5F74-45E8-ABD4-516CC9ED3887}.Release|x86.Build.0 = Release|Win32
		{E9389986-DAC5-4949-87F6-1E358FF397A0}.Debug|x64.ActiveCfg = Debug|x64
		{E9389986-DAC5-4949-87F6-1E358FF397A0}.Debug|x64.Build.0 = Debug|x64
		{E9389986-DAC5-4949-87F6-1E358FF397A0}.Debug|x86.ActiveCfg = Debug|Win32
		{E9389986-DAC5-4949-87F6-1E358FF397A0}.Debug|x86.Build.0 = Debug|Win32
		{E9389986-DAC5-4949-87F6-1E358FF397A0}.Release|x64.ActiveCfg = Release|x64
		{E9389986-DAC5-4949-87F6-1E358FF397A0}.Release|x64.Build.0 = Release|x64
		{E9389986-DAC5-4949-87F6-1E358FF397A0}.Release|x86.ActiveCfg = Release|Win32
		{E9389986-DAC5-4949-87F6-1E358FF397A0}.Release|x86.Build.0 = Release|Win32
		{F5342045-DB1A-44E9-8516-DED21F2987BF}.Debug|x64.ActiveCfg = Debug|x64
		{F5342045-DB1A-44E9-8516-DED21F2987BF}.Debug|x64.Build.0 = Debug|x64
		{F5342045-DB1A-44E9-8516-DED21F2987BF}.Debug|x86.ActiveCfg = Debug|Win32
		{F5342045-DB1A-44E9-8516-DED21F2987BF}.Debug|x86.Build.0 = Debug|Win32
		{F5342045-DB1A-44E9-8516-DED21F2987BF}.Release|x64.ActiveCfg = Release|x64
		{F5342045-DB1A-44E9-8516-DED21F2987BF}.Release|x64.Build.0 = Release|x64
		{F5342045-DB1A-44E9-8516-DED21F2987BF}.Release|x86.ActiveCfg = Release|Win32
		{F5342045-DB1A-44E9-8516-DED21F2987BF}.Release|x86.Build.0 = Release|Win32
		{31C21EAA-7913-4C65-9CC8-5DD91F7AC300}.Debug|x64.ActiveCfg = Debug|x64
		{31C21EAA-7913-4C65-9CC8-5DD91F7AC300}.Debug|x64.Build.0 = Debug|x64
		{31C21EAA-7913-4C65-9CC8-5DD91F7AC300}.Debug|x86.ActiveCfg = Debug|Win32
		{31C21EAA-7913-4C65-9CC8-5DD91F7AC300}.Debug|x86.Build.0 = Debug|Win32
		{31C21EAA-7913-4C65-9CC8-5DD91F7AC300}.Release|x64.ActiveCfg = Release|x64
		{31C21EAA-7913-4C65-9CC8-5DD91F7AC300}.Release|x64.Build.0 = Release|x64
		{31C21EAA-7913-4C65-9CC8-5DD91F7AC300}.Release|x86.ActiveCfg = Release|Win32
		{31C21EAA-7913-4C65-9CC8-5DD91F7AC300}.Release|x86.Build.0 = Release|Win32
		{FEB1555A-B5EC-44C4-A5EF-17169607284A}.Debug|x64.ActiveCfg = Debug|x64
		{FEB1555A-B5EC-44C4-A5EF-17169607284A}.Debug|x64.Build.0 = Debug|x64
		{FEB1555A-B5EC-44C4-A5EF-17169607284A}.Debug|x86.ActiveCfg = Debug|Win32
		{FEB1555A-B5EC-44C4-A5EF-17169607284A}.Debug|x86.Build.0 = Debug|Win32
		{FEB1555A-B5EC-44C4-A5EF-17169607284A}.Release|x64.ActiveCfg = Release|x64
		{FEB1555A-B5EC-44C4-A5EF-17169607284A}.Release|x64.Build.0 = Release|x64
		{FEB1555A-B5EC-44C4-A5EF-17169607284A}.Release|x86.ActiveCfg = Release|Win32
		{FEB1555A-B5EC-44C4-A5EF-17169607284A}.Release|x86.Build.0 = Release|Win32
		{1EFD7242-DECC-4675-92BC-B7DE023BB312}.Debug|x64.ActiveCfg = Debug|x64
		{1EFD7242-DECC-4675-92BC-B7DE023BB312}.Debug|x64.Build.0 = Debug|x64
		{1EFD7242-DECC-4675-92BC-B7DE023BB312}.Debug|x86.ActiveCfg = Debug|Win32
		{1EFD7242-DECC-4675-92BC-B7DE023BB312}.Debug|x86.Build.0 = Debug|Win32
		{1EFD7242-DECC-4675-92BC-B7DE023BB312}.Release|x64.ActiveCfg = Release|x64
		{1EFD7242-DECC-4675-92BC-B7DE023BB312}.Release|x64.Build.0 = Release|x64
		{1EFD7242-DECC-4675-92BC-B7DE023BB312}.Release|x86.ActiveCfg = Release|Win32
		{1EFD7242-DECC-4675-92BC-B7DE023BB312}.Release|x86.Build.0 = Release|Win32
		{7F9FBDFD-8E84-4587-A838-E2022C049A6E}.Debug|x64.ActiveCfg = Debug|x64
		{7F9FBDFD-8E84-4587-A838-E2022C049A6E}.Debug|x64.Build.0 = Debug|x64
		{7F9FBDFD-8E84-4587-A838-E2022C049A6E}.Debug|x86.ActiveCfg = Debug|Win32
		{7F9FBDFD-8E84-4587-A838-E2022C049A6E}.Debug|x86.Build.0 = Debug|Win32
		{7F9FBDFD-8E84-4587-A838-E2022C049A6E}.Release|x64.ActiveCfg = Release|x64
		{7F9FBDFD-8E84-4587-A838-E2022C049A6E}.Release|x64.Build.0 = Release|x64
		{7F9FBDFD-8E84-4587-A838-E2022C049A6E}.Release|x86.ActiveCfg = Release|Win32
		{7F9FBDFD-8E84-4587-A838-E2022C049A6E}.Release|x86.Build.0 = Release|Win32
		{A4A34C3C-E835-487B-840C-8DE3E796AFE9}.Debug|x64.ActiveCfg = Debug|x64
		{A4A34C3C-E835-487B-840C-8DE3E796AFE9}.Debug|x64.Build.0 = Debug|x64
		{A4A34C3C-E835-487B-840C-8DE3E796AFE9}.Debug|x86.ActiveCfg = Debug|Win32
		{A4A34C3C-E835-487B-840C-8DE3E796AFE9}.Debug|x86.Build.0 = Debug|Win32
		{A4A34C3C-E835-487B-840C-8DE3E796AFE9}.Release|x64.ActiveCfg = Release|x64
		{A4A34C3C-E835-487B-840C-8DE3E796AFE9}.Release|x64.Build.0 = Release|x64
		{A4A34C3C-E835-487B-840C-8DE3E796AFE9}.Release|x86.ActiveCfg = Release|Win32
		{A4A34C3C-E835-487B-840C-8DE3E796AFE9}.Release|x86.Build.0 = Release|Win32
		{28800143-6AC9-42E2-B92B-615CADE1B205}.Debug|x64.ActiveCfg = Debug|x64
		{28800143-6AC9-42E2-B92B-615CADE1B205}.Debug|x64.Build.0 = Debug|x64
		{28800143-6AC9-42E2-B92B-615CADE1B205}.Debug|x86.ActiveCfg = Debug|Win32
		{28800143-6AC9-42E2-B92B-615CADE1B205}.Debug|x86.Build.0 = Debug|Win32
		{28800143-6AC9-42E2-B92B-615CADE1B205}.Release|x64.ActiveCfg = Release|x64
		{28800143-6AC9-42E2-B92B-615CADE1B205}.Release|x64.Build.0 = Release|x64
		{28800143-6AC9-42E2-B92B-615CADE1B205}.Release|x86.ActiveCfg = Release|Win32
		{28800143-6AC9-42E2-B92B-615CADE1B205}.Release|x86.Build.0 = Release|Win32
		{6D5CCE28-0745-4EBC-810B-7B6C380ECF5B}.Debug|x64.ActiveCfg = Debug|x64
		{6D5CCE28-0745-4EBC-810B-7B6C380ECF5B}.Debug|x64.Build.0 = Debug|x64
		{6D5CCE28-0745-4EBC-810B-7B6C380ECF5B}.Debug|x86.ActiveCfg = Debug|Win32
		{6D5CCE28-0745-4EBC-810B-7B6C380ECF5B}.Debug|x86.Build.0 = Debug|Win32
		{6D5CCE28-0745-4EBC-810B-7B6C380ECF5B}.Release|x64.ActiveCfg = Release|x64
		{6D5CCE28-0745-4EBC-810B-7B6C380ECF5B}.Release|x64.Build.0 = Release|x64
		{6D5CCE28-0745-4EBC-810B-7B6C380ECF5B}.Release|x86.ActiveCfg = Release|Win32
		{6D5CCE28-0745-4EBC-810B-7B6C380ECF5B}.Release|x86.Build.0 = Release|Win32
	EndGlobalSection
	GlobalSection(SolutionProperties) = preSolution
		HideSolutionNode = FALSE
	EndGlobalSection
	GlobalSection(ExtensibilityGlobals) = postSolution
		SolutionGuid = {36066A5C-51DE-4240-AAD9-E8BE4C071F6B}
	EndGlobalSection
EndGlobal
