
Microsoft Visual Studio Solution File, Format Version 12.00
# Visual Studio Version 17
VisualStudioVersion = 17.7.34031.279
MinimumVisualStudioVersion = 10.0.40219.1
Project("{8BC9CEB8-8B4A-11D0-8D11-00A0C91BC942}") = "Bai_001", "Bai_001\Bai_001.vcxproj", "{2B509D8F-B4B8-4564-A1EC-B6388F88A39C}"
EndProject
Project("{8BC9CEB8-8B4A-11D0-8D11-00A0C91BC942}") = "Bai_007", "Bai_007\Bai_007.vcxproj", "{4167AB29-7BE2-4E15-86C2-68FA2B976517}"
EndProject
Project("{8BC9CEB8-8B4A-11D0-8D11-00A0C91BC942}") = "Bai_013", "Bai_013\Bai_013.vcxproj", "{9F42B78C-6226-41F3-A03A-FC30D687795F}"
EndProject
Project("{8BC9CEB8-8B4A-11D0-8D11-00A0C91BC942}") = "Bai_019", "Bai_019\Bai_019.vcxproj", "{1F7E2DA8-6702-4E6C-B82B-6C707778CF22}"
EndProject
Project("{8BC9CEB8-8B4A-11D0-8D11-00A0C91BC942}") = "Bai_025", "Bai_025\Bai_025.vcxproj", "{C5F32147-0CF9-4A3E-84B3-001CA1FA486E}"
EndProject
Project("{8BC9CEB8-8B4A-11D0-8D11-00A0C91BC942}") = "Bai_031", "Bai_031\Bai_031.vcxproj", "{FB5B295C-1D0E-4A2D-B067-146F62E09854}"
EndProject
Project("{8BC9CEB8-8B4A-11D0-8D11-00A0C91BC942}") = "Bai_037", "Bai_037\Bai_037.vcxproj", "{33AE69D8-40B6-4924-8EBA-4C9BB53F841E}"
EndProject
Project("{8BC9CEB8-8B4A-11D0-8D11-00A0C91BC942}") = "Bai_043", "Bai_043\Bai_043.vcxproj", "{3C470AC8-D185-4802-B0EF-6EB61CE67B32}"
EndProject
Project("{8BC9CEB8-8B4A-11D0-8D11-00A0C91BC942}") = "Bai_049", "Bai_049\Bai_049.vcxproj", "{53143360-18A3-4FF3-AE09-AEE241D52E7E}"
EndProject
Project("{8BC9CEB8-8B4A-11D0-8D11-00A0C91BC942}") = "Bai_055", "Bai_055\Bai_055.vcxproj", "{14BD92CC-BAAD-412E-BDCC-913315566262}"
EndProject
Project("{8BC9CEB8-8B4A-11D0-8D11-00A0C91BC942}") = "Bai_061", "Bai_061\Bai_061.vcxproj", "{D43DA57A-50AB-49CC-B81A-93535583C5D7}"
EndProject
Project("{8BC9CEB8-8B4A-11D0-8D11-00A0C91BC942}") = "Bai_067", "Bai_067\Bai_067.vcxproj", "{1BDAE1F5-ADEB-4413-877A-9AD397FFAE6F}"
EndProject
Project("{8BC9CEB8-8B4A-11D0-8D11-00A0C91BC942}") = "Bai_073", "Bai_073\Bai_073.vcxproj", "{09D1F8A0-A742-4CCA-A9B3-89218819D4AA}"
EndProject
Project("{8BC9CEB8-8B4A-11D0-8D11-00A0C91BC942}") = "Bai_079", "Bai_079\Bai_079.vcxproj", "{399E436F-49DD-403C-9451-8D3F45673A07}"
EndProject
Project("{8BC9CEB8-8B4A-11D0-8D11-00A0C91BC942}") = "Bai_085", "Bai_085\Bai_085.vcxproj", "{DDC7A6BC-9289-466D-B95E-ADB522B01717}"
EndProject
Project("{8BC9CEB8-8B4A-11D0-8D11-00A0C91BC942}") = "Bai_091", "Bai_091\Bai_091.vcxproj", "{76FC88D3-2329-4733-AD7A-B1837C114EB5}"
EndProject
Project("{8BC9CEB8-8B4A-11D0-8D11-00A0C91BC942}") = "Bai_097", "Bai_097\Bai_097.vcxproj", "{CA8E7069-35E0-4DDD-8B74-A2ADE462A2D5}"
EndProject
Project("{8BC9CEB8-8B4A-11D0-8D11-00A0C91BC942}") = "Bai_103", "Bai_103\Bai_103.vcxproj", "{66288D11-E3E7-4F63-B46A-72B9DF2390AB}"
EndProject
Project("{8BC9CEB8-8B4A-11D0-8D11-00A0C91BC942}") = "Bai_109", "Bai_109\Bai_109.vcxproj", "{31D22D8D-3A90-4A1D-9667-BCAF3F9A9FE5}"
EndProject
Project("{8BC9CEB8-8B4A-11D0-8D11-00A0C91BC942}") = "Bai_115", "Bai_115\Bai_115.vcxproj", "{8772F25E-81C9-452C-81B8-3DD2BAF96467}"
EndProject
Project("{8BC9CEB8-8B4A-11D0-8D11-00A0C91BC942}") = "Bai_121", "Bai_121\Bai_121.vcxproj", "{0291E567-2B95-43E8-B9EB-E4F37A497540}"
EndProject
Project("{8BC9CEB8-8B4A-11D0-8D11-00A0C91BC942}") = "Bai_127", "Bai_127\Bai_127.vcxproj", "{659143E8-E22E-4CCC-955C-9F3519E9D83D}"
EndProject
Project("{8BC9CEB8-8B4A-11D0-8D11-00A0C91BC942}") = "Bai_133", "Bai_133\Bai_133.vcxproj", "{5A92B675-4DE2-4B3D-86EE-E1F0F156C725}"
EndProject
Project("{8BC9CEB8-8B4A-11D0-8D11-00A0C91BC942}") = "Bai_139", "Bai_139\Bai_139.vcxproj", "{6A8F3890-9995-498D-AA78-6B3866255257}"
EndProject
Project("{8BC9CEB8-8B4A-11D0-8D11-00A0C91BC942}") = "Bai_145", "Bai_145\Bai_145.vcxproj", "{01F04804-61FA-46D7-863E-B500058FE5F9}"
EndProject
Project("{8BC9CEB8-8B4A-11D0-8D11-00A0C91BC942}") = "Bai_151", "Bai_151\Bai_151.vcxproj", "{C196ADFC-E642-47C7-9E1F-EDB891BA5112}"
EndProject
Project("{8BC9CEB8-8B4A-11D0-8D11-00A0C91BC942}") = "Bai_157", "Bai_157\Bai_157.vcxproj", "{CE7EB340-FA9F-4E08-B51A-42FAD952AB91}"
EndProject
Project("{8BC9CEB8-8B4A-11D0-8D11-00A0C91BC942}") = "Bai_163", "Bai_163\Bai_163.vcxproj", "{41137082-063A-4DEA-BFD1-E2EDD3E75E38}"
EndProject
Project("{8BC9CEB8-8B4A-11D0-8D11-00A0C91BC942}") = "Bai_169", "Bai_169\Bai_169.vcxproj", "{D1FC084C-A7FA-403A-859D-CE35953F7C51}"
EndProject
Project("{8BC9CEB8-8B4A-11D0-8D11-00A0C91BC942}") = "Bai_175", "Bai_175\Bai_175.vcxproj", "{CDC7FD09-2575-4137-9489-935633CC06CE}"
EndProject
Project("{8BC9CEB8-8B4A-11D0-8D11-00A0C91BC942}") = "Bai_181", "Bai_181\Bai_181.vcxproj", "{291EEC69-24B0-4781-A682-F6B8036FA544}"
EndProject
Project("{8BC9CEB8-8B4A-11D0-8D11-00A0C91BC942}") = "Bai_187", "Bai_187\Bai_187.vcxproj", "{A8CFE9EC-4C95-4732-8CCA-F8783D5E6B64}"
EndProject
Global
	GlobalSection(SolutionConfigurationPlatforms) = preSolution
		Debug|x64 = Debug|x64
		Debug|x86 = Debug|x86
		Release|x64 = Release|x64
		Release|x86 = Release|x86
	EndGlobalSection
	GlobalSection(ProjectConfigurationPlatforms) = postSolution
		{2B509D8F-B4B8-4564-A1EC-B6388F88A39C}.Debug|x64.ActiveCfg = Debug|x64
		{2B509D8F-B4B8-4564-A1EC-B6388F88A39C}.Debug|x64.Build.0 = Debug|x64
		{2B509D8F-B4B8-4564-A1EC-B6388F88A39C}.Debug|x86.ActiveCfg = Debug|Win32
		{2B509D8F-B4B8-4564-A1EC-B6388F88A39C}.Debug|x86.Build.0 = Debug|Win32
		{2B509D8F-B4B8-4564-A1EC-B6388F88A39C}.Release|x64.ActiveCfg = Release|x64
		{2B509D8F-B4B8-4564-A1EC-B6388F88A39C}.Release|x64.Build.0 = Release|x64
		{2B509D8F-B4B8-4564-A1EC-B6388F88A39C}.Release|x86.ActiveCfg = Release|Win32
		{2B509D8F-B4B8-4564-A1EC-B6388F88A39C}.Release|x86.Build.0 = Release|Win32
		{4167AB29-7BE2-4E15-86C2-68FA2B976517}.Debug|x64.ActiveCfg = Debug|x64
		{4167AB29-7BE2-4E15-86C2-68FA2B976517}.Debug|x64.Build.0 = Debug|x64
		{4167AB29-7BE2-4E15-86C2-68FA2B976517}.Debug|x86.ActiveCfg = Debug|Win32
		{4167AB29-7BE2-4E15-86C2-68FA2B976517}.Debug|x86.Build.0 = Debug|Win32
		{4167AB29-7BE2-4E15-86C2-68FA2B976517}.Release|x64.ActiveCfg = Release|x64
		{4167AB29-7BE2-4E15-86C2-68FA2B976517}.Release|x64.Build.0 = Release|x64
		{4167AB29-7BE2-4E15-86C2-68FA2B976517}.Release|x86.ActiveCfg = Release|Win32
		{4167AB29-7BE2-4E15-86C2-68FA2B976517}.Release|x86.Build.0 = Release|Win32
		{9F42B78C-6226-41F3-A03A-FC30D687795F}.Debug|x64.ActiveCfg = Debug|x64
		{9F42B78C-6226-41F3-A03A-FC30D687795F}.Debug|x64.Build.0 = Debug|x64
		{9F42B78C-6226-41F3-A03A-FC30D687795F}.Debug|x86.ActiveCfg = Debug|Win32
		{9F42B78C-6226-41F3-A03A-FC30D687795F}.Debug|x86.Build.0 = Debug|Win32
		{9F42B78C-6226-41F3-A03A-FC30D687795F}.Release|x64.ActiveCfg = Release|x64
		{9F42B78C-6226-41F3-A03A-FC30D687795F}.Release|x64.Build.0 = Release|x64
		{9F42B78C-6226-41F3-A03A-FC30D687795F}.Release|x86.ActiveCfg = Release|Win32
		{9F42B78C-6226-41F3-A03A-FC30D687795F}.Release|x86.Build.0 = Release|Win32
		{1F7E2DA8-6702-4E6C-B82B-6C707778CF22}.Debug|x64.ActiveCfg = Debug|x64
		{1F7E2DA8-6702-4E6C-B82B-6C707778CF22}.Debug|x64.Build.0 = Debug|x64
		{1F7E2DA8-6702-4E6C-B82B-6C707778CF22}.Debug|x86.ActiveCfg = Debug|Win32
		{1F7E2DA8-6702-4E6C-B82B-6C707778CF22}.Debug|x86.Build.0 = Debug|Win32
		{1F7E2DA8-6702-4E6C-B82B-6C707778CF22}.Release|x64.ActiveCfg = Release|x64
		{1F7E2DA8-6702-4E6C-B82B-6C707778CF22}.Release|x64.Build.0 = Release|x64
		{1F7E2DA8-6702-4E6C-B82B-6C707778CF22}.Release|x86.ActiveCfg = Release|Win32
		{1F7E2DA8-6702-4E6C-B82B-6C707778CF22}.Release|x86.Build.0 = Release|Win32
		{C5F32147-0CF9-4A3E-84B3-001CA1FA486E}.Debug|x64.ActiveCfg = Debug|x64
		{C5F32147-0CF9-4A3E-84B3-001CA1FA486E}.Debug|x64.Build.0 = Debug|x64
		{C5F32147-0CF9-4A3E-84B3-001CA1FA486E}.Debug|x86.ActiveCfg = Debug|Win32
		{C5F32147-0CF9-4A3E-84B3-001CA1FA486E}.Debug|x86.Build.0 = Debug|Win32
		{C5F32147-0CF9-4A3E-84B3-001CA1FA486E}.Release|x64.ActiveCfg = Release|x64
		{C5F32147-0CF9-4A3E-84B3-001CA1FA486E}.Release|x64.Build.0 = Release|x64
		{C5F32147-0CF9-4A3E-84B3-001CA1FA486E}.Release|x86.ActiveCfg = Release|Win32
		{C5F32147-0CF9-4A3E-84B3-001CA1FA486E}.Release|x86.Build.0 = Release|Win32
		{FB5B295C-1D0E-4A2D-B067-146F62E09854}.Debug|x64.ActiveCfg = Debug|x64
		{FB5B295C-1D0E-4A2D-B067-146F62E09854}.Debug|x64.Build.0 = Debug|x64
		{FB5B295C-1D0E-4A2D-B067-146F62E09854}.Debug|x86.ActiveCfg = Debug|Win32
		{FB5B295C-1D0E-4A2D-B067-146F62E09854}.Debug|x86.Build.0 = Debug|Win32
		{FB5B295C-1D0E-4A2D-B067-146F62E09854}.Release|x64.ActiveCfg = Release|x64
		{FB5B295C-1D0E-4A2D-B067-146F62E09854}.Release|x64.Build.0 = Release|x64
		{FB5B295C-1D0E-4A2D-B067-146F62E09854}.Release|x86.ActiveCfg = Release|Win32
		{FB5B295C-1D0E-4A2D-B067-146F62E09854}.Release|x86.Build.0 = Release|Win32
		{33AE69D8-40B6-4924-8EBA-4C9BB53F841E}.Debug|x64.ActiveCfg = Debug|x64
		{33AE69D8-40B6-4924-8EBA-4C9BB53F841E}.Debug|x64.Build.0 = Debug|x64
		{33AE69D8-40B6-4924-8EBA-4C9BB53F841E}.Debug|x86.ActiveCfg = Debug|Win32
		{33AE69D8-40B6-4924-8EBA-4C9BB53F841E}.Debug|x86.Build.0 = Debug|Win32
		{33AE69D8-40B6-4924-8EBA-4C9BB53F841E}.Release|x64.ActiveCfg = Release|x64
		{33AE69D8-40B6-4924-8EBA-4C9BB53F841E}.Release|x64.Build.0 = Release|x64
		{33AE69D8-40B6-4924-8EBA-4C9BB53F841E}.Release|x86.ActiveCfg = Release|Win32
		{33AE69D8-40B6-4924-8EBA-4C9BB53F841E}.Release|x86.Build.0 = Release|Win32
		{3C470AC8-D185-4802-B0EF-6EB61CE67B32}.Debug|x64.ActiveCfg = Debug|x64
		{3C470AC8-D185-4802-B0EF-6EB61CE67B32}.Debug|x64.Build.0 = Debug|x64
		{3C470AC8-D185-4802-B0EF-6EB61CE67B32}.Debug|x86.ActiveCfg = Debug|Win32
		{3C470AC8-D185-4802-B0EF-6EB61CE67B32}.Debug|x86.Build.0 = Debug|Win32
		{3C470AC8-D185-4802-B0EF-6EB61CE67B32}.Release|x64.ActiveCfg = Release|x64
		{3C470AC8-D185-4802-B0EF-6EB61CE67B32}.Release|x64.Build.0 = Release|x64
		{3C470AC8-D185-4802-B0EF-6EB61CE67B32}.Release|x86.ActiveCfg = Release|Win32
		{3C470AC8-D185-4802-B0EF-6EB61CE67B32}.Release|x86.Build.0 = Release|Win32
		{53143360-18A3-4FF3-AE09-AEE241D52E7E}.Debug|x64.ActiveCfg = Debug|x64
		{53143360-18A3-4FF3-AE09-AEE241D52E7E}.Debug|x64.Build.0 = Debug|x64
		{53143360-18A3-4FF3-AE09-AEE241D52E7E}.Debug|x86.ActiveCfg = Debug|Win32
		{53143360-18A3-4FF3-AE09-AEE241D52E7E}.Debug|x86.Build.0 = Debug|Win32
		{53143360-18A3-4FF3-AE09-AEE241D52E7E}.Release|x64.ActiveCfg = Release|x64
		{53143360-18A3-4FF3-AE09-AEE241D52E7E}.Release|x64.Build.0 = Release|x64
		{53143360-18A3-4FF3-AE09-AEE241D52E7E}.Release|x86.ActiveCfg = Release|Win32
		{53143360-18A3-4FF3-AE09-AEE241D52E7E}.Release|x86.Build.0 = Release|Win32
		{14BD92CC-BAAD-412E-BDCC-913315566262}.Debug|x64.ActiveCfg = Debug|x64
		{14BD92CC-BAAD-412E-BDCC-913315566262}.Debug|x64.Build.0 = Debug|x64
		{14BD92CC-BAAD-412E-BDCC-913315566262}.Debug|x86.ActiveCfg = Debug|Win32
		{14BD92CC-BAAD-412E-BDCC-913315566262}.Debug|x86.Build.0 = Debug|Win32
		{14BD92CC-BAAD-412E-BDCC-913315566262}.Release|x64.ActiveCfg = Release|x64
		{14BD92CC-BAAD-412E-BDCC-913315566262}.Release|x64.Build.0 = Release|x64
		{14BD92CC-BAAD-412E-BDCC-913315566262}.Release|x86.ActiveCfg = Release|Win32
		{14BD92CC-BAAD-412E-BDCC-913315566262}.Release|x86.Build.0 = Release|Win32
		{D43DA57A-50AB-49CC-B81A-93535583C5D7}.Debug|x64.ActiveCfg = Debug|x64
		{D43DA57A-50AB-49CC-B81A-93535583C5D7}.Debug|x64.Build.0 = Debug|x64
		{D43DA57A-50AB-49CC-B81A-93535583C5D7}.Debug|x86.ActiveCfg = Debug|Win32
		{D43DA57A-50AB-49CC-B81A-93535583C5D7}.Debug|x86.Build.0 = Debug|Win32
		{D43DA57A-50AB-49CC-B81A-93535583C5D7}.Release|x64.ActiveCfg = Release|x64
		{D43DA57A-50AB-49CC-B81A-93535583C5D7}.Release|x64.Build.0 = Release|x64
		{D43DA57A-50AB-49CC-B81A-93535583C5D7}.Release|x86.ActiveCfg = Release|Win32
		{D43DA57A-50AB-49CC-B81A-93535583C5D7}.Release|x86.Build.0 = Release|Win32
		{1BDAE1F5-ADEB-4413-877A-9AD397FFAE6F}.Debug|x64.ActiveCfg = Debug|x64
		{1BDAE1F5-ADEB-4413-877A-9AD397FFAE6F}.Debug|x64.Build.0 = Debug|x64
		{1BDAE1F5-ADEB-4413-877A-9AD397FFAE6F}.Debug|x86.ActiveCfg = Debug|Win32
		{1BDAE1F5-ADEB-4413-877A-9AD397FFAE6F}.Debug|x86.Build.0 = Debug|Win32
		{1BDAE1F5-ADEB-4413-877A-9AD397FFAE6F}.Release|x64.ActiveCfg = Release|x64
		{1BDAE1F5-ADEB-4413-877A-9AD397FFAE6F}.Release|x64.Build.0 = Release|x64
		{1BDAE1F5-ADEB-4413-877A-9AD397FFAE6F}.Release|x86.ActiveCfg = Release|Win32
		{1BDAE1F5-ADEB-4413-877A-9AD397FFAE6F}.Release|x86.Build.0 = Release|Win32
		{09D1F8A0-A742-4CCA-A9B3-89218819D4AA}.Debug|x64.ActiveCfg = Debug|x64
		{09D1F8A0-A742-4CCA-A9B3-89218819D4AA}.Debug|x64.Build.0 = Debug|x64
		{09D1F8A0-A742-4CCA-A9B3-89218819D4AA}.Debug|x86.ActiveCfg = Debug|Win32
		{09D1F8A0-A742-4CCA-A9B3-89218819D4AA}.Debug|x86.Build.0 = Debug|Win32
		{09D1F8A0-A742-4CCA-A9B3-89218819D4AA}.Release|x64.ActiveCfg = Release|x64
		{09D1F8A0-A742-4CCA-A9B3-89218819D4AA}.Release|x64.Build.0 = Release|x64
		{09D1F8A0-A742-4CCA-A9B3-89218819D4AA}.Release|x86.ActiveCfg = Release|Win32
		{09D1F8A0-A742-4CCA-A9B3-89218819D4AA}.Release|x86.Build.0 = Release|Win32
		{399E436F-49DD-403C-9451-8D3F45673A07}.Debug|x64.ActiveCfg = Debug|x64
		{399E436F-49DD-403C-9451-8D3F45673A07}.Debug|x64.Build.0 = Debug|x64
		{399E436F-49DD-403C-9451-8D3F45673A07}.Debug|x86.ActiveCfg = Debug|Win32
		{399E436F-49DD-403C-9451-8D3F45673A07}.Debug|x86.Build.0 = Debug|Win32
		{399E436F-49DD-403C-9451-8D3F45673A07}.Release|x64.ActiveCfg = Release|x64
		{399E436F-49DD-403C-9451-8D3F45673A07}.Release|x64.Build.0 = Release|x64
		{399E436F-49DD-403C-9451-8D3F45673A07}.Release|x86.ActiveCfg = Release|Win32
		{399E436F-49DD-403C-9451-8D3F45673A07}.Release|x86.Build.0 = Release|Win32
		{DDC7A6BC-9289-466D-B95E-ADB522B01717}.Debug|x64.ActiveCfg = Debug|x64
		{DDC7A6BC-9289-466D-B95E-ADB522B01717}.Debug|x64.Build.0 = Debug|x64
		{DDC7A6BC-9289-466D-B95E-ADB522B01717}.Debug|x86.ActiveCfg = Debug|Win32
		{DDC7A6BC-9289-466D-B95E-ADB522B01717}.Debug|x86.Build.0 = Debug|Win32
		{DDC7A6BC-9289-466D-B95E-ADB522B01717}.Release|x64.ActiveCfg = Release|x64
		{DDC7A6BC-9289-466D-B95E-ADB522B01717}.Release|x64.Build.0 = Release|x64
		{DDC7A6BC-9289-466D-B95E-ADB522B01717}.Release|x86.ActiveCfg = Release|Win32
		{DDC7A6BC-9289-466D-B95E-ADB522B01717}.Release|x86.Build.0 = Release|Win32
		{76FC88D3-2329-4733-AD7A-B1837C114EB5}.Debug|x64.ActiveCfg = Debug|x64
		{76FC88D3-2329-4733-AD7A-B1837C114EB5}.Debug|x64.Build.0 = Debug|x64
		{76FC88D3-2329-4733-AD7A-B1837C114EB5}.Debug|x86.ActiveCfg = Debug|Win32
		{76FC88D3-2329-4733-AD7A-B1837C114EB5}.Debug|x86.Build.0 = Debug|Win32
		{76FC88D3-2329-4733-AD7A-B1837C114EB5}.Release|x64.ActiveCfg = Release|x64
		{76FC88D3-2329-4733-AD7A-B1837C114EB5}.Release|x64.Build.0 = Release|x64
		{76FC88D3-2329-4733-AD7A-B1837C114EB5}.Release|x86.ActiveCfg = Release|Win32
		{76FC88D3-2329-4733-AD7A-B1837C114EB5}.Release|x86.Build.0 = Release|Win32
		{CA8E7069-35E0-4DDD-8B74-A2ADE462A2D5}.Debug|x64.ActiveCfg = Debug|x64
		{CA8E7069-35E0-4DDD-8B74-A2ADE462A2D5}.Debug|x64.Build.0 = Debug|x64
		{CA8E7069-35E0-4DDD-8B74-A2ADE462A2D5}.Debug|x86.ActiveCfg = Debug|Win32
		{CA8E7069-35E0-4DDD-8B74-A2ADE462A2D5}.Debug|x86.Build.0 = Debug|Win32
		{CA8E7069-35E0-4DDD-8B74-A2ADE462A2D5}.Release|x64.ActiveCfg = Release|x64
		{CA8E7069-35E0-4DDD-8B74-A2ADE462A2D5}.Release|x64.Build.0 = Release|x64
		{CA8E7069-35E0-4DDD-8B74-A2ADE462A2D5}.Release|x86.ActiveCfg = Release|Win32
		{CA8E7069-35E0-4DDD-8B74-A2ADE462A2D5}.Release|x86.Build.0 = Release|Win32
		{66288D11-E3E7-4F63-B46A-72B9DF2390AB}.Debug|x64.ActiveCfg = Debug|x64
		{66288D11-E3E7-4F63-B46A-72B9DF2390AB}.Debug|x64.Build.0 = Debug|x64
		{66288D11-E3E7-4F63-B46A-72B9DF2390AB}.Debug|x86.ActiveCfg = Debug|Win32
		{66288D11-E3E7-4F63-B46A-72B9DF2390AB}.Debug|x86.Build.0 = Debug|Win32
		{66288D11-E3E7-4F63-B46A-72B9DF2390AB}.Release|x64.ActiveCfg = Release|x64
		{66288D11-E3E7-4F63-B46A-72B9DF2390AB}.Release|x64.Build.0 = Release|x64
		{66288D11-E3E7-4F63-B46A-72B9DF2390AB}.Release|x86.ActiveCfg = Release|Win32
		{66288D11-E3E7-4F63-B46A-72B9DF2390AB}.Release|x86.Build.0 = Release|Win32
		{31D22D8D-3A90-4A1D-9667-BCAF3F9A9FE5}.Debug|x64.ActiveCfg = Debug|x64
		{31D22D8D-3A90-4A1D-9667-BCAF3F9A9FE5}.Debug|x64.Build.0 = Debug|x64
		{31D22D8D-3A90-4A1D-9667-BCAF3F9A9FE5}.Debug|x86.ActiveCfg = Debug|Win32
		{31D22D8D-3A90-4A1D-9667-BCAF3F9A9FE5}.Debug|x86.Build.0 = Debug|Win32
		{31D22D8D-3A90-4A1D-9667-BCAF3F9A9FE5}.Release|x64.ActiveCfg = Release|x64
		{31D22D8D-3A90-4A1D-9667-BCAF3F9A9FE5}.Release|x64.Build.0 = Release|x64
		{31D22D8D-3A90-4A1D-9667-BCAF3F9A9FE5}.Release|x86.ActiveCfg = Release|Win32
		{31D22D8D-3A90-4A1D-9667-BCAF3F9A9FE5}.Release|x86.Build.0 = Release|Win32
		{8772F25E-81C9-452C-81B8-3DD2BAF96467}.Debug|x64.ActiveCfg = Debug|x64
		{8772F25E-81C9-452C-81B8-3DD2BAF96467}.Debug|x64.Build.0 = Debug|x64
		{8772F25E-81C9-452C-81B8-3DD2BAF96467}.Debug|x86.ActiveCfg = Debug|Win32
		{8772F25E-81C9-452C-81B8-3DD2BAF96467}.Debug|x86.Build.0 = Debug|Win32
		{8772F25E-81C9-452C-81B8-3DD2BAF96467}.Release|x64.ActiveCfg = Release|x64
		{8772F25E-81C9-452C-81B8-3DD2BAF96467}.Release|x64.Build.0 = Release|x64
		{8772F25E-81C9-452C-81B8-3DD2BAF96467}.Release|x86.ActiveCfg = Release|Win32
		{8772F25E-81C9-452C-81B8-3DD2BAF96467}.Release|x86.Build.0 = Release|Win32
		{0291E567-2B95-43E8-B9EB-E4F37A497540}.Debug|x64.ActiveCfg = Debug|x64
		{0291E567-2B95-43E8-B9EB-E4F37A497540}.Debug|x64.Build.0 = Debug|x64
		{0291E567-2B95-43E8-B9EB-E4F37A497540}.Debug|x86.ActiveCfg = Debug|Win32
		{0291E567-2B95-43E8-B9EB-E4F37A497540}.Debug|x86.Build.0 = Debug|Win32
		{0291E567-2B95-43E8-B9EB-E4F37A497540}.Release|x64.ActiveCfg = Release|x64
		{0291E567-2B95-43E8-B9EB-E4F37A497540}.Release|x64.Build.0 = Release|x64
		{0291E567-2B95-43E8-B9EB-E4F37A497540}.Release|x86.ActiveCfg = Release|Win32
		{0291E567-2B95-43E8-B9EB-E4F37A497540}.Release|x86.Build.0 = Release|Win32
		{659143E8-E22E-4CCC-955C-9F3519E9D83D}.Debug|x64.ActiveCfg = Debug|x64
		{659143E8-E22E-4CCC-955C-9F3519E9D83D}.Debug|x64.Build.0 = Debug|x64
		{659143E8-E22E-4CCC-955C-9F3519E9D83D}.Debug|x86.ActiveCfg = Debug|Win32
		{659143E8-E22E-4CCC-955C-9F3519E9D83D}.Debug|x86.Build.0 = Debug|Win32
		{659143E8-E22E-4CCC-955C-9F3519E9D83D}.Release|x64.ActiveCfg = Release|x64
		{659143E8-E22E-4CCC-955C-9F3519E9D83D}.Release|x64.Build.0 = Release|x64
		{659143E8-E22E-4CCC-955C-9F3519E9D83D}.Release|x86.ActiveCfg = Release|Win32
		{659143E8-E22E-4CCC-955C-9F3519E9D83D}.Release|x86.Build.0 = Release|Win32
		{5A92B675-4DE2-4B3D-86EE-E1F0F156C725}.Debug|x64.ActiveCfg = Debug|x64
		{5A92B675-4DE2-4B3D-86EE-E1F0F156C725}.Debug|x64.Build.0 = Debug|x64
		{5A92B675-4DE2-4B3D-86EE-E1F0F156C725}.Debug|x86.ActiveCfg = Debug|Win32
		{5A92B675-4DE2-4B3D-86EE-E1F0F156C725}.Debug|x86.Build.0 = Debug|Win32
		{5A92B675-4DE2-4B3D-86EE-E1F0F156C725}.Release|x64.ActiveCfg = Release|x64
		{5A92B675-4DE2-4B3D-86EE-E1F0F156C725}.Release|x64.Build.0 = Release|x64
		{5A92B675-4DE2-4B3D-86EE-E1F0F156C725}.Release|x86.ActiveCfg = Release|Win32
		{5A92B675-4DE2-4B3D-86EE-E1F0F156C725}.Release|x86.Build.0 = Release|Win32
		{6A8F3890-9995-498D-AA78-6B3866255257}.Debug|x64.ActiveCfg = Debug|x64
		{6A8F3890-9995-498D-AA78-6B3866255257}.Debug|x64.Build.0 = Debug|x64
		{6A8F3890-9995-498D-AA78-6B3866255257}.Debug|x86.ActiveCfg = Debug|Win32
		{6A8F3890-9995-498D-AA78-6B3866255257}.Debug|x86.Build.0 = Debug|Win32
		{6A8F3890-9995-498D-AA78-6B3866255257}.Release|x64.ActiveCfg = Release|x64
		{6A8F3890-9995-498D-AA78-6B3866255257}.Release|x64.Build.0 = Release|x64
		{6A8F3890-9995-498D-AA78-6B3866255257}.Release|x86.ActiveCfg = Release|Win32
		{6A8F3890-9995-498D-AA78-6B3866255257}.Release|x86.Build.0 = Release|Win32
		{01F04804-61FA-46D7-863E-B500058FE5F9}.Debug|x64.ActiveCfg = Debug|x64
		{01F04804-61FA-46D7-863E-B500058FE5F9}.Debug|x64.Build.0 = Debug|x64
		{01F04804-61FA-46D7-863E-B500058FE5F9}.Debug|x86.ActiveCfg = Debug|Win32
		{01F04804-61FA-46D7-863E-B500058FE5F9}.Debug|x86.Build.0 = Debug|Win32
		{01F04804-61FA-46D7-863E-B500058FE5F9}.Release|x64.ActiveCfg = Release|x64
		{01F04804-61FA-46D7-863E-B500058FE5F9}.Release|x64.Build.0 = Release|x64
		{01F04804-61FA-46D7-863E-B500058FE5F9}.Release|x86.ActiveCfg = Release|Win32
		{01F04804-61FA-46D7-863E-B500058FE5F9}.Release|x86.Build.0 = Release|Win32
		{C196ADFC-E642-47C7-9E1F-EDB891BA5112}.Debug|x64.ActiveCfg = Debug|x64
		{C196ADFC-E642-47C7-9E1F-EDB891BA5112}.Debug|x64.Build.0 = Debug|x64
		{C196ADFC-E642-47C7-9E1F-EDB891BA5112}.Debug|x86.ActiveCfg = Debug|Win32
		{C196ADFC-E642-47C7-9E1F-EDB891BA5112}.Debug|x86.Build.0 = Debug|Win32
		{C196ADFC-E642-47C7-9E1F-EDB891BA5112}.Release|x64.ActiveCfg = Release|x64
		{C196ADFC-E642-47C7-9E1F-EDB891BA5112}.Release|x64.Build.0 = Release|x64
		{C196ADFC-E642-47C7-9E1F-EDB891BA5112}.Release|x86.ActiveCfg = Release|Win32
		{C196ADFC-E642-47C7-9E1F-EDB891BA5112}.Release|x86.Build.0 = Release|Win32
		{CE7EB340-FA9F-4E08-B51A-42FAD952AB91}.Debug|x64.ActiveCfg = Debug|x64
		{CE7EB340-FA9F-4E08-B51A-42FAD952AB91}.Debug|x64.Build.0 = Debug|x64
		{CE7EB340-FA9F-4E08-B51A-42FAD952AB91}.Debug|x86.ActiveCfg = Debug|Win32
		{CE7EB340-FA9F-4E08-B51A-42FAD952AB91}.Debug|x86.Build.0 = Debug|Win32
		{CE7EB340-FA9F-4E08-B51A-42FAD952AB91}.Release|x64.ActiveCfg = Release|x64
		{CE7EB340-FA9F-4E08-B51A-42FAD952AB91}.Release|x64.Build.0 = Release|x64
		{CE7EB340-FA9F-4E08-B51A-42FAD952AB91}.Release|x86.ActiveCfg = Release|Win32
		{CE7EB340-FA9F-4E08-B51A-42FAD952AB91}.Release|x86.Build.0 = Release|Win32
		{41137082-063A-4DEA-BFD1-E2EDD3E75E38}.Debug|x64.ActiveCfg = Debug|x64
		{41137082-063A-4DEA-BFD1-E2EDD3E75E38}.Debug|x64.Build.0 = Debug|x64
		{41137082-063A-4DEA-BFD1-E2EDD3E75E38}.Debug|x86.ActiveCfg = Debug|Win32
		{41137082-063A-4DEA-BFD1-E2EDD3E75E38}.Debug|x86.Build.0 = Debug|Win32
		{41137082-063A-4DEA-BFD1-E2EDD3E75E38}.Release|x64.ActiveCfg = Release|x64
		{41137082-063A-4DEA-BFD1-E2EDD3E75E38}.Release|x64.Build.0 = Release|x64
		{41137082-063A-4DEA-BFD1-E2EDD3E75E38}.Release|x86.ActiveCfg = Release|Win32
		{41137082-063A-4DEA-BFD1-E2EDD3E75E38}.Release|x86.Build.0 = Release|Win32
		{D1FC084C-A7FA-403A-859D-CE35953F7C51}.Debug|x64.ActiveCfg = Debug|x64
		{D1FC084C-A7FA-403A-859D-CE35953F7C51}.Debug|x64.Build.0 = Debug|x64
		{D1FC084C-A7FA-403A-859D-CE35953F7C51}.Debug|x86.ActiveCfg = Debug|Win32
		{D1FC084C-A7FA-403A-859D-CE35953F7C51}.Debug|x86.Build.0 = Debug|Win32
		{D1FC084C-A7FA-403A-859D-CE35953F7C51}.Release|x64.ActiveCfg = Release|x64
		{D1FC084C-A7FA-403A-859D-CE35953F7C51}.Release|x64.Build.0 = Release|x64
		{D1FC084C-A7FA-403A-859D-CE35953F7C51}.Release|x86.ActiveCfg = Release|Win32
		{D1FC084C-A7FA-403A-859D-CE35953F7C51}.Release|x86.Build.0 = Release|Win32
		{CDC7FD09-2575-4137-9489-935633CC06CE}.Debug|x64.ActiveCfg = Debug|x64
		{CDC7FD09-2575-4137-9489-935633CC06CE}.Debug|x64.Build.0 = Debug|x64
		{CDC7FD09-2575-4137-9489-935633CC06CE}.Debug|x86.ActiveCfg = Debug|Win32
		{CDC7FD09-2575-4137-9489-935633CC06CE}.Debug|x86.Build.0 = Debug|Win32
		{CDC7FD09-2575-4137-9489-935633CC06CE}.Release|x64.ActiveCfg = Release|x64
		{CDC7FD09-2575-4137-9489-935633CC06CE}.Release|x64.Build.0 = Release|x64
		{CDC7FD09-2575-4137-9489-935633CC06CE}.Release|x86.ActiveCfg = Release|Win32
		{CDC7FD09-2575-4137-9489-935633CC06CE}.Release|x86.Build.0 = Release|Win32
		{291EEC69-24B0-4781-A682-F6B8036FA544}.Debug|x64.ActiveCfg = Debug|x64
		{291EEC69-24B0-4781-A682-F6B8036FA544}.Debug|x64.Build.0 = Debug|x64
		{291EEC69-24B0-4781-A682-F6B8036FA544}.Debug|x86.ActiveCfg = Debug|Win32
		{291EEC69-24B0-4781-A682-F6B8036FA544}.Debug|x86.Build.0 = Debug|Win32
		{291EEC69-24B0-4781-A682-F6B8036FA544}.Release|x64.ActiveCfg = Release|x64
		{291EEC69-24B0-4781-A682-F6B8036FA544}.Release|x64.Build.0 = Release|x64
		{291EEC69-24B0-4781-A682-F6B8036FA544}.Release|x86.ActiveCfg = Release|Win32
		{291EEC69-24B0-4781-A682-F6B8036FA544}.Release|x86.Build.0 = Release|Win32
		{A8CFE9EC-4C95-4732-8CCA-F8783D5E6B64}.Debug|x64.ActiveCfg = Debug|x64
		{A8CFE9EC-4C95-4732-8CCA-F8783D5E6B64}.Debug|x64.Build.0 = Debug|x64
		{A8CFE9EC-4C95-4732-8CCA-F8783D5E6B64}.Debug|x86.ActiveCfg = Debug|Win32
		{A8CFE9EC-4C95-4732-8CCA-F8783D5E6B64}.Debug|x86.Build.0 = Debug|Win32
		{A8CFE9EC-4C95-4732-8CCA-F8783D5E6B64}.Release|x64.ActiveCfg = Release|x64
		{A8CFE9EC-4C95-4732-8CCA-F8783D5E6B64}.Release|x64.Build.0 = Release|x64
		{A8CFE9EC-4C95-4732-8CCA-F8783D5E6B64}.Release|x86.ActiveCfg = Release|Win32
		{A8CFE9EC-4C95-4732-8CCA-F8783D5E6B64}.Release|x86.Build.0 = Release|Win32
	EndGlobalSection
	GlobalSection(SolutionProperties) = preSolution
		HideSolutionNode = FALSE
	EndGlobalSection
	GlobalSection(ExtensibilityGlobals) = postSolution
		SolutionGuid = {FBE1D10E-FE7A-478B-8BCB-83A4F6549403}
	EndGlobalSection
EndGlobal
