
Microsoft Visual Studio Solution File, Format Version 12.00
# Visual Studio Version 17
VisualStudioVersion = 17.7.34031.279
MinimumVisualStudioVersion = 10.0.40219.1
Project("{8BC9CEB8-8B4A-11D0-8D11-00A0C91BC942}") = "Bai004", "Bai004\Bai004.vcxproj", "{3E94D3D4-E20D-44F2-9781-82F6483BCFA3}"
EndProject
Project("{8BC9CEB8-8B4A-11D0-8D11-00A0C91BC942}") = "Test", "Test\Test.vcxproj", "{1F5B1A0C-8B54-4F74-86DE-C99AECA23522}"
EndProject
Project("{8BC9CEB8-8B4A-11D0-8D11-00A0C91BC942}") = "Bai010", "Bai010\Bai010.vcxproj", "{91574EC4-9419-4821-B1CD-B8BADED3BDF1}"
EndProject
Project("{8BC9CEB8-8B4A-11D0-8D11-00A0C91BC942}") = "Bai016", "Bai011\Bai011.vcxproj", "{1E8956CE-E584-4CFC-B3C8-2D2DC2B795E8}"
EndProject
Project("{8BC9CEB8-8B4A-11D0-8D11-00A0C91BC942}") = "Bai022", "Bai022\Bai022.vcxproj", "{4DA38BDC-1E63-4798-9EC5-FDF520A90FF8}"
EndProject
Project("{8BC9CEB8-8B4A-11D0-8D11-00A0C91BC942}") = "Bai028", "Bai028\Bai028.vcxproj", "{3E7AEB67-350E-49DB-A1DE-B133D60311D5}"
EndProject
Project("{8BC9CEB8-8B4A-11D0-8D11-00A0C91BC942}") = "Bai034", "Bai034\Bai034.vcxproj", "{B47FC7C4-BF9B-45FE-A383-5AA26D35A5A6}"
EndProject
Project("{8BC9CEB8-8B4A-11D0-8D11-00A0C91BC942}") = "Bai040", "Bai040\Bai040.vcxproj", "{24E3CE69-1066-4B09-AF65-236821FF8650}"
EndProject
Project("{8BC9CEB8-8B4A-11D0-8D11-00A0C91BC942}") = "Bai046", "Bai046\Bai046.vcxproj", "{406E1012-6E4E-4B61-9369-B69240478B93}"
EndProject
Project("{8BC9CEB8-8B4A-11D0-8D11-00A0C91BC942}") = "Bai052", "Bai052\Bai052.vcxproj", "{2072D4A6-DB76-437F-9D70-4B29A31216AE}"
EndProject
Project("{8BC9CEB8-8B4A-11D0-8D11-00A0C91BC942}") = "Bai058", "Bai058\Bai058.vcxproj", "{4F4CD8B2-8E6D-4208-AE70-B7C9A5EED61C}"
EndProject
Project("{8BC9CEB8-8B4A-11D0-8D11-00A0C91BC942}") = "Bai064", "Bai064\Bai064.vcxproj", "{E0191977-DD48-498E-843B-2C40252F3655}"
EndProject
Project("{8BC9CEB8-8B4A-11D0-8D11-00A0C91BC942}") = "Bai070", "Bai070\Bai070.vcxproj", "{DDE3A286-BFFB-49CC-AF03-832BB3E8F5E3}"
EndProject
Project("{8BC9CEB8-8B4A-11D0-8D11-00A0C91BC942}") = "Bai076", "Bai076\Bai076.vcxproj", "{5095B4C7-B2F4-4E6D-84CE-1A4A7555C064}"
EndProject
Project("{8BC9CEB8-8B4A-11D0-8D11-00A0C91BC942}") = "Bai082", "Bai082\Bai082.vcxproj", "{F6B2AA99-24DE-4D7B-92F9-04AC0480E524}"
EndProject
Project("{8BC9CEB8-8B4A-11D0-8D11-00A0C91BC942}") = "Bai088", "Bai088\Bai088.vcxproj", "{9C3E0CF4-27CF-4600-8200-6E5E77E42F39}"
EndProject
Project("{8BC9CEB8-8B4A-11D0-8D11-00A0C91BC942}") = "Bai094", "Bai094\Bai094.vcxproj", "{2C5130A3-C721-4DF8-924A-577D27068136}"
EndProject
Project("{8BC9CEB8-8B4A-11D0-8D11-00A0C91BC942}") = "Bai100", "Bai100\Bai100.vcxproj", "{7ED45681-C303-40A0-9173-D0427BE7C292}"
EndProject
Project("{8BC9CEB8-8B4A-11D0-8D11-00A0C91BC942}") = "Bai106", "Bai106\Bai106.vcxproj", "{C614903A-8DB6-46C6-8E87-3A90644E5035}"
EndProject
Project("{8BC9CEB8-8B4A-11D0-8D11-00A0C91BC942}") = "Bai112", "Bai112\Bai112.vcxproj", "{AF2479B1-0B8F-4385-80F3-09488AE01BF6}"
EndProject
Project("{8BC9CEB8-8B4A-11D0-8D11-00A0C91BC942}") = "Bai118", "Bai118\Bai118.vcxproj", "{EDDAFA8C-D26F-4A4C-9708-980CD5624317}"
EndProject
Project("{8BC9CEB8-8B4A-11D0-8D11-00A0C91BC942}") = "Bai124", "Bai124\Bai124.vcxproj", "{AB83A3C1-EB15-418B-A268-CF8CE7B87447}"
EndProject
Project("{8BC9CEB8-8B4A-11D0-8D11-00A0C91BC942}") = "Bai130", "Bai130\Bai130.vcxproj", "{A224BF74-B1E7-4CC4-9C29-8BE5E027AFAD}"
EndProject
Project("{8BC9CEB8-8B4A-11D0-8D11-00A0C91BC942}") = "BAi136", "BAi136\BAi136.vcxproj", "{0B612C75-D1EB-4EEB-A810-167BE4FDB406}"
EndProject
Project("{8BC9CEB8-8B4A-11D0-8D11-00A0C91BC942}") = "Bai142", "Bai142\Bai142.vcxproj", "{09BB10F6-97FA-4C84-82E5-AC85DE95A907}"
EndProject
Project("{8BC9CEB8-8B4A-11D0-8D11-00A0C91BC942}") = "Bai148", "Bai148\Bai148.vcxproj", "{9F79F6B8-5016-464C-B992-3907699EF9FE}"
EndProject
Project("{8BC9CEB8-8B4A-11D0-8D11-00A0C91BC942}") = "Bai154", "Bai154\Bai154.vcxproj", "{69486739-3F87-4692-8099-E47342210ECA}"
EndProject
Project("{8BC9CEB8-8B4A-11D0-8D11-00A0C91BC942}") = "Bai160", "Bai160\Bai160.vcxproj", "{24FAE0F1-B622-432B-B52B-00CCF2FBF5CC}"
EndProject
Project("{8BC9CEB8-8B4A-11D0-8D11-00A0C91BC942}") = "Bai166", "Bai166\Bai166.vcxproj", "{DB4221B7-C81C-453F-8E8E-53111E4E1A50}"
EndProject
Project("{8BC9CEB8-8B4A-11D0-8D11-00A0C91BC942}") = "Bai172", "Bai172\Bai172.vcxproj", "{6C5A5A44-8E55-438A-B43E-CFDE71115388}"
EndProject
Project("{8BC9CEB8-8B4A-11D0-8D11-00A0C91BC942}") = "Bai178", "Bai178\Bai178.vcxproj", "{6B9F683E-BAD6-46C5-A32B-E5DF32F9C864}"
EndProject
Project("{8BC9CEB8-8B4A-11D0-8D11-00A0C91BC942}") = "Bai184", "Bai184\Bai184.vcxproj", "{B5260525-B876-4D41-8C07-A76B95795A87}"
EndProject
Project("{8BC9CEB8-8B4A-11D0-8D11-00A0C91BC942}") = "Bai016", "Bai016\Bai016.vcxproj", "{6F885B82-CA0B-48E3-8EEB-FA55A1A59D9F}"
EndProject
Global
	GlobalSection(SolutionConfigurationPlatforms) = preSolution
		Debug|x64 = Debug|x64
		Debug|x86 = Debug|x86
		Release|x64 = Release|x64
		Release|x86 = Release|x86
	EndGlobalSection
	GlobalSection(ProjectConfigurationPlatforms) = postSolution
		{3E94D3D4-E20D-44F2-9781-82F6483BCFA3}.Debug|x64.ActiveCfg = Debug|x64
		{3E94D3D4-E20D-44F2-9781-82F6483BCFA3}.Debug|x64.Build.0 = Debug|x64
		{3E94D3D4-E20D-44F2-9781-82F6483BCFA3}.Debug|x86.ActiveCfg = Debug|Win32
		{3E94D3D4-E20D-44F2-9781-82F6483BCFA3}.Debug|x86.Build.0 = Debug|Win32
		{3E94D3D4-E20D-44F2-9781-82F6483BCFA3}.Release|x64.ActiveCfg = Release|x64
		{3E94D3D4-E20D-44F2-9781-82F6483BCFA3}.Release|x64.Build.0 = Release|x64
		{3E94D3D4-E20D-44F2-9781-82F6483BCFA3}.Release|x86.ActiveCfg = Release|Win32
		{3E94D3D4-E20D-44F2-9781-82F6483BCFA3}.Release|x86.Build.0 = Release|Win32
		{1F5B1A0C-8B54-4F74-86DE-C99AECA23522}.Debug|x64.ActiveCfg = Debug|x64
		{1F5B1A0C-8B54-4F74-86DE-C99AECA23522}.Debug|x64.Build.0 = Debug|x64
		{1F5B1A0C-8B54-4F74-86DE-C99AECA23522}.Debug|x86.ActiveCfg = Debug|Win32
		{1F5B1A0C-8B54-4F74-86DE-C99AECA23522}.Debug|x86.Build.0 = Debug|Win32
		{1F5B1A0C-8B54-4F74-86DE-C99AECA23522}.Release|x64.ActiveCfg = Release|x64
		{1F5B1A0C-8B54-4F74-86DE-C99AECA23522}.Release|x64.Build.0 = Release|x64
		{1F5B1A0C-8B54-4F74-86DE-C99AECA23522}.Release|x86.ActiveCfg = Release|Win32
		{1F5B1A0C-8B54-4F74-86DE-C99AECA23522}.Release|x86.Build.0 = Release|Win32
		{91574EC4-9419-4821-B1CD-B8BADED3BDF1}.Debug|x64.ActiveCfg = Debug|x64
		{91574EC4-9419-4821-B1CD-B8BADED3BDF1}.Debug|x64.Build.0 = Debug|x64
		{91574EC4-9419-4821-B1CD-B8BADED3BDF1}.Debug|x86.ActiveCfg = Debug|Win32
		{91574EC4-9419-4821-B1CD-B8BADED3BDF1}.Debug|x86.Build.0 = Debug|Win32
		{91574EC4-9419-4821-B1CD-B8BADED3BDF1}.Release|x64.ActiveCfg = Release|x64
		{91574EC4-9419-4821-B1CD-B8BADED3BDF1}.Release|x64.Build.0 = Release|x64
		{91574EC4-9419-4821-B1CD-B8BADED3BDF1}.Release|x86.ActiveCfg = Release|Win32
		{91574EC4-9419-4821-B1CD-B8BADED3BDF1}.Release|x86.Build.0 = Release|Win32
		{1E8956CE-E584-4CFC-B3C8-2D2DC2B795E8}.Debug|x64.ActiveCfg = Debug|x64
		{1E8956CE-E584-4CFC-B3C8-2D2DC2B795E8}.Debug|x64.Build.0 = Debug|x64
		{1E8956CE-E584-4CFC-B3C8-2D2DC2B795E8}.Debug|x86.ActiveCfg = Debug|Win32
		{1E8956CE-E584-4CFC-B3C8-2D2DC2B795E8}.Debug|x86.Build.0 = Debug|Win32
		{1E8956CE-E584-4CFC-B3C8-2D2DC2B795E8}.Release|x64.ActiveCfg = Release|x64
		{1E8956CE-E584-4CFC-B3C8-2D2DC2B795E8}.Release|x64.Build.0 = Release|x64
		{1E8956CE-E584-4CFC-B3C8-2D2DC2B795E8}.Release|x86.ActiveCfg = Release|Win32
		{1E8956CE-E584-4CFC-B3C8-2D2DC2B795E8}.Release|x86.Build.0 = Release|Win32
		{4DA38BDC-1E63-4798-9EC5-FDF520A90FF8}.Debug|x64.ActiveCfg = Debug|x64
		{4DA38BDC-1E63-4798-9EC5-FDF520A90FF8}.Debug|x64.Build.0 = Debug|x64
		{4DA38BDC-1E63-4798-9EC5-FDF520A90FF8}.Debug|x86.ActiveCfg = Debug|Win32
		{4DA38BDC-1E63-4798-9EC5-FDF520A90FF8}.Debug|x86.Build.0 = Debug|Win32
		{4DA38BDC-1E63-4798-9EC5-FDF520A90FF8}.Release|x64.ActiveCfg = Release|x64
		{4DA38BDC-1E63-4798-9EC5-FDF520A90FF8}.Release|x64.Build.0 = Release|x64
		{4DA38BDC-1E63-4798-9EC5-FDF520A90FF8}.Release|x86.ActiveCfg = Release|Win32
		{4DA38BDC-1E63-4798-9EC5-FDF520A90FF8}.Release|x86.Build.0 = Release|Win32
		{3E7AEB67-350E-49DB-A1DE-B133D60311D5}.Debug|x64.ActiveCfg = Debug|x64
		{3E7AEB67-350E-49DB-A1DE-B133D60311D5}.Debug|x64.Build.0 = Debug|x64
		{3E7AEB67-350E-49DB-A1DE-B133D60311D5}.Debug|x86.ActiveCfg = Debug|Win32
		{3E7AEB67-350E-49DB-A1DE-B133D60311D5}.Debug|x86.Build.0 = Debug|Win32
		{3E7AEB67-350E-49DB-A1DE-B133D60311D5}.Release|x64.ActiveCfg = Release|x64
		{3E7AEB67-350E-49DB-A1DE-B133D60311D5}.Release|x64.Build.0 = Release|x64
		{3E7AEB67-350E-49DB-A1DE-B133D60311D5}.Release|x86.ActiveCfg = Release|Win32
		{3E7AEB67-350E-49DB-A1DE-B133D60311D5}.Release|x86.Build.0 = Release|Win32
		{B47FC7C4-BF9B-45FE-A383-5AA26D35A5A6}.Debug|x64.ActiveCfg = Debug|x64
		{B47FC7C4-BF9B-45FE-A383-5AA26D35A5A6}.Debug|x64.Build.0 = Debug|x64
		{B47FC7C4-BF9B-45FE-A383-5AA26D35A5A6}.Debug|x86.ActiveCfg = Debug|Win32
		{B47FC7C4-BF9B-45FE-A383-5AA26D35A5A6}.Debug|x86.Build.0 = Debug|Win32
		{B47FC7C4-BF9B-45FE-A383-5AA26D35A5A6}.Release|x64.ActiveCfg = Release|x64
		{B47FC7C4-BF9B-45FE-A383-5AA26D35A5A6}.Release|x64.Build.0 = Release|x64
		{B47FC7C4-BF9B-45FE-A383-5AA26D35A5A6}.Release|x86.ActiveCfg = Release|Win32
		{B47FC7C4-BF9B-45FE-A383-5AA26D35A5A6}.Release|x86.Build.0 = Release|Win32
		{24E3CE69-1066-4B09-AF65-236821FF8650}.Debug|x64.ActiveCfg = Debug|x64
		{24E3CE69-1066-4B09-AF65-236821FF8650}.Debug|x64.Build.0 = Debug|x64
		{24E3CE69-1066-4B09-AF65-236821FF8650}.Debug|x86.ActiveCfg = Debug|Win32
		{24E3CE69-1066-4B09-AF65-236821FF8650}.Debug|x86.Build.0 = Debug|Win32
		{24E3CE69-1066-4B09-AF65-236821FF8650}.Release|x64.ActiveCfg = Release|x64
		{24E3CE69-1066-4B09-AF65-236821FF8650}.Release|x64.Build.0 = Release|x64
		{24E3CE69-1066-4B09-AF65-236821FF8650}.Release|x86.ActiveCfg = Release|Win32
		{24E3CE69-1066-4B09-AF65-236821FF8650}.Release|x86.Build.0 = Release|Win32
		{406E1012-6E4E-4B61-9369-B69240478B93}.Debug|x64.ActiveCfg = Debug|x64
		{406E1012-6E4E-4B61-9369-B69240478B93}.Debug|x64.Build.0 = Debug|x64
		{406E1012-6E4E-4B61-9369-B69240478B93}.Debug|x86.ActiveCfg = Debug|Win32
		{406E1012-6E4E-4B61-9369-B69240478B93}.Debug|x86.Build.0 = Debug|Win32
		{406E1012-6E4E-4B61-9369-B69240478B93}.Release|x64.ActiveCfg = Release|x64
		{406E1012-6E4E-4B61-9369-B69240478B93}.Release|x64.Build.0 = Release|x64
		{406E1012-6E4E-4B61-9369-B69240478B93}.Release|x86.ActiveCfg = Release|Win32
		{406E1012-6E4E-4B61-9369-B69240478B93}.Release|x86.Build.0 = Release|Win32
		{2072D4A6-DB76-437F-9D70-4B29A31216AE}.Debug|x64.ActiveCfg = Debug|x64
		{2072D4A6-DB76-437F-9D70-4B29A31216AE}.Debug|x64.Build.0 = Debug|x64
		{2072D4A6-DB76-437F-9D70-4B29A31216AE}.Debug|x86.ActiveCfg = Debug|Win32
		{2072D4A6-DB76-437F-9D70-4B29A31216AE}.Debug|x86.Build.0 = Debug|Win32
		{2072D4A6-DB76-437F-9D70-4B29A31216AE}.Release|x64.ActiveCfg = Release|x64
		{2072D4A6-DB76-437F-9D70-4B29A31216AE}.Release|x64.Build.0 = Release|x64
		{2072D4A6-DB76-437F-9D70-4B29A31216AE}.Release|x86.ActiveCfg = Release|Win32
		{2072D4A6-DB76-437F-9D70-4B29A31216AE}.Release|x86.Build.0 = Release|Win32
		{4F4CD8B2-8E6D-4208-AE70-B7C9A5EED61C}.Debug|x64.ActiveCfg = Debug|x64
		{4F4CD8B2-8E6D-4208-AE70-B7C9A5EED61C}.Debug|x64.Build.0 = Debug|x64
		{4F4CD8B2-8E6D-4208-AE70-B7C9A5EED61C}.Debug|x86.ActiveCfg = Debug|Win32
		{4F4CD8B2-8E6D-4208-AE70-B7C9A5EED61C}.Debug|x86.Build.0 = Debug|Win32
		{4F4CD8B2-8E6D-4208-AE70-B7C9A5EED61C}.Release|x64.ActiveCfg = Release|x64
		{4F4CD8B2-8E6D-4208-AE70-B7C9A5EED61C}.Release|x64.Build.0 = Release|x64
		{4F4CD8B2-8E6D-4208-AE70-B7C9A5EED61C}.Release|x86.ActiveCfg = Release|Win32
		{4F4CD8B2-8E6D-4208-AE70-B7C9A5EED61C}.Release|x86.Build.0 = Release|Win32
		{E0191977-DD48-498E-843B-2C40252F3655}.Debug|x64.ActiveCfg = Debug|x64
		{E0191977-DD48-498E-843B-2C40252F3655}.Debug|x64.Build.0 = Debug|x64
		{E0191977-DD48-498E-843B-2C40252F3655}.Debug|x86.ActiveCfg = Debug|Win32
		{E0191977-DD48-498E-843B-2C40252F3655}.Debug|x86.Build.0 = Debug|Win32
		{E0191977-DD48-498E-843B-2C40252F3655}.Release|x64.ActiveCfg = Release|x64
		{E0191977-DD48-498E-843B-2C40252F3655}.Release|x64.Build.0 = Release|x64
		{E0191977-DD48-498E-843B-2C40252F3655}.Release|x86.ActiveCfg = Release|Win32
		{E0191977-DD48-498E-843B-2C40252F3655}.Release|x86.Build.0 = Release|Win32
		{DDE3A286-BFFB-49CC-AF03-832BB3E8F5E3}.Debug|x64.ActiveCfg = Debug|x64
		{DDE3A286-BFFB-49CC-AF03-832BB3E8F5E3}.Debug|x64.Build.0 = Debug|x64
		{DDE3A286-BFFB-49CC-AF03-832BB3E8F5E3}.Debug|x86.ActiveCfg = Debug|Win32
		{DDE3A286-BFFB-49CC-AF03-832BB3E8F5E3}.Debug|x86.Build.0 = Debug|Win32
		{DDE3A286-BFFB-49CC-AF03-832BB3E8F5E3}.Release|x64.ActiveCfg = Release|x64
		{DDE3A286-BFFB-49CC-AF03-832BB3E8F5E3}.Release|x64.Build.0 = Release|x64
		{DDE3A286-BFFB-49CC-AF03-832BB3E8F5E3}.Release|x86.ActiveCfg = Release|Win32
		{DDE3A286-BFFB-49CC-AF03-832BB3E8F5E3}.Release|x86.Build.0 = Release|Win32
		{5095B4C7-B2F4-4E6D-84CE-1A4A7555C064}.Debug|x64.ActiveCfg = Debug|x64
		{5095B4C7-B2F4-4E6D-84CE-1A4A7555C064}.Debug|x64.Build.0 = Debug|x64
		{5095B4C7-B2F4-4E6D-84CE-1A4A7555C064}.Debug|x86.ActiveCfg = Debug|Win32
		{5095B4C7-B2F4-4E6D-84CE-1A4A7555C064}.Debug|x86.Build.0 = Debug|Win32
		{5095B4C7-B2F4-4E6D-84CE-1A4A7555C064}.Release|x64.ActiveCfg = Release|x64
		{5095B4C7-B2F4-4E6D-84CE-1A4A7555C064}.Release|x64.Build.0 = Release|x64
		{5095B4C7-B2F4-4E6D-84CE-1A4A7555C064}.Release|x86.ActiveCfg = Release|Win32
		{5095B4C7-B2F4-4E6D-84CE-1A4A7555C064}.Release|x86.Build.0 = Release|Win32
		{F6B2AA99-24DE-4D7B-92F9-04AC0480E524}.Debug|x64.ActiveCfg = Debug|x64
		{F6B2AA99-24DE-4D7B-92F9-04AC0480E524}.Debug|x64.Build.0 = Debug|x64
		{F6B2AA99-24DE-4D7B-92F9-04AC0480E524}.Debug|x86.ActiveCfg = Debug|Win32
		{F6B2AA99-24DE-4D7B-92F9-04AC0480E524}.Debug|x86.Build.0 = Debug|Win32
		{F6B2AA99-24DE-4D7B-92F9-04AC0480E524}.Release|x64.ActiveCfg = Release|x64
		{F6B2AA99-24DE-4D7B-92F9-04AC0480E524}.Release|x64.Build.0 = Release|x64
		{F6B2AA99-24DE-4D7B-92F9-04AC0480E524}.Release|x86.ActiveCfg = Release|Win32
		{F6B2AA99-24DE-4D7B-92F9-04AC0480E524}.Release|x86.Build.0 = Release|Win32
		{9C3E0CF4-27CF-4600-8200-6E5E77E42F39}.Debug|x64.ActiveCfg = Debug|x64
		{9C3E0CF4-27CF-4600-8200-6E5E77E42F39}.Debug|x64.Build.0 = Debug|x64
		{9C3E0CF4-27CF-4600-8200-6E5E77E42F39}.Debug|x86.ActiveCfg = Debug|Win32
		{9C3E0CF4-27CF-4600-8200-6E5E77E42F39}.Debug|x86.Build.0 = Debug|Win32
		{9C3E0CF4-27CF-4600-8200-6E5E77E42F39}.Release|x64.ActiveCfg = Release|x64
		{9C3E0CF4-27CF-4600-8200-6E5E77E42F39}.Release|x64.Build.0 = Release|x64
		{9C3E0CF4-27CF-4600-8200-6E5E77E42F39}.Release|x86.ActiveCfg = Release|Win32
		{9C3E0CF4-27CF-4600-8200-6E5E77E42F39}.Release|x86.Build.0 = Release|Win32
		{2C5130A3-C721-4DF8-924A-577D27068136}.Debug|x64.ActiveCfg = Debug|x64
		{2C5130A3-C721-4DF8-924A-577D27068136}.Debug|x64.Build.0 = Debug|x64
		{2C5130A3-C721-4DF8-924A-577D27068136}.Debug|x86.ActiveCfg = Debug|Win32
		{2C5130A3-C721-4DF8-924A-577D27068136}.Debug|x86.Build.0 = Debug|Win32
		{2C5130A3-C721-4DF8-924A-577D27068136}.Release|x64.ActiveCfg = Release|x64
		{2C5130A3-C721-4DF8-924A-577D27068136}.Release|x64.Build.0 = Release|x64
		{2C5130A3-C721-4DF8-924A-577D27068136}.Release|x86.ActiveCfg = Release|Win32
		{2C5130A3-C721-4DF8-924A-577D27068136}.Release|x86.Build.0 = Release|Win32
		{7ED45681-C303-40A0-9173-D0427BE7C292}.Debug|x64.ActiveCfg = Debug|x64
		{7ED45681-C303-40A0-9173-D0427BE7C292}.Debug|x64.Build.0 = Debug|x64
		{7ED45681-C303-40A0-9173-D0427BE7C292}.Debug|x86.ActiveCfg = Debug|Win32
		{7ED45681-C303-40A0-9173-D0427BE7C292}.Debug|x86.Build.0 = Debug|Win32
		{7ED45681-C303-40A0-9173-D0427BE7C292}.Release|x64.ActiveCfg = Release|x64
		{7ED45681-C303-40A0-9173-D0427BE7C292}.Release|x64.Build.0 = Release|x64
		{7ED45681-C303-40A0-9173-D0427BE7C292}.Release|x86.ActiveCfg = Release|Win32
		{7ED45681-C303-40A0-9173-D0427BE7C292}.Release|x86.Build.0 = Release|Win32
		{C614903A-8DB6-46C6-8E87-3A90644E5035}.Debug|x64.ActiveCfg = Debug|x64
		{C614903A-8DB6-46C6-8E87-3A90644E5035}.Debug|x64.Build.0 = Debug|x64
		{C614903A-8DB6-46C6-8E87-3A90644E5035}.Debug|x86.ActiveCfg = Debug|Win32
		{C614903A-8DB6-46C6-8E87-3A90644E5035}.Debug|x86.Build.0 = Debug|Win32
		{C614903A-8DB6-46C6-8E87-3A90644E5035}.Release|x64.ActiveCfg = Release|x64
		{C614903A-8DB6-46C6-8E87-3A90644E5035}.Release|x64.Build.0 = Release|x64
		{C614903A-8DB6-46C6-8E87-3A90644E5035}.Release|x86.ActiveCfg = Release|Win32
		{C614903A-8DB6-46C6-8E87-3A90644E5035}.Release|x86.Build.0 = Release|Win32
		{AF2479B1-0B8F-4385-80F3-09488AE01BF6}.Debug|x64.ActiveCfg = Debug|x64
		{AF2479B1-0B8F-4385-80F3-09488AE01BF6}.Debug|x64.Build.0 = Debug|x64
		{AF2479B1-0B8F-4385-80F3-09488AE01BF6}.Debug|x86.ActiveCfg = Debug|Win32
		{AF2479B1-0B8F-4385-80F3-09488AE01BF6}.Debug|x86.Build.0 = Debug|Win32
		{AF2479B1-0B8F-4385-80F3-09488AE01BF6}.Release|x64.ActiveCfg = Release|x64
		{AF2479B1-0B8F-4385-80F3-09488AE01BF6}.Release|x64.Build.0 = Release|x64
		{AF2479B1-0B8F-4385-80F3-09488AE01BF6}.Release|x86.ActiveCfg = Release|Win32
		{AF2479B1-0B8F-4385-80F3-09488AE01BF6}.Release|x86.Build.0 = Release|Win32
		{EDDAFA8C-D26F-4A4C-9708-980CD5624317}.Debug|x64.ActiveCfg = Debug|x64
		{EDDAFA8C-D26F-4A4C-9708-980CD5624317}.Debug|x64.Build.0 = Debug|x64
		{EDDAFA8C-D26F-4A4C-9708-980CD5624317}.Debug|x86.ActiveCfg = Debug|Win32
		{EDDAFA8C-D26F-4A4C-9708-980CD5624317}.Debug|x86.Build.0 = Debug|Win32
		{EDDAFA8C-D26F-4A4C-9708-980CD5624317}.Release|x64.ActiveCfg = Release|x64
		{EDDAFA8C-D26F-4A4C-9708-980CD5624317}.Release|x64.Build.0 = Release|x64
		{EDDAFA8C-D26F-4A4C-9708-980CD5624317}.Release|x86.ActiveCfg = Release|Win32
		{EDDAFA8C-D26F-4A4C-9708-980CD5624317}.Release|x86.Build.0 = Release|Win32
		{AB83A3C1-EB15-418B-A268-CF8CE7B87447}.Debug|x64.ActiveCfg = Debug|x64
		{AB83A3C1-EB15-418B-A268-CF8CE7B87447}.Debug|x64.Build.0 = Debug|x64
		{AB83A3C1-EB15-418B-A268-CF8CE7B87447}.Debug|x86.ActiveCfg = Debug|Win32
		{AB83A3C1-EB15-418B-A268-CF8CE7B87447}.Debug|x86.Build.0 = Debug|Win32
		{AB83A3C1-EB15-418B-A268-CF8CE7B87447}.Release|x64.ActiveCfg = Release|x64
		{AB83A3C1-EB15-418B-A268-CF8CE7B87447}.Release|x64.Build.0 = Release|x64
		{AB83A3C1-EB15-418B-A268-CF8CE7B87447}.Release|x86.ActiveCfg = Release|Win32
		{AB83A3C1-EB15-418B-A268-CF8CE7B87447}.Release|x86.Build.0 = Release|Win32
		{A224BF74-B1E7-4CC4-9C29-8BE5E027AFAD}.Debug|x64.ActiveCfg = Debug|x64
		{A224BF74-B1E7-4CC4-9C29-8BE5E027AFAD}.Debug|x64.Build.0 = Debug|x64
		{A224BF74-B1E7-4CC4-9C29-8BE5E027AFAD}.Debug|x86.ActiveCfg = Debug|Win32
		{A224BF74-B1E7-4CC4-9C29-8BE5E027AFAD}.Debug|x86.Build.0 = Debug|Win32
		{A224BF74-B1E7-4CC4-9C29-8BE5E027AFAD}.Release|x64.ActiveCfg = Release|x64
		{A224BF74-B1E7-4CC4-9C29-8BE5E027AFAD}.Release|x64.Build.0 = Release|x64
		{A224BF74-B1E7-4CC4-9C29-8BE5E027AFAD}.Release|x86.ActiveCfg = Release|Win32
		{A224BF74-B1E7-4CC4-9C29-8BE5E027AFAD}.Release|x86.Build.0 = Release|Win32
		{0B612C75-D1EB-4EEB-A810-167BE4FDB406}.Debug|x64.ActiveCfg = Debug|x64
		{0B612C75-D1EB-4EEB-A810-167BE4FDB406}.Debug|x64.Build.0 = Debug|x64
		{0B612C75-D1EB-4EEB-A810-167BE4FDB406}.Debug|x86.ActiveCfg = Debug|Win32
		{0B612C75-D1EB-4EEB-A810-167BE4FDB406}.Debug|x86.Build.0 = Debug|Win32
		{0B612C75-D1EB-4EEB-A810-167BE4FDB406}.Release|x64.ActiveCfg = Release|x64
		{0B612C75-D1EB-4EEB-A810-167BE4FDB406}.Release|x64.Build.0 = Release|x64
		{0B612C75-D1EB-4EEB-A810-167BE4FDB406}.Release|x86.ActiveCfg = Release|Win32
		{0B612C75-D1EB-4EEB-A810-167BE4FDB406}.Release|x86.Build.0 = Release|Win32
		{09BB10F6-97FA-4C84-82E5-AC85DE95A907}.Debug|x64.ActiveCfg = Debug|x64
		{09BB10F6-97FA-4C84-82E5-AC85DE95A907}.Debug|x64.Build.0 = Debug|x64
		{09BB10F6-97FA-4C84-82E5-AC85DE95A907}.Debug|x86.ActiveCfg = Debug|Win32
		{09BB10F6-97FA-4C84-82E5-AC85DE95A907}.Debug|x86.Build.0 = Debug|Win32
		{09BB10F6-97FA-4C84-82E5-AC85DE95A907}.Release|x64.ActiveCfg = Release|x64
		{09BB10F6-97FA-4C84-82E5-AC85DE95A907}.Release|x64.Build.0 = Release|x64
		{09BB10F6-97FA-4C84-82E5-AC85DE95A907}.Release|x86.ActiveCfg = Release|Win32
		{09BB10F6-97FA-4C84-82E5-AC85DE95A907}.Release|x86.Build.0 = Release|Win32
		{9F79F6B8-5016-464C-B992-3907699EF9FE}.Debug|x64.ActiveCfg = Debug|x64
		{9F79F6B8-5016-464C-B992-3907699EF9FE}.Debug|x64.Build.0 = Debug|x64
		{9F79F6B8-5016-464C-B992-3907699EF9FE}.Debug|x86.ActiveCfg = Debug|Win32
		{9F79F6B8-5016-464C-B992-3907699EF9FE}.Debug|x86.Build.0 = Debug|Win32
		{9F79F6B8-5016-464C-B992-3907699EF9FE}.Release|x64.ActiveCfg = Release|x64
		{9F79F6B8-5016-464C-B992-3907699EF9FE}.Release|x64.Build.0 = Release|x64
		{9F79F6B8-5016-464C-B992-3907699EF9FE}.Release|x86.ActiveCfg = Release|Win32
		{9F79F6B8-5016-464C-B992-3907699EF9FE}.Release|x86.Build.0 = Release|Win32
		{69486739-3F87-4692-8099-E47342210ECA}.Debug|x64.ActiveCfg = Debug|x64
		{69486739-3F87-4692-8099-E47342210ECA}.Debug|x64.Build.0 = Debug|x64
		{69486739-3F87-4692-8099-E47342210ECA}.Debug|x86.ActiveCfg = Debug|Win32
		{69486739-3F87-4692-8099-E47342210ECA}.Debug|x86.Build.0 = Debug|Win32
		{69486739-3F87-4692-8099-E47342210ECA}.Release|x64.ActiveCfg = Release|x64
		{69486739-3F87-4692-8099-E47342210ECA}.Release|x64.Build.0 = Release|x64
		{69486739-3F87-4692-8099-E47342210ECA}.Release|x86.ActiveCfg = Release|Win32
		{69486739-3F87-4692-8099-E47342210ECA}.Release|x86.Build.0 = Release|Win32
		{24FAE0F1-B622-432B-B52B-00CCF2FBF5CC}.Debug|x64.ActiveCfg = Debug|x64
		{24FAE0F1-B622-432B-B52B-00CCF2FBF5CC}.Debug|x64.Build.0 = Debug|x64
		{24FAE0F1-B622-432B-B52B-00CCF2FBF5CC}.Debug|x86.ActiveCfg = Debug|Win32
		{24FAE0F1-B622-432B-B52B-00CCF2FBF5CC}.Debug|x86.Build.0 = Debug|Win32
		{24FAE0F1-B622-432B-B52B-00CCF2FBF5CC}.Release|x64.ActiveCfg = Release|x64
		{24FAE0F1-B622-432B-B52B-00CCF2FBF5CC}.Release|x64.Build.0 = Release|x64
		{24FAE0F1-B622-432B-B52B-00CCF2FBF5CC}.Release|x86.ActiveCfg = Release|Win32
		{24FAE0F1-B622-432B-B52B-00CCF2FBF5CC}.Release|x86.Build.0 = Release|Win32
		{DB4221B7-C81C-453F-8E8E-53111E4E1A50}.Debug|x64.ActiveCfg = Debug|x64
		{DB4221B7-C81C-453F-8E8E-53111E4E1A50}.Debug|x64.Build.0 = Debug|x64
		{DB4221B7-C81C-453F-8E8E-53111E4E1A50}.Debug|x86.ActiveCfg = Debug|Win32
		{DB4221B7-C81C-453F-8E8E-53111E4E1A50}.Debug|x86.Build.0 = Debug|Win32
		{DB4221B7-C81C-453F-8E8E-53111E4E1A50}.Release|x64.ActiveCfg = Release|x64
		{DB4221B7-C81C-453F-8E8E-53111E4E1A50}.Release|x64.Build.0 = Release|x64
		{DB4221B7-C81C-453F-8E8E-53111E4E1A50}.Release|x86.ActiveCfg = Release|Win32
		{DB4221B7-C81C-453F-8E8E-53111E4E1A50}.Release|x86.Build.0 = Release|Win32
		{6C5A5A44-8E55-438A-B43E-CFDE71115388}.Debug|x64.ActiveCfg = Debug|x64
		{6C5A5A44-8E55-438A-B43E-CFDE71115388}.Debug|x64.Build.0 = Debug|x64
		{6C5A5A44-8E55-438A-B43E-CFDE71115388}.Debug|x86.ActiveCfg = Debug|Win32
		{6C5A5A44-8E55-438A-B43E-CFDE71115388}.Debug|x86.Build.0 = Debug|Win32
		{6C5A5A44-8E55-438A-B43E-CFDE71115388}.Release|x64.ActiveCfg = Release|x64
		{6C5A5A44-8E55-438A-B43E-CFDE71115388}.Release|x64.Build.0 = Release|x64
		{6C5A5A44-8E55-438A-B43E-CFDE71115388}.Release|x86.ActiveCfg = Release|Win32
		{6C5A5A44-8E55-438A-B43E-CFDE71115388}.Release|x86.Build.0 = Release|Win32
		{6B9F683E-BAD6-46C5-A32B-E5DF32F9C864}.Debug|x64.ActiveCfg = Debug|x64
		{6B9F683E-BAD6-46C5-A32B-E5DF32F9C864}.Debug|x64.Build.0 = Debug|x64
		{6B9F683E-BAD6-46C5-A32B-E5DF32F9C864}.Debug|x86.ActiveCfg = Debug|Win32
		{6B9F683E-BAD6-46C5-A32B-E5DF32F9C864}.Debug|x86.Build.0 = Debug|Win32
		{6B9F683E-BAD6-46C5-A32B-E5DF32F9C864}.Release|x64.ActiveCfg = Release|x64
		{6B9F683E-BAD6-46C5-A32B-E5DF32F9C864}.Release|x64.Build.0 = Release|x64
		{6B9F683E-BAD6-46C5-A32B-E5DF32F9C864}.Release|x86.ActiveCfg = Release|Win32
		{6B9F683E-BAD6-46C5-A32B-E5DF32F9C864}.Release|x86.Build.0 = Release|Win32
		{B5260525-B876-4D41-8C07-A76B95795A87}.Debug|x64.ActiveCfg = Debug|x64
		{B5260525-B876-4D41-8C07-A76B95795A87}.Debug|x64.Build.0 = Debug|x64
		{B5260525-B876-4D41-8C07-A76B95795A87}.Debug|x86.ActiveCfg = Debug|Win32
		{B5260525-B876-4D41-8C07-A76B95795A87}.Debug|x86.Build.0 = Debug|Win32
		{B5260525-B876-4D41-8C07-A76B95795A87}.Release|x64.ActiveCfg = Release|x64
		{B5260525-B876-4D41-8C07-A76B95795A87}.Release|x64.Build.0 = Release|x64
		{B5260525-B876-4D41-8C07-A76B95795A87}.Release|x86.ActiveCfg = Release|Win32
		{B5260525-B876-4D41-8C07-A76B95795A87}.Release|x86.Build.0 = Release|Win32
		{6F885B82-CA0B-48E3-8EEB-FA55A1A59D9F}.Debug|x64.ActiveCfg = Debug|x64
		{6F885B82-CA0B-48E3-8EEB-FA55A1A59D9F}.Debug|x64.Build.0 = Debug|x64
		{6F885B82-CA0B-48E3-8EEB-FA55A1A59D9F}.Debug|x86.ActiveCfg = Debug|Win32
		{6F885B82-CA0B-48E3-8EEB-FA55A1A59D9F}.Debug|x86.Build.0 = Debug|Win32
		{6F885B82-CA0B-48E3-8EEB-FA55A1A59D9F}.Release|x64.ActiveCfg = Release|x64
		{6F885B82-CA0B-48E3-8EEB-FA55A1A59D9F}.Release|x64.Build.0 = Release|x64
		{6F885B82-CA0B-48E3-8EEB-FA55A1A59D9F}.Release|x86.ActiveCfg = Release|Win32
		{6F885B82-CA0B-48E3-8EEB-FA55A1A59D9F}.Release|x86.Build.0 = Release|Win32
	EndGlobalSection
	GlobalSection(SolutionProperties) = preSolution
		HideSolutionNode = FALSE
	EndGlobalSection
	GlobalSection(ExtensibilityGlobals) = postSolution
		SolutionGuid = {1DA6ED7D-8935-48F4-986F-725CD59A8491}
	EndGlobalSection
EndGlobal
