
Microsoft Visual Studio Solution File, Format Version 12.00
# Visual Studio Version 17
VisualStudioVersion = 17.7.34031.279
MinimumVisualStudioVersion = 10.0.40219.1
Project("{8BC9CEB8-8B4A-11D0-8D11-00A0C91BC942}") = "Bai005", "Bai005\Bai005.vcxproj", "{F07DFCF6-3AC4-456F-A117-CFABB7AFCA97}"
EndProject
Project("{8BC9CEB8-8B4A-11D0-8D11-00A0C91BC942}") = "Bai011", "Bai011\Bai011.vcxproj", "{6566A223-4847-4D8C-9B59-8AA75AEDE52B}"
EndProject
Project("{8BC9CEB8-8B4A-11D0-8D11-00A0C91BC942}") = "Bai017", "Bai017\Bai017.vcxproj", "{86C5C5FE-F829-4A56-8175-D75E2510557F}"
EndProject
Project("{8BC9CEB8-8B4A-11D0-8D11-00A0C91BC942}") = "Bai023", "Bai023\Bai023.vcxproj", "{26F099F6-3935-478E-8DAE-E65BB5ED6B0A}"
EndProject
Project("{8BC9CEB8-8B4A-11D0-8D11-00A0C91BC942}") = "Bai029", "Bai028\Bai028.vcxproj", "{A267BDC5-EB78-4583-9B27-EE88D79156FA}"
EndProject
Project("{8BC9CEB8-8B4A-11D0-8D11-00A0C91BC942}") = "Bai035", "Bai035\Bai035.vcxproj", "{30B224E9-730C-4ABA-AA7C-93F063E1ABDA}"
EndProject
Project("{8BC9CEB8-8B4A-11D0-8D11-00A0C91BC942}") = "Bai041", "Bai041\Bai041.vcxproj", "{45AE3983-E542-4EBC-B182-179AE41C7380}"
EndProject
Project("{8BC9CEB8-8B4A-11D0-8D11-00A0C91BC942}") = "Bai047", "Bai047\Bai047.vcxproj", "{9BFDEFFE-5DE5-47B6-9E56-F45E56E169E2}"
EndProject
Project("{8BC9CEB8-8B4A-11D0-8D11-00A0C91BC942}") = "Bai053", "Bai053\Bai053.vcxproj", "{02B08556-7E14-4994-8428-4A3EFFA15A4F}"
EndProject
Project("{8BC9CEB8-8B4A-11D0-8D11-00A0C91BC942}") = "Bai059", "Bai059\Bai059.vcxproj", "{1FE660BA-7F2C-4F57-9672-63BE4F4283BB}"
EndProject
Project("{8BC9CEB8-8B4A-11D0-8D11-00A0C91BC942}") = "Bai065", "Bai065\Bai065.vcxproj", "{0DAB1CF3-D1A8-4BBF-9E6C-5ACC1C291267}"
EndProject
Project("{8BC9CEB8-8B4A-11D0-8D11-00A0C91BC942}") = "Bai071", "Bai071\Bai071.vcxproj", "{8899AB6B-5DCF-4F1C-9F9E-398A90195C5B}"
EndProject
Project("{8BC9CEB8-8B4A-11D0-8D11-00A0C91BC942}") = "Bai077", "Bai077\Bai077.vcxproj", "{F3E1D0DB-8216-4B21-A01E-C46992A4788B}"
EndProject
Project("{8BC9CEB8-8B4A-11D0-8D11-00A0C91BC942}") = "Bai083", "Bai083\Bai083.vcxproj", "{18B12F3A-1247-4E51-990F-A39C6C4A116C}"
EndProject
Project("{8BC9CEB8-8B4A-11D0-8D11-00A0C91BC942}") = "Bai089", "Bai089\Bai089.vcxproj", "{B363A1F2-B9C2-4474-8F3F-51DA39B4D4F4}"
EndProject
Project("{8BC9CEB8-8B4A-11D0-8D11-00A0C91BC942}") = "Bai095", "Bai095\Bai095.vcxproj", "{7531869B-39DB-494C-A98E-BF4148390640}"
EndProject
Project("{8BC9CEB8-8B4A-11D0-8D11-00A0C91BC942}") = "Bai101", "Bai101\Bai101.vcxproj", "{7EB425F9-87E7-414C-89C6-FD96ABD2AF5E}"
EndProject
Project("{8BC9CEB8-8B4A-11D0-8D11-00A0C91BC942}") = "Bai107", "Bai107\Bai107.vcxproj", "{53212E3C-F6F3-4D8E-83CE-EFBABAF5DF5F}"
EndProject
Project("{8BC9CEB8-8B4A-11D0-8D11-00A0C91BC942}") = "Bai113", "Bai113\Bai113.vcxproj", "{3E2E4399-9347-4B8F-A3BD-281CF8DF45F1}"
EndProject
Project("{8BC9CEB8-8B4A-11D0-8D11-00A0C91BC942}") = "Bai119", "Bai119\Bai119.vcxproj", "{D91D5E3B-DBDF-4F90-8DC8-14E06BAE5308}"
EndProject
Project("{8BC9CEB8-8B4A-11D0-8D11-00A0C91BC942}") = "Bai125", "Bai125\Bai125.vcxproj", "{48D65F28-D315-4D7C-9DF5-C1261CD87BBC}"
EndProject
Project("{8BC9CEB8-8B4A-11D0-8D11-00A0C91BC942}") = "Bai131", "Bai131\Bai131.vcxproj", "{A59BE94B-7FAB-4485-BFEB-138EC8D8CB52}"
EndProject
Project("{8BC9CEB8-8B4A-11D0-8D11-00A0C91BC942}") = "Bai137", "Bai137\Bai137.vcxproj", "{FD9D198F-132C-4D97-B21C-16200D723322}"
EndProject
Project("{8BC9CEB8-8B4A-11D0-8D11-00A0C91BC942}") = "Bai143", "Bai143\Bai143.vcxproj", "{E9AE8503-9250-4A37-9EAE-6686C067F9D6}"
EndProject
Project("{8BC9CEB8-8B4A-11D0-8D11-00A0C91BC942}") = "Bai149", "Bai149\Bai149.vcxproj", "{F585EAE0-A6AA-497F-AD1E-194DA3992E43}"
EndProject
Project("{8BC9CEB8-8B4A-11D0-8D11-00A0C91BC942}") = "Bai155", "Bai155\Bai155.vcxproj", "{2DAD233B-ACA5-4171-9756-8047093B1EF3}"
EndProject
Project("{8BC9CEB8-8B4A-11D0-8D11-00A0C91BC942}") = "Bai161", "Bai161\Bai161.vcxproj", "{0AE446C5-6508-4E81-A8D6-15B5584335C6}"
EndProject
Project("{8BC9CEB8-8B4A-11D0-8D11-00A0C91BC942}") = "Bai167", "Bai167\Bai167.vcxproj", "{3E9AF091-28D7-4600-8ABB-89D80E349C30}"
EndProject
Project("{8BC9CEB8-8B4A-11D0-8D11-00A0C91BC942}") = "Bai173", "Bai173\Bai173.vcxproj", "{8A64EEE9-EA5D-4C14-9BB0-3949EBB89F17}"
EndProject
Project("{8BC9CEB8-8B4A-11D0-8D11-00A0C91BC942}") = "Bai179", "Bai179\Bai179.vcxproj", "{223BC165-5EC0-42E8-9FD3-722B52172461}"
EndProject
Project("{8BC9CEB8-8B4A-11D0-8D11-00A0C91BC942}") = "Bai185", "Bai185\Bai185.vcxproj", "{E0F47919-53AB-4ED3-B153-CCBE179341F3}"
EndProject
Project("{8BC9CEB8-8B4A-11D0-8D11-00A0C91BC942}") = "Bai19102", "Bai191\Bai191.vcxproj", "{C58EDB7A-06B4-4589-A603-1608169A0EC0}"
EndProject
Project("{8BC9CEB8-8B4A-11D0-8D11-00A0C91BC942}") = "Bai19103", "Bai19103\Bai19103.vcxproj", "{C561876F-94D2-427D-8FCD-FE550C58EC0B}"
EndProject
Project("{8BC9CEB8-8B4A-11D0-8D11-00A0C91BC942}") = "Bai19104", "Bai19104\Bai19104.vcxproj", "{EF6632D6-A510-4070-A7ED-A19000FEF92A}"
EndProject
Project("{8BC9CEB8-8B4A-11D0-8D11-00A0C91BC942}") = "Bai19105", "Bai19105\Bai19105.vcxproj", "{9A42372D-DF9C-4C9D-BCA5-3E9D509EDA6D}"
EndProject
Project("{8BC9CEB8-8B4A-11D0-8D11-00A0C91BC942}") = "Bai19106", "Bai19106\Bai19106.vcxproj", "{2119814F-67E6-4AEF-9C3D-CE05BC517934}"
EndProject
Global
	GlobalSection(SolutionConfigurationPlatforms) = preSolution
		Debug|x64 = Debug|x64
		Debug|x86 = Debug|x86
		Release|x64 = Release|x64
		Release|x86 = Release|x86
	EndGlobalSection
	GlobalSection(ProjectConfigurationPlatforms) = postSolution
		{F07DFCF6-3AC4-456F-A117-CFABB7AFCA97}.Debug|x64.ActiveCfg = Debug|x64
		{F07DFCF6-3AC4-456F-A117-CFABB7AFCA97}.Debug|x64.Build.0 = Debug|x64
		{F07DFCF6-3AC4-456F-A117-CFABB7AFCA97}.Debug|x86.ActiveCfg = Debug|Win32
		{F07DFCF6-3AC4-456F-A117-CFABB7AFCA97}.Debug|x86.Build.0 = Debug|Win32
		{F07DFCF6-3AC4-456F-A117-CFABB7AFCA97}.Release|x64.ActiveCfg = Release|x64
		{F07DFCF6-3AC4-456F-A117-CFABB7AFCA97}.Release|x64.Build.0 = Release|x64
		{F07DFCF6-3AC4-456F-A117-CFABB7AFCA97}.Release|x86.ActiveCfg = Release|Win32
		{F07DFCF6-3AC4-456F-A117-CFABB7AFCA97}.Release|x86.Build.0 = Release|Win32
		{6566A223-4847-4D8C-9B59-8AA75AEDE52B}.Debug|x64.ActiveCfg = Debug|x64
		{6566A223-4847-4D8C-9B59-8AA75AEDE52B}.Debug|x64.Build.0 = Debug|x64
		{6566A223-4847-4D8C-9B59-8AA75AEDE52B}.Debug|x86.ActiveCfg = Debug|Win32
		{6566A223-4847-4D8C-9B59-8AA75AEDE52B}.Debug|x86.Build.0 = Debug|Win32
		{6566A223-4847-4D8C-9B59-8AA75AEDE52B}.Release|x64.ActiveCfg = Release|x64
		{6566A223-4847-4D8C-9B59-8AA75AEDE52B}.Release|x64.Build.0 = Release|x64
		{6566A223-4847-4D8C-9B59-8AA75AEDE52B}.Release|x86.ActiveCfg = Release|Win32
		{6566A223-4847-4D8C-9B59-8AA75AEDE52B}.Release|x86.Build.0 = Release|Win32
		{86C5C5FE-F829-4A56-8175-D75E2510557F}.Debug|x64.ActiveCfg = Debug|x64
		{86C5C5FE-F829-4A56-8175-D75E2510557F}.Debug|x64.Build.0 = Debug|x64
		{86C5C5FE-F829-4A56-8175-D75E2510557F}.Debug|x86.ActiveCfg = Debug|Win32
		{86C5C5FE-F829-4A56-8175-D75E2510557F}.Debug|x86.Build.0 = Debug|Win32
		{86C5C5FE-F829-4A56-8175-D75E2510557F}.Release|x64.ActiveCfg = Release|x64
		{86C5C5FE-F829-4A56-8175-D75E2510557F}.Release|x64.Build.0 = Release|x64
		{86C5C5FE-F829-4A56-8175-D75E2510557F}.Release|x86.ActiveCfg = Release|Win32
		{86C5C5FE-F829-4A56-8175-D75E2510557F}.Release|x86.Build.0 = Release|Win32
		{26F099F6-3935-478E-8DAE-E65BB5ED6B0A}.Debug|x64.ActiveCfg = Debug|x64
		{26F099F6-3935-478E-8DAE-E65BB5ED6B0A}.Debug|x64.Build.0 = Debug|x64
		{26F099F6-3935-478E-8DAE-E65BB5ED6B0A}.Debug|x86.ActiveCfg = Debug|Win32
		{26F099F6-3935-478E-8DAE-E65BB5ED6B0A}.Debug|x86.Build.0 = Debug|Win32
		{26F099F6-3935-478E-8DAE-E65BB5ED6B0A}.Release|x64.ActiveCfg = Release|x64
		{26F099F6-3935-478E-8DAE-E65BB5ED6B0A}.Release|x64.Build.0 = Release|x64
		{26F099F6-3935-478E-8DAE-E65BB5ED6B0A}.Release|x86.ActiveCfg = Release|Win32
		{26F099F6-3935-478E-8DAE-E65BB5ED6B0A}.Release|x86.Build.0 = Release|Win32
		{A267BDC5-EB78-4583-9B27-EE88D79156FA}.Debug|x64.ActiveCfg = Debug|x64
		{A267BDC5-EB78-4583-9B27-EE88D79156FA}.Debug|x64.Build.0 = Debug|x64
		{A267BDC5-EB78-4583-9B27-EE88D79156FA}.Debug|x86.ActiveCfg = Debug|Win32
		{A267BDC5-EB78-4583-9B27-EE88D79156FA}.Debug|x86.Build.0 = Debug|Win32
		{A267BDC5-EB78-4583-9B27-EE88D79156FA}.Release|x64.ActiveCfg = Release|x64
		{A267BDC5-EB78-4583-9B27-EE88D79156FA}.Release|x64.Build.0 = Release|x64
		{A267BDC5-EB78-4583-9B27-EE88D79156FA}.Release|x86.ActiveCfg = Release|Win32
		{A267BDC5-EB78-4583-9B27-EE88D79156FA}.Release|x86.Build.0 = Release|Win32
		{30B224E9-730C-4ABA-AA7C-93F063E1ABDA}.Debug|x64.ActiveCfg = Debug|x64
		{30B224E9-730C-4ABA-AA7C-93F063E1ABDA}.Debug|x64.Build.0 = Debug|x64
		{30B224E9-730C-4ABA-AA7C-93F063E1ABDA}.Debug|x86.ActiveCfg = Debug|Win32
		{30B224E9-730C-4ABA-AA7C-93F063E1ABDA}.Debug|x86.Build.0 = Debug|Win32
		{30B224E9-730C-4ABA-AA7C-93F063E1ABDA}.Release|x64.ActiveCfg = Release|x64
		{30B224E9-730C-4ABA-AA7C-93F063E1ABDA}.Release|x64.Build.0 = Release|x64
		{30B224E9-730C-4ABA-AA7C-93F063E1ABDA}.Release|x86.ActiveCfg = Release|Win32
		{30B224E9-730C-4ABA-AA7C-93F063E1ABDA}.Release|x86.Build.0 = Release|Win32
		{45AE3983-E542-4EBC-B182-179AE41C7380}.Debug|x64.ActiveCfg = Debug|x64
		{45AE3983-E542-4EBC-B182-179AE41C7380}.Debug|x64.Build.0 = Debug|x64
		{45AE3983-E542-4EBC-B182-179AE41C7380}.Debug|x86.ActiveCfg = Debug|Win32
		{45AE3983-E542-4EBC-B182-179AE41C7380}.Debug|x86.Build.0 = Debug|Win32
		{45AE3983-E542-4EBC-B182-179AE41C7380}.Release|x64.ActiveCfg = Release|x64
		{45AE3983-E542-4EBC-B182-179AE41C7380}.Release|x64.Build.0 = Release|x64
		{45AE3983-E542-4EBC-B182-179AE41C7380}.Release|x86.ActiveCfg = Release|Win32
		{45AE3983-E542-4EBC-B182-179AE41C7380}.Release|x86.Build.0 = Release|Win32
		{9BFDEFFE-5DE5-47B6-9E56-F45E56E169E2}.Debug|x64.ActiveCfg = Debug|x64
		{9BFDEFFE-5DE5-47B6-9E56-F45E56E169E2}.Debug|x64.Build.0 = Debug|x64
		{9BFDEFFE-5DE5-47B6-9E56-F45E56E169E2}.Debug|x86.ActiveCfg = Debug|Win32
		{9BFDEFFE-5DE5-47B6-9E56-F45E56E169E2}.Debug|x86.Build.0 = Debug|Win32
		{9BFDEFFE-5DE5-47B6-9E56-F45E56E169E2}.Release|x64.ActiveCfg = Release|x64
		{9BFDEFFE-5DE5-47B6-9E56-F45E56E169E2}.Release|x64.Build.0 = Release|x64
		{9BFDEFFE-5DE5-47B6-9E56-F45E56E169E2}.Release|x86.ActiveCfg = Release|Win32
		{9BFDEFFE-5DE5-47B6-9E56-F45E56E169E2}.Release|x86.Build.0 = Release|Win32
		{02B08556-7E14-4994-8428-4A3EFFA15A4F}.Debug|x64.ActiveCfg = Debug|x64
		{02B08556-7E14-4994-8428-4A3EFFA15A4F}.Debug|x64.Build.0 = Debug|x64
		{02B08556-7E14-4994-8428-4A3EFFA15A4F}.Debug|x86.ActiveCfg = Debug|Win32
		{02B08556-7E14-4994-8428-4A3EFFA15A4F}.Debug|x86.Build.0 = Debug|Win32
		{02B08556-7E14-4994-8428-4A3EFFA15A4F}.Release|x64.ActiveCfg = Release|x64
		{02B08556-7E14-4994-8428-4A3EFFA15A4F}.Release|x64.Build.0 = Release|x64
		{02B08556-7E14-4994-8428-4A3EFFA15A4F}.Release|x86.ActiveCfg = Release|Win32
		{02B08556-7E14-4994-8428-4A3EFFA15A4F}.Release|x86.Build.0 = Release|Win32
		{1FE660BA-7F2C-4F57-9672-63BE4F4283BB}.Debug|x64.ActiveCfg = Debug|x64
		{1FE660BA-7F2C-4F57-9672-63BE4F4283BB}.Debug|x64.Build.0 = Debug|x64
		{1FE660BA-7F2C-4F57-9672-63BE4F4283BB}.Debug|x86.ActiveCfg = Debug|Win32
		{1FE660BA-7F2C-4F57-9672-63BE4F4283BB}.Debug|x86.Build.0 = Debug|Win32
		{1FE660BA-7F2C-4F57-9672-63BE4F4283BB}.Release|x64.ActiveCfg = Release|x64
		{1FE660BA-7F2C-4F57-9672-63BE4F4283BB}.Release|x64.Build.0 = Release|x64
		{1FE660BA-7F2C-4F57-9672-63BE4F4283BB}.Release|x86.ActiveCfg = Release|Win32
		{1FE660BA-7F2C-4F57-9672-63BE4F4283BB}.Release|x86.Build.0 = Release|Win32
		{0DAB1CF3-D1A8-4BBF-9E6C-5ACC1C291267}.Debug|x64.ActiveCfg = Debug|x64
		{0DAB1CF3-D1A8-4BBF-9E6C-5ACC1C291267}.Debug|x64.Build.0 = Debug|x64
		{0DAB1CF3-D1A8-4BBF-9E6C-5ACC1C291267}.Debug|x86.ActiveCfg = Debug|Win32
		{0DAB1CF3-D1A8-4BBF-9E6C-5ACC1C291267}.Debug|x86.Build.0 = Debug|Win32
		{0DAB1CF3-D1A8-4BBF-9E6C-5ACC1C291267}.Release|x64.ActiveCfg = Release|x64
		{0DAB1CF3-D1A8-4BBF-9E6C-5ACC1C291267}.Release|x64.Build.0 = Release|x64
		{0DAB1CF3-D1A8-4BBF-9E6C-5ACC1C291267}.Release|x86.ActiveCfg = Release|Win32
		{0DAB1CF3-D1A8-4BBF-9E6C-5ACC1C291267}.Release|x86.Build.0 = Release|Win32
		{8899AB6B-5DCF-4F1C-9F9E-398A90195C5B}.Debug|x64.ActiveCfg = Debug|x64
		{8899AB6B-5DCF-4F1C-9F9E-398A90195C5B}.Debug|x64.Build.0 = Debug|x64
		{8899AB6B-5DCF-4F1C-9F9E-398A90195C5B}.Debug|x86.ActiveCfg = Debug|Win32
		{8899AB6B-5DCF-4F1C-9F9E-398A90195C5B}.Debug|x86.Build.0 = Debug|Win32
		{8899AB6B-5DCF-4F1C-9F9E-398A90195C5B}.Release|x64.ActiveCfg = Release|x64
		{8899AB6B-5DCF-4F1C-9F9E-398A90195C5B}.Release|x64.Build.0 = Release|x64
		{8899AB6B-5DCF-4F1C-9F9E-398A90195C5B}.Release|x86.ActiveCfg = Release|Win32
		{8899AB6B-5DCF-4F1C-9F9E-398A90195C5B}.Release|x86.Build.0 = Release|Win32
		{F3E1D0DB-8216-4B21-A01E-C46992A4788B}.Debug|x64.ActiveCfg = Debug|x64
		{F3E1D0DB-8216-4B21-A01E-C46992A4788B}.Debug|x64.Build.0 = Debug|x64
		{F3E1D0DB-8216-4B21-A01E-C46992A4788B}.Debug|x86.ActiveCfg = Debug|Win32
		{F3E1D0DB-8216-4B21-A01E-C46992A4788B}.Debug|x86.Build.0 = Debug|Win32
		{F3E1D0DB-8216-4B21-A01E-C46992A4788B}.Release|x64.ActiveCfg = Release|x64
		{F3E1D0DB-8216-4B21-A01E-C46992A4788B}.Release|x64.Build.0 = Release|x64
		{F3E1D0DB-8216-4B21-A01E-C46992A4788B}.Release|x86.ActiveCfg = Release|Win32
		{F3E1D0DB-8216-4B21-A01E-C46992A4788B}.Release|x86.Build.0 = Release|Win32
		{18B12F3A-1247-4E51-990F-A39C6C4A116C}.Debug|x64.ActiveCfg = Debug|x64
		{18B12F3A-1247-4E51-990F-A39C6C4A116C}.Debug|x64.Build.0 = Debug|x64
		{18B12F3A-1247-4E51-990F-A39C6C4A116C}.Debug|x86.ActiveCfg = Debug|Win32
		{18B12F3A-1247-4E51-990F-A39C6C4A116C}.Debug|x86.Build.0 = Debug|Win32
		{18B12F3A-1247-4E51-990F-A39C6C4A116C}.Release|x64.ActiveCfg = Release|x64
		{18B12F3A-1247-4E51-990F-A39C6C4A116C}.Release|x64.Build.0 = Release|x64
		{18B12F3A-1247-4E51-990F-A39C6C4A116C}.Release|x86.ActiveCfg = Release|Win32
		{18B12F3A-1247-4E51-990F-A39C6C4A116C}.Release|x86.Build.0 = Release|Win32
		{B363A1F2-B9C2-4474-8F3F-51DA39B4D4F4}.Debug|x64.ActiveCfg = Debug|x64
		{B363A1F2-B9C2-4474-8F3F-51DA39B4D4F4}.Debug|x64.Build.0 = Debug|x64
		{B363A1F2-B9C2-4474-8F3F-51DA39B4D4F4}.Debug|x86.ActiveCfg = Debug|Win32
		{B363A1F2-B9C2-4474-8F3F-51DA39B4D4F4}.Debug|x86.Build.0 = Debug|Win32
		{B363A1F2-B9C2-4474-8F3F-51DA39B4D4F4}.Release|x64.ActiveCfg = Release|x64
		{B363A1F2-B9C2-4474-8F3F-51DA39B4D4F4}.Release|x64.Build.0 = Release|x64
		{B363A1F2-B9C2-4474-8F3F-51DA39B4D4F4}.Release|x86.ActiveCfg = Release|Win32
		{B363A1F2-B9C2-4474-8F3F-51DA39B4D4F4}.Release|x86.Build.0 = Release|Win32
		{7531869B-39DB-494C-A98E-BF4148390640}.Debug|x64.ActiveCfg = Debug|x64
		{7531869B-39DB-494C-A98E-BF4148390640}.Debug|x64.Build.0 = Debug|x64
		{7531869B-39DB-494C-A98E-BF4148390640}.Debug|x86.ActiveCfg = Debug|Win32
		{7531869B-39DB-494C-A98E-BF4148390640}.Debug|x86.Build.0 = Debug|Win32
		{7531869B-39DB-494C-A98E-BF4148390640}.Release|x64.ActiveCfg = Release|x64
		{7531869B-39DB-494C-A98E-BF4148390640}.Release|x64.Build.0 = Release|x64
		{7531869B-39DB-494C-A98E-BF4148390640}.Release|x86.ActiveCfg = Release|Win32
		{7531869B-39DB-494C-A98E-BF4148390640}.Release|x86.Build.0 = Release|Win32
		{7EB425F9-87E7-414C-89C6-FD96ABD2AF5E}.Debug|x64.ActiveCfg = Debug|x64
		{7EB425F9-87E7-414C-89C6-FD96ABD2AF5E}.Debug|x64.Build.0 = Debug|x64
		{7EB425F9-87E7-414C-89C6-FD96ABD2AF5E}.Debug|x86.ActiveCfg = Debug|Win32
		{7EB425F9-87E7-414C-89C6-FD96ABD2AF5E}.Debug|x86.Build.0 = Debug|Win32
		{7EB425F9-87E7-414C-89C6-FD96ABD2AF5E}.Release|x64.ActiveCfg = Release|x64
		{7EB425F9-87E7-414C-89C6-FD96ABD2AF5E}.Release|x64.Build.0 = Release|x64
		{7EB425F9-87E7-414C-89C6-FD96ABD2AF5E}.Release|x86.ActiveCfg = Release|Win32
		{7EB425F9-87E7-414C-89C6-FD96ABD2AF5E}.Release|x86.Build.0 = Release|Win32
		{53212E3C-F6F3-4D8E-83CE-EFBABAF5DF5F}.Debug|x64.ActiveCfg = Debug|x64
		{53212E3C-F6F3-4D8E-83CE-EFBABAF5DF5F}.Debug|x64.Build.0 = Debug|x64
		{53212E3C-F6F3-4D8E-83CE-EFBABAF5DF5F}.Debug|x86.ActiveCfg = Debug|Win32
		{53212E3C-F6F3-4D8E-83CE-EFBABAF5DF5F}.Debug|x86.Build.0 = Debug|Win32
		{53212E3C-F6F3-4D8E-83CE-EFBABAF5DF5F}.Release|x64.ActiveCfg = Release|x64
		{53212E3C-F6F3-4D8E-83CE-EFBABAF5DF5F}.Release|x64.Build.0 = Release|x64
		{53212E3C-F6F3-4D8E-83CE-EFBABAF5DF5F}.Release|x86.ActiveCfg = Release|Win32
		{53212E3C-F6F3-4D8E-83CE-EFBABAF5DF5F}.Release|x86.Build.0 = Release|Win32
		{3E2E4399-9347-4B8F-A3BD-281CF8DF45F1}.Debug|x64.ActiveCfg = Debug|x64
		{3E2E4399-9347-4B8F-A3BD-281CF8DF45F1}.Debug|x64.Build.0 = Debug|x64
		{3E2E4399-9347-4B8F-A3BD-281CF8DF45F1}.Debug|x86.ActiveCfg = Debug|Win32
		{3E2E4399-9347-4B8F-A3BD-281CF8DF45F1}.Debug|x86.Build.0 = Debug|Win32
		{3E2E4399-9347-4B8F-A3BD-281CF8DF45F1}.Release|x64.ActiveCfg = Release|x64
		{3E2E4399-9347-4B8F-A3BD-281CF8DF45F1}.Release|x64.Build.0 = Release|x64
		{3E2E4399-9347-4B8F-A3BD-281CF8DF45F1}.Release|x86.ActiveCfg = Release|Win32
		{3E2E4399-9347-4B8F-A3BD-281CF8DF45F1}.Release|x86.Build.0 = Release|Win32
		{D91D5E3B-DBDF-4F90-8DC8-14E06BAE5308}.Debug|x64.ActiveCfg = Debug|x64
		{D91D5E3B-DBDF-4F90-8DC8-14E06BAE5308}.Debug|x64.Build.0 = Debug|x64
		{D91D5E3B-DBDF-4F90-8DC8-14E06BAE5308}.Debug|x86.ActiveCfg = Debug|Win32
		{D91D5E3B-DBDF-4F90-8DC8-14E06BAE5308}.Debug|x86.Build.0 = Debug|Win32
		{D91D5E3B-DBDF-4F90-8DC8-14E06BAE5308}.Release|x64.ActiveCfg = Release|x64
		{D91D5E3B-DBDF-4F90-8DC8-14E06BAE5308}.Release|x64.Build.0 = Release|x64
		{D91D5E3B-DBDF-4F90-8DC8-14E06BAE5308}.Release|x86.ActiveCfg = Release|Win32
		{D91D5E3B-DBDF-4F90-8DC8-14E06BAE5308}.Release|x86.Build.0 = Release|Win32
		{48D65F28-D315-4D7C-9DF5-C1261CD87BBC}.Debug|x64.ActiveCfg = Debug|x64
		{48D65F28-D315-4D7C-9DF5-C1261CD87BBC}.Debug|x64.Build.0 = Debug|x64
		{48D65F28-D315-4D7C-9DF5-C1261CD87BBC}.Debug|x86.ActiveCfg = Debug|Win32
		{48D65F28-D315-4D7C-9DF5-C1261CD87BBC}.Debug|x86.Build.0 = Debug|Win32
		{48D65F28-D315-4D7C-9DF5-C1261CD87BBC}.Release|x64.ActiveCfg = Release|x64
		{48D65F28-D315-4D7C-9DF5-C1261CD87BBC}.Release|x64.Build.0 = Release|x64
		{48D65F28-D315-4D7C-9DF5-C1261CD87BBC}.Release|x86.ActiveCfg = Release|Win32
		{48D65F28-D315-4D7C-9DF5-C1261CD87BBC}.Release|x86.Build.0 = Release|Win32
		{A59BE94B-7FAB-4485-BFEB-138EC8D8CB52}.Debug|x64.ActiveCfg = Debug|x64
		{A59BE94B-7FAB-4485-BFEB-138EC8D8CB52}.Debug|x64.Build.0 = Debug|x64
		{A59BE94B-7FAB-4485-BFEB-138EC8D8CB52}.Debug|x86.ActiveCfg = Debug|Win32
		{A59BE94B-7FAB-4485-BFEB-138EC8D8CB52}.Debug|x86.Build.0 = Debug|Win32
		{A59BE94B-7FAB-4485-BFEB-138EC8D8CB52}.Release|x64.ActiveCfg = Release|x64
		{A59BE94B-7FAB-4485-BFEB-138EC8D8CB52}.Release|x64.Build.0 = Release|x64
		{A59BE94B-7FAB-4485-BFEB-138EC8D8CB52}.Release|x86.ActiveCfg = Release|Win32
		{A59BE94B-7FAB-4485-BFEB-138EC8D8CB52}.Release|x86.Build.0 = Release|Win32
		{FD9D198F-132C-4D97-B21C-16200D723322}.Debug|x64.ActiveCfg = Debug|x64
		{FD9D198F-132C-4D97-B21C-16200D723322}.Debug|x64.Build.0 = Debug|x64
		{FD9D198F-132C-4D97-B21C-16200D723322}.Debug|x86.ActiveCfg = Debug|Win32
		{FD9D198F-132C-4D97-B21C-16200D723322}.Debug|x86.Build.0 = Debug|Win32
		{FD9D198F-132C-4D97-B21C-16200D723322}.Release|x64.ActiveCfg = Release|x64
		{FD9D198F-132C-4D97-B21C-16200D723322}.Release|x64.Build.0 = Release|x64
		{FD9D198F-132C-4D97-B21C-16200D723322}.Release|x86.ActiveCfg = Release|Win32
		{FD9D198F-132C-4D97-B21C-16200D723322}.Release|x86.Build.0 = Release|Win32
		{E9AE8503-9250-4A37-9EAE-6686C067F9D6}.Debug|x64.ActiveCfg = Debug|x64
		{E9AE8503-9250-4A37-9EAE-6686C067F9D6}.Debug|x64.Build.0 = Debug|x64
		{E9AE8503-9250-4A37-9EAE-6686C067F9D6}.Debug|x86.ActiveCfg = Debug|Win32
		{E9AE8503-9250-4A37-9EAE-6686C067F9D6}.Debug|x86.Build.0 = Debug|Win32
		{E9AE8503-9250-4A37-9EAE-6686C067F9D6}.Release|x64.ActiveCfg = Release|x64
		{E9AE8503-9250-4A37-9EAE-6686C067F9D6}.Release|x64.Build.0 = Release|x64
		{E9AE8503-9250-4A37-9EAE-6686C067F9D6}.Release|x86.ActiveCfg = Release|Win32
		{E9AE8503-9250-4A37-9EAE-6686C067F9D6}.Release|x86.Build.0 = Release|Win32
		{F585EAE0-A6AA-497F-AD1E-194DA3992E43}.Debug|x64.ActiveCfg = Debug|x64
		{F585EAE0-A6AA-497F-AD1E-194DA3992E43}.Debug|x64.Build.0 = Debug|x64
		{F585EAE0-A6AA-497F-AD1E-194DA3992E43}.Debug|x86.ActiveCfg = Debug|Win32
		{F585EAE0-A6AA-497F-AD1E-194DA3992E43}.Debug|x86.Build.0 = Debug|Win32
		{F585EAE0-A6AA-497F-AD1E-194DA3992E43}.Release|x64.ActiveCfg = Release|x64
		{F585EAE0-A6AA-497F-AD1E-194DA3992E43}.Release|x64.Build.0 = Release|x64
		{F585EAE0-A6AA-497F-AD1E-194DA3992E43}.Release|x86.ActiveCfg = Release|Win32
		{F585EAE0-A6AA-497F-AD1E-194DA3992E43}.Release|x86.Build.0 = Release|Win32
		{2DAD233B-ACA5-4171-9756-8047093B1EF3}.Debug|x64.ActiveCfg = Debug|x64
		{2DAD233B-ACA5-4171-9756-8047093B1EF3}.Debug|x64.Build.0 = Debug|x64
		{2DAD233B-ACA5-4171-9756-8047093B1EF3}.Debug|x86.ActiveCfg = Debug|Win32
		{2DAD233B-ACA5-4171-9756-8047093B1EF3}.Debug|x86.Build.0 = Debug|Win32
		{2DAD233B-ACA5-4171-9756-8047093B1EF3}.Release|x64.ActiveCfg = Release|x64
		{2DAD233B-ACA5-4171-9756-8047093B1EF3}.Release|x64.Build.0 = Release|x64
		{2DAD233B-ACA5-4171-9756-8047093B1EF3}.Release|x86.ActiveCfg = Release|Win32
		{2DAD233B-ACA5-4171-9756-8047093B1EF3}.Release|x86.Build.0 = Release|Win32
		{0AE446C5-6508-4E81-A8D6-15B5584335C6}.Debug|x64.ActiveCfg = Debug|x64
		{0AE446C5-6508-4E81-A8D6-15B5584335C6}.Debug|x64.Build.0 = Debug|x64
		{0AE446C5-6508-4E81-A8D6-15B5584335C6}.Debug|x86.ActiveCfg = Debug|Win32
		{0AE446C5-6508-4E81-A8D6-15B5584335C6}.Debug|x86.Build.0 = Debug|Win32
		{0AE446C5-6508-4E81-A8D6-15B5584335C6}.Release|x64.ActiveCfg = Release|x64
		{0AE446C5-6508-4E81-A8D6-15B5584335C6}.Release|x64.Build.0 = Release|x64
		{0AE446C5-6508-4E81-A8D6-15B5584335C6}.Release|x86.ActiveCfg = Release|Win32
		{0AE446C5-6508-4E81-A8D6-15B5584335C6}.Release|x86.Build.0 = Release|Win32
		{3E9AF091-28D7-4600-8ABB-89D80E349C30}.Debug|x64.ActiveCfg = Debug|x64
		{3E9AF091-28D7-4600-8ABB-89D80E349C30}.Debug|x64.Build.0 = Debug|x64
		{3E9AF091-28D7-4600-8ABB-89D80E349C30}.Debug|x86.ActiveCfg = Debug|Win32
		{3E9AF091-28D7-4600-8ABB-89D80E349C30}.Debug|x86.Build.0 = Debug|Win32
		{3E9AF091-28D7-4600-8ABB-89D80E349C30}.Release|x64.ActiveCfg = Release|x64
		{3E9AF091-28D7-4600-8ABB-89D80E349C30}.Release|x64.Build.0 = Release|x64
		{3E9AF091-28D7-4600-8ABB-89D80E349C30}.Release|x86.ActiveCfg = Release|Win32
		{3E9AF091-28D7-4600-8ABB-89D80E349C30}.Release|x86.Build.0 = Release|Win32
		{8A64EEE9-EA5D-4C14-9BB0-3949EBB89F17}.Debug|x64.ActiveCfg = Debug|x64
		{8A64EEE9-EA5D-4C14-9BB0-3949EBB89F17}.Debug|x64.Build.0 = Debug|x64
		{8A64EEE9-EA5D-4C14-9BB0-3949EBB89F17}.Debug|x86.ActiveCfg = Debug|Win32
		{8A64EEE9-EA5D-4C14-9BB0-3949EBB89F17}.Debug|x86.Build.0 = Debug|Win32
		{8A64EEE9-EA5D-4C14-9BB0-3949EBB89F17}.Release|x64.ActiveCfg = Release|x64
		{8A64EEE9-EA5D-4C14-9BB0-3949EBB89F17}.Release|x64.Build.0 = Release|x64
		{8A64EEE9-EA5D-4C14-9BB0-3949EBB89F17}.Release|x86.ActiveCfg = Release|Win32
		{8A64EEE9-EA5D-4C14-9BB0-3949EBB89F17}.Release|x86.Build.0 = Release|Win32
		{223BC165-5EC0-42E8-9FD3-722B52172461}.Debug|x64.ActiveCfg = Debug|x64
		{223BC165-5EC0-42E8-9FD3-722B52172461}.Debug|x64.Build.0 = Debug|x64
		{223BC165-5EC0-42E8-9FD3-722B52172461}.Debug|x86.ActiveCfg = Debug|Win32
		{223BC165-5EC0-42E8-9FD3-722B52172461}.Debug|x86.Build.0 = Debug|Win32
		{223BC165-5EC0-42E8-9FD3-722B52172461}.Release|x64.ActiveCfg = Release|x64
		{223BC165-5EC0-42E8-9FD3-722B52172461}.Release|x64.Build.0 = Release|x64
		{223BC165-5EC0-42E8-9FD3-722B52172461}.Release|x86.ActiveCfg = Release|Win32
		{223BC165-5EC0-42E8-9FD3-722B52172461}.Release|x86.Build.0 = Release|Win32
		{E0F47919-53AB-4ED3-B153-CCBE179341F3}.Debug|x64.ActiveCfg = Debug|x64
		{E0F47919-53AB-4ED3-B153-CCBE179341F3}.Debug|x64.Build.0 = Debug|x64
		{E0F47919-53AB-4ED3-B153-CCBE179341F3}.Debug|x86.ActiveCfg = Debug|Win32
		{E0F47919-53AB-4ED3-B153-CCBE179341F3}.Debug|x86.Build.0 = Debug|Win32
		{E0F47919-53AB-4ED3-B153-CCBE179341F3}.Release|x64.ActiveCfg = Release|x64
		{E0F47919-53AB-4ED3-B153-CCBE179341F3}.Release|x64.Build.0 = Release|x64
		{E0F47919-53AB-4ED3-B153-CCBE179341F3}.Release|x86.ActiveCfg = Release|Win32
		{E0F47919-53AB-4ED3-B153-CCBE179341F3}.Release|x86.Build.0 = Release|Win32
		{C58EDB7A-06B4-4589-A603-1608169A0EC0}.Debug|x64.ActiveCfg = Debug|x64
		{C58EDB7A-06B4-4589-A603-1608169A0EC0}.Debug|x64.Build.0 = Debug|x64
		{C58EDB7A-06B4-4589-A603-1608169A0EC0}.Debug|x86.ActiveCfg = Debug|Win32
		{C58EDB7A-06B4-4589-A603-1608169A0EC0}.Debug|x86.Build.0 = Debug|Win32
		{C58EDB7A-06B4-4589-A603-1608169A0EC0}.Release|x64.ActiveCfg = Release|x64
		{C58EDB7A-06B4-4589-A603-1608169A0EC0}.Release|x64.Build.0 = Release|x64
		{C58EDB7A-06B4-4589-A603-1608169A0EC0}.Release|x86.ActiveCfg = Release|Win32
		{C58EDB7A-06B4-4589-A603-1608169A0EC0}.Release|x86.Build.0 = Release|Win32
		{C561876F-94D2-427D-8FCD-FE550C58EC0B}.Debug|x64.ActiveCfg = Debug|x64
		{C561876F-94D2-427D-8FCD-FE550C58EC0B}.Debug|x64.Build.0 = Debug|x64
		{C561876F-94D2-427D-8FCD-FE550C58EC0B}.Debug|x86.ActiveCfg = Debug|Win32
		{C561876F-94D2-427D-8FCD-FE550C58EC0B}.Debug|x86.Build.0 = Debug|Win32
		{C561876F-94D2-427D-8FCD-FE550C58EC0B}.Release|x64.ActiveCfg = Release|x64
		{C561876F-94D2-427D-8FCD-FE550C58EC0B}.Release|x64.Build.0 = Release|x64
		{C561876F-94D2-427D-8FCD-FE550C58EC0B}.Release|x86.ActiveCfg = Release|Win32
		{C561876F-94D2-427D-8FCD-FE550C58EC0B}.Release|x86.Build.0 = Release|Win32
		{EF6632D6-A510-4070-A7ED-A19000FEF92A}.Debug|x64.ActiveCfg = Debug|x64
		{EF6632D6-A510-4070-A7ED-A19000FEF92A}.Debug|x64.Build.0 = Debug|x64
		{EF6632D6-A510-4070-A7ED-A19000FEF92A}.Debug|x86.ActiveCfg = Debug|Win32
		{EF6632D6-A510-4070-A7ED-A19000FEF92A}.Debug|x86.Build.0 = Debug|Win32
		{EF6632D6-A510-4070-A7ED-A19000FEF92A}.Release|x64.ActiveCfg = Release|x64
		{EF6632D6-A510-4070-A7ED-A19000FEF92A}.Release|x64.Build.0 = Release|x64
		{EF6632D6-A510-4070-A7ED-A19000FEF92A}.Release|x86.ActiveCfg = Release|Win32
		{EF6632D6-A510-4070-A7ED-A19000FEF92A}.Release|x86.Build.0 = Release|Win32
		{9A42372D-DF9C-4C9D-BCA5-3E9D509EDA6D}.Debug|x64.ActiveCfg = Debug|x64
		{9A42372D-DF9C-4C9D-BCA5-3E9D509EDA6D}.Debug|x64.Build.0 = Debug|x64
		{9A42372D-DF9C-4C9D-BCA5-3E9D509EDA6D}.Debug|x86.ActiveCfg = Debug|Win32
		{9A42372D-DF9C-4C9D-BCA5-3E9D509EDA6D}.Debug|x86.Build.0 = Debug|Win32
		{9A42372D-DF9C-4C9D-BCA5-3E9D509EDA6D}.Release|x64.ActiveCfg = Release|x64
		{9A42372D-DF9C-4C9D-BCA5-3E9D509EDA6D}.Release|x64.Build.0 = Release|x64
		{9A42372D-DF9C-4C9D-BCA5-3E9D509EDA6D}.Release|x86.ActiveCfg = Release|Win32
		{9A42372D-DF9C-4C9D-BCA5-3E9D509EDA6D}.Release|x86.Build.0 = Release|Win32
		{2119814F-67E6-4AEF-9C3D-CE05BC517934}.Debug|x64.ActiveCfg = Debug|x64
		{2119814F-67E6-4AEF-9C3D-CE05BC517934}.Debug|x64.Build.0 = Debug|x64
		{2119814F-67E6-4AEF-9C3D-CE05BC517934}.Debug|x86.ActiveCfg = Debug|Win32
		{2119814F-67E6-4AEF-9C3D-CE05BC517934}.Debug|x86.Build.0 = Debug|Win32
		{2119814F-67E6-4AEF-9C3D-CE05BC517934}.Release|x64.ActiveCfg = Release|x64
		{2119814F-67E6-4AEF-9C3D-CE05BC517934}.Release|x64.Build.0 = Release|x64
		{2119814F-67E6-4AEF-9C3D-CE05BC517934}.Release|x86.ActiveCfg = Release|Win32
		{2119814F-67E6-4AEF-9C3D-CE05BC517934}.Release|x86.Build.0 = Release|Win32
	EndGlobalSection
	GlobalSection(SolutionProperties) = preSolution
		HideSolutionNode = FALSE
	EndGlobalSection
	GlobalSection(ExtensibilityGlobals) = postSolution
		SolutionGuid = {CB67C833-FE3C-4BDC-9CEB-3C3680B6F4F1}
	EndGlobalSection
EndGlobal
